<?xml version="1.0" encoding="utf-8"?>
<Project ToolsVersion="4.0" xmlns="http://schemas.microsoft.com/developer/msbuild/2003">
  <ItemGroup>
    <Filter Include="Source Files">
      <UniqueIdentifier>{4FC737F1-C7A5-4376-A066-2A32D752A2FF}</UniqueIdentifier>
      <Extensions>cpp;c;cc;cxx;def;odl;idl;hpj;bat;asm;asmx</Extensions>
    </Filter>
    <Filter Include="Header Files">
      <UniqueIdentifier>{93995380-89BD-4b04-88EB-625FBE52EBFB}</UniqueIdentifier>
      <Extensions>h;hh;hpp;hxx;hm;inl;inc;xsd</Extensions>
    </Filter>
    <Filter Include="Resource Files">
      <UniqueIdentifier>{67DA6AB6-F800-4c08-8B7A-83BB121AAD01}</UniqueIdentifier>
      <Extensions>rc;ico;cur;bmp;dlg;rc2;rct;bin;rgs;gif;jpg;jpeg;jpe;resx;tiff;tif;png;wav;mfcribbon-ms</Extensions>
    </Filter>
    <Filter Include="Header Files\device">
      <UniqueIdentifier>{ea6878b4-5daf-4c1a-9656-09aa49b8d304}</UniqueIdentifier>
    </Filter>
    <Filter Include="Source Files\device">
      <UniqueIdentifier>{dd032b90-1d21-433b-936d-8c1e8feb9e1d}</UniqueIdentifier>
    </Filter>
    <Filter Include="Header Files\token">
      <UniqueIdentifier>{b8d6da8a-9ddd-4bf3-b59b-6a3a0c4a031e}</UniqueIdentifier>
    </Filter>
    <Filter Include="Source Files\token">
      <UniqueIdentifier>{f5e56ceb-43a8-4aa3-93d2-dc4b4ad97496}</UniqueIdentifier>
    </Filter>
    <Filter Include="Header Files\context">
      <UniqueIdentifier>{43ffabbd-5757-4c12-92d1-52cb2d842216}</UniqueIdentifier>
    </Filter>
    <Filter Include="Source Files\context">
      <UniqueIdentifier>{bf94f2db-d25e-45a9-8e8e-74eff14d9f6b}</UniqueIdentifier>
    </Filter>
    <Filter Include="Header Files\libBTC">
      <UniqueIdentifier>{102f53c1-f2a3-4653-b6a8-366b56302f6d}</UniqueIdentifier>
    </Filter>
    <Filter Include="deps">
      <UniqueIdentifier>{2410a02c-ba37-4d84-a589-d6e010cdc706}</UniqueIdentifier>
    </Filter>
    <Filter Include="deps\polarssl">
      <UniqueIdentifier>{56cb9b09-6f4e-4831-bf86-79527bcd3377}</UniqueIdentifier>
    </Filter>
    <Filter Include="deps\base58">
      <UniqueIdentifier>{0c52c268-4d07-481d-9946-9ab366daa087}</UniqueIdentifier>
    </Filter>
    <Filter Include="Source Files\utility">
      <UniqueIdentifier>{426ad477-8275-4fcf-a2f5-7a1bcfc5a387}</UniqueIdentifier>
    </Filter>
    <Filter Include="Header Files\token\interface">
      <UniqueIdentifier>{0ae04d6f-2cfb-4a84-b6bc-a5cb3fd33b07}</UniqueIdentifier>
    </Filter>
    <Filter Include="Header Files\libETH">
      <UniqueIdentifier>{8a032be4-05ba-4fd5-95e6-cdd34c78c3c7}</UniqueIdentifier>
    </Filter>
    <Filter Include="Source Files\libETH">
      <UniqueIdentifier>{616f0cc6-9d7e-4e1a-abfe-6e62edcfe3ab}</UniqueIdentifier>
    </Filter>
    <Filter Include="Header Files\libBCH">
      <UniqueIdentifier>{3036bf01-72ff-4f32-abc8-5ac392a1174e}</UniqueIdentifier>
    </Filter>
    <Filter Include="Source Files\libBCH">
      <UniqueIdentifier>{a825574e-98d6-4181-bd1e-02c17b1a8a89}</UniqueIdentifier>
    </Filter>
  </ItemGroup>
  <ItemGroup>
    <Text Include="ReadMe.txt" />
  </ItemGroup>
  <ItemGroup>
    <ClInclude Include="..\..\..\..\include\JUB_SDK.h">
      <Filter>Header Files</Filter>
    </ClInclude>
    <ClInclude Include="..\..\..\..\include\device\ApduBuilder.hpp">
      <Filter>Header Files\device</Filter>
    </ClInclude>
    <ClInclude Include="..\..\..\..\include\device\DeviceTypeBase.hpp">
      <Filter>Header Files\device</Filter>
    </ClInclude>
    <ClInclude Include="..\..\..\..\include\device\JubiterHidDevice.hpp">
      <Filter>Header Files\device</Filter>
    </ClInclude>
    <ClInclude Include="..\..\..\..\include\context\ContextBTC.h">
      <Filter>Header Files\context</Filter>
    </ClInclude>
    <ClInclude Include="..\..\..\..\include\libBTC\libBTC.hpp">
      <Filter>Header Files\libBTC</Filter>
    </ClInclude>
    <ClInclude Include="..\..\..\..\deps\formats\base58.h">
      <Filter>deps\base58</Filter>
    </ClInclude>
    <ClInclude Include="..\..\..\..\deps\formats\bech32.h">
      <Filter>deps\base58</Filter>
    </ClInclude>
    <ClInclude Include="..\..\..\..\deps\formats\hash.h">
      <Filter>deps\base58</Filter>
    </ClInclude>
    <ClInclude Include="..\..\..\..\deps\polarssl\check_config.h">
      <Filter>deps\polarssl</Filter>
    </ClInclude>
    <ClInclude Include="..\..\..\..\deps\polarssl\config.h">
      <Filter>deps\polarssl</Filter>
    </ClInclude>
    <ClInclude Include="..\..\..\..\deps\polarssl\md.h">
      <Filter>deps\polarssl</Filter>
    </ClInclude>
    <ClInclude Include="..\..\..\..\deps\polarssl\md_wrap.h">
      <Filter>deps\polarssl</Filter>
    </ClInclude>
    <ClInclude Include="..\..\..\..\deps\polarssl\md2.h">
      <Filter>deps\polarssl</Filter>
    </ClInclude>
    <ClInclude Include="..\..\..\..\deps\polarssl\md4.h">
      <Filter>deps\polarssl</Filter>
    </ClInclude>
    <ClInclude Include="..\..\..\..\deps\polarssl\md5.h">
      <Filter>deps\polarssl</Filter>
    </ClInclude>
    <ClInclude Include="..\..\..\..\deps\polarssl\platform.h">
      <Filter>deps\polarssl</Filter>
    </ClInclude>
    <ClInclude Include="..\..\..\..\deps\polarssl\ripemd160.h">
      <Filter>deps\polarssl</Filter>
    </ClInclude>
    <ClInclude Include="..\..\..\..\deps\polarssl\sha1.h">
      <Filter>deps\polarssl</Filter>
    </ClInclude>
    <ClInclude Include="..\..\..\..\deps\polarssl\sha256.h">
      <Filter>deps\polarssl</Filter>
    </ClInclude>
    <ClInclude Include="..\..\..\..\deps\polarssl\sha512.h">
      <Filter>deps\polarssl</Filter>
    </ClInclude>
    <ClInclude Include="..\..\..\..\include\utility\xManager.hpp">
      <Filter>Header Files\context</Filter>
    </ClInclude>
    <ClInclude Include="..\..\..\..\include\device\JubiterBLEDevice.hpp">
      <Filter>Header Files\device</Filter>
    </ClInclude>
    <ClInclude Include="..\..\..\..\include\device\Fido.h">
      <Filter>Header Files\device</Filter>
    </ClInclude>
    <ClInclude Include="..\..\..\..\include\token\JubiterBLDImpl.h">
      <Filter>Header Files\token</Filter>
    </ClInclude>
    <ClInclude Include="..\..\..\..\include\token\interface\BTCTokenInterface.hpp">
      <Filter>Header Files\token\interface</Filter>
    </ClInclude>
    <ClInclude Include="..\..\..\..\include\token\interface\ETHTokenInterface.hpp">
      <Filter>Header Files\token\interface</Filter>
    </ClInclude>
    <ClInclude Include="..\..\..\..\include\token\interface\TokenInterface.hpp">
      <Filter>Header Files\token\interface</Filter>
    </ClInclude>
    <ClInclude Include="..\..\..\..\include\context\Context.h">
      <Filter>Header Files\context</Filter>
    </ClInclude>
    <ClInclude Include="..\..\..\..\include\context\ContextETH.h">
      <Filter>Header Files\context</Filter>
    </ClInclude>
    <ClInclude Include="..\..\..\..\include\libETH\ByteConverter.h">
      <Filter>Header Files\libETH</Filter>
    </ClInclude>
    <ClInclude Include="..\..\..\..\include\libETH\ERC20Abi.h">
      <Filter>Header Files\libETH</Filter>
    </ClInclude>
    <ClInclude Include="..\..\..\..\include\libBCH\cashaddr.h">
      <Filter>Header Files\libBCH</Filter>
    </ClInclude>
    <ClInclude Include="..\..\..\..\include\libBCH\libBCH.hpp">
      <Filter>Header Files\libBCH</Filter>
    </ClInclude>
  </ItemGroup>
  <ItemGroup>
    <ClCompile Include="..\..\..\..\src\JUB_SDK.cpp">
      <Filter>Source Files</Filter>
    </ClCompile>
    <ClCompile Include="..\..\..\..\src\device\ApduBuilder.cpp">
      <Filter>Source Files\device</Filter>
    </ClCompile>
    <ClCompile Include="..\..\..\..\src\device\JubiterHidDevice.cpp">
      <Filter>Source Files\device</Filter>
    </ClCompile>
    <ClCompile Include="..\..\..\..\src\context\ContextBTC.cpp">
      <Filter>Source Files\context</Filter>
    </ClCompile>
    <ClCompile Include="..\..\..\..\deps\formats\base58.cpp">
      <Filter>deps\base58</Filter>
    </ClCompile>
    <ClCompile Include="..\..\..\..\deps\formats\bech32.cpp">
      <Filter>deps\base58</Filter>
    </ClCompile>
    <ClCompile Include="..\..\..\..\deps\polarssl\md.c">
      <Filter>deps\polarssl</Filter>
    </ClCompile>
    <ClCompile Include="..\..\..\..\deps\polarssl\md_wrap.c">
      <Filter>deps\polarssl</Filter>
    </ClCompile>
    <ClCompile Include="..\..\..\..\deps\polarssl\md2.c">
      <Filter>deps\polarssl</Filter>
    </ClCompile>
    <ClCompile Include="..\..\..\..\deps\polarssl\md4.c">
      <Filter>deps\polarssl</Filter>
    </ClCompile>
    <ClCompile Include="..\..\..\..\deps\polarssl\md5.c">
      <Filter>deps\polarssl</Filter>
    </ClCompile>
    <ClCompile Include="..\..\..\..\deps\polarssl\platform.c">
      <Filter>deps\polarssl</Filter>
    </ClCompile>
    <ClCompile Include="..\..\..\..\deps\polarssl\ripemd160.c">
      <Filter>deps\polarssl</Filter>
    </ClCompile>
    <ClCompile Include="..\..\..\..\deps\polarssl\sha1.c">
      <Filter>deps\polarssl</Filter>
    </ClCompile>
    <ClCompile Include="..\..\..\..\deps\polarssl\sha256.c">
      <Filter>deps\polarssl</Filter>
    </ClCompile>
    <ClCompile Include="..\..\..\..\deps\polarssl\sha512.c">
      <Filter>deps\polarssl</Filter>
    </ClCompile>
    <ClCompile Include="..\..\..\..\src\utility\util.cpp">
      <Filter>Source Files\utility</Filter>
    </ClCompile>
    <ClCompile Include="..\..\..\..\src\device\JubiterBLEDevice.cpp">
      <Filter>Source Files\device</Filter>
    </ClCompile>
    <ClCompile Include="..\..\..\..\src\device\Fido.cpp">
      <Filter>Source Files\device</Filter>
    </ClCompile>
    <ClCompile Include="..\..\..\..\src\token\JubiterBLDImpl.cpp">
      <Filter>Source Files\token</Filter>
    </ClCompile>
    <ClCompile Include="..\..\..\..\src\token\JubiterBLDImplBTC.cpp">
      <Filter>Source Files\token</Filter>
    </ClCompile>
    <ClCompile Include="..\..\..\..\src\token\JubiterBLDImplETH.cpp">
      <Filter>Source Files\token</Filter>
    </ClCompile>
    <ClCompile Include="..\..\..\..\src\context\Context.cpp">
      <Filter>Source Files\context</Filter>
    </ClCompile>
    <ClCompile Include="..\..\..\..\src\context\ContextETH.cpp">
      <Filter>Source Files\context</Filter>
    </ClCompile>
    <ClCompile Include="..\..\..\..\src\libETH\ByteConverter.cpp">
      <Filter>Source Files\libETH</Filter>
    </ClCompile>
    <ClCompile Include="..\..\..\..\src\libETH\ERC20Abi.cpp">
      <Filter>Source Files\libETH</Filter>
    </ClCompile>
    <ClCompile Include="..\..\..\..\src\libBCH\cashaddr.cc">
      <Filter>Source Files\libBCH</Filter>
    </ClCompile>
  </ItemGroup>
</Project>