// !$*UTF8*$!
{
	archiveVersion = 1;
	classes = {
	};
	objectVersion = 50;
	objects = {

/* Begin PBXBuildFile section */
		67317CAD250491F800860877 /* testEOS_token.json in Resources */ = {isa = PBXBuildFile; fileRef = 67317CAC250491F700860877 /* testEOS_token.json */; };
		67317CB02504AC1B00860877 /* JUBETHAmount.mm in Sources */ = {isa = PBXBuildFile; fileRef = 67317CAF2504AC1B00860877 /* JUBETHAmount.mm */; };
		67317CB32504C71300860877 /* JUBXRPAmount.mm in Sources */ = {isa = PBXBuildFile; fileRef = 67317CB22504C71300860877 /* JUBXRPAmount.mm */; };
		67317CB62506036900860877 /* JUBErrorCode.m in Sources */ = {isa = PBXBuildFile; fileRef = 67317CB52506036900860877 /* JUBErrorCode.m */; };
		67362ABD24D809B0008DC757 /* JUBDevicePool.m in Sources */ = {isa = PBXBuildFile; fileRef = 67362ABC24D809B0008DC757 /* JUBDevicePool.m */; };
		67362AC724DAC940008DC757 /* AVFoundation.framework in Frameworks */ = {isa = PBXBuildFile; fileRef = 680DDAB5242880F400622FB0 /* AVFoundation.framework */; };
		6741652A246BDEF000DFAC28 /* JUBHomePageController.mm in Sources */ = {isa = PBXBuildFile; fileRef = 67416528246BDEEF00DFAC28 /* JUBHomePageController.mm */; };
		674EB2F02497442900344AD7 /* 42584E46433230303532353030303031_apk.settings in Resources */ = {isa = PBXBuildFile; fileRef = 674EB2EE2497442900344AD7 /* 42584E46433230303532353030303031_apk.settings */; };
		674EB2F12497442900344AD7 /* 42584E46433230303532353030303032_apk.settings in Resources */ = {isa = PBXBuildFile; fileRef = 674EB2EF2497442900344AD7 /* 42584E46433230303532353030303032_apk.settings */; };
		67676B082462AB620099E2A8 /* JUBDeviceController.mm in Sources */ = {isa = PBXBuildFile; fileRef = 67676B062462AB620099E2A8 /* JUBDeviceController.mm */; };
		676E97AF24E538EE0011D818 /* JUBFgptMgrController.mm in Sources */ = {isa = PBXBuildFile; fileRef = 676E97AE24E538EE0011D818 /* JUBFgptMgrController.mm */; };
		6774047824E4EF9300F358ED /* testLTC.json in Resources */ = {isa = PBXBuildFile; fileRef = 6774046624E4EF9100F358ED /* testLTC.json */; };
		6774047924E4EF9300F358ED /* testEOS.json in Resources */ = {isa = PBXBuildFile; fileRef = 6774046724E4EF9200F358ED /* testEOS.json */; };
		6774047A24E4EF9300F358ED /* testQTUM.json in Resources */ = {isa = PBXBuildFile; fileRef = 6774046824E4EF9200F358ED /* testQTUM.json */; };
		6774047B24E4EF9300F358ED /* testXRP.json in Resources */ = {isa = PBXBuildFile; fileRef = 6774046924E4EF9200F358ED /* testXRP.json */; };
		6774047C24E4EF9300F358ED /* testETH.json in Resources */ = {isa = PBXBuildFile; fileRef = 6774046A24E4EF9200F358ED /* testETH.json */; };
		6774047D24E4EF9300F358ED /* testBTC44.json in Resources */ = {isa = PBXBuildFile; fileRef = 6774046B24E4EF9200F358ED /* testBTC44.json */; };
		6774047E24E4EF9300F358ED /* testQTUM_qrc20.json in Resources */ = {isa = PBXBuildFile; fileRef = 6774046C24E4EF9200F358ED /* testQTUM_qrc20.json */; };
		6774047F24E4EF9300F358ED /* testBTC49.json in Resources */ = {isa = PBXBuildFile; fileRef = 6774046D24E4EF9200F358ED /* testBTC49.json */; };
		6774048024E4EF9300F358ED /* testBCH.json in Resources */ = {isa = PBXBuildFile; fileRef = 6774046E24E4EF9200F358ED /* testBCH.json */; };
		6774048124E4EF9300F358ED /* testHCash.json in Resources */ = {isa = PBXBuildFile; fileRef = 6774046F24E4EF9200F358ED /* testHCash.json */; };
		6774048224E4EF9300F358ED /* testSeed.json in Resources */ = {isa = PBXBuildFile; fileRef = 6774047024E4EF9200F358ED /* testSeed.json */; };
		6774048324E4EF9300F358ED /* testEOS_unstake.json in Resources */ = {isa = PBXBuildFile; fileRef = 6774047124E4EF9200F358ED /* testEOS_unstake.json */; };
		6774048424E4EF9300F358ED /* testUSDT.json in Resources */ = {isa = PBXBuildFile; fileRef = 6774047224E4EF9200F358ED /* testUSDT.json */; };
		6774048524E4EF9300F358ED /* testEOS_stake.json in Resources */ = {isa = PBXBuildFile; fileRef = 6774047324E4EF9200F358ED /* testEOS_stake.json */; };
		6774048624E4EF9300F358ED /* testEOS_sellram.json in Resources */ = {isa = PBXBuildFile; fileRef = 6774047424E4EF9300F358ED /* testEOS_sellram.json */; };
		6774048724E4EF9300F358ED /* testDASH.json in Resources */ = {isa = PBXBuildFile; fileRef = 6774047524E4EF9300F358ED /* testDASH.json */; };
		6774048824E4EF9300F358ED /* testMnemonic.json in Resources */ = {isa = PBXBuildFile; fileRef = 6774047624E4EF9300F358ED /* testMnemonic.json */; };
		6774048924E4EF9300F358ED /* testEOS_buyram.json in Resources */ = {isa = PBXBuildFile; fileRef = 6774047724E4EF9300F358ED /* testEOS_buyram.json */; };
		677BDA72246A574200A0F913 /* JUBEOSController.mm in Sources */ = {isa = PBXBuildFile; fileRef = 677BDA71246A574100A0F913 /* JUBEOSController.mm */; };
		677BDA75246A855900A0F913 /* JUBXRPController.mm in Sources */ = {isa = PBXBuildFile; fileRef = 677BDA73246A855900A0F913 /* JUBXRPController.mm */; };
		677D34D424BC2EAD00391857 /* JUBScanDeviceInfo.m in Sources */ = {isa = PBXBuildFile; fileRef = 677D34D224BC2EAD00391857 /* JUBScanDeviceInfo.m */; };
		677D34DA24BC2F3500391857 /* JUBNotification.m in Sources */ = {isa = PBXBuildFile; fileRef = 677D34D824BC2F3500391857 /* JUBNotification.m */; };
		67808E17245A7737009041FD /* JUB_SDK_main.cpp in Sources */ = {isa = PBXBuildFile; fileRef = 67808E09245A7736009041FD /* JUB_SDK_main.cpp */; };
		67930AD3247E658D0041DBDF /* json_value.cpp in Sources */ = {isa = PBXBuildFile; fileRef = 67930AD0247E658D0041DBDF /* json_value.cpp */; };
		67930AD4247E658D0041DBDF /* json_writer.cpp in Sources */ = {isa = PBXBuildFile; fileRef = 67930AD1247E658D0041DBDF /* json_writer.cpp */; };
		67930AD5247E658D0041DBDF /* json_reader.cpp in Sources */ = {isa = PBXBuildFile; fileRef = 67930AD2247E658D0041DBDF /* json_reader.cpp */; };
		67B151B424FF6D5F00D244DC /* JUBSendApduController.mm in Sources */ = {isa = PBXBuildFile; fileRef = 67B151B324FF6D5E00D244DC /* JUBSendApduController.mm */; };
		67B151C325008E7100D244DC /* JUBRegEx.m in Sources */ = {isa = PBXBuildFile; fileRef = 67B151C125008E7000D244DC /* JUBRegEx.m */; };
		67B151C425008E7100D244DC /* JUBSharedData.m in Sources */ = {isa = PBXBuildFile; fileRef = 67B151C225008E7100D244DC /* JUBSharedData.m */; };
		67B151C9250096C800D244DC /* JUBAmount.mm in Sources */ = {isa = PBXBuildFile; fileRef = 67B151C8250096C800D244DC /* JUBAmount.mm */; };
		67B151CC2500D5C900D244DC /* JUBTimeOut.mm in Sources */ = {isa = PBXBuildFile; fileRef = 67B151CB2500D5C900D244DC /* JUBTimeOut.mm */; };
		67B151D4250251EC00D244DC /* JUBBTCAmount.mm in Sources */ = {isa = PBXBuildFile; fileRef = 67B151D2250251EB00D244DC /* JUBBTCAmount.mm */; };
		67B151D5250251EC00D244DC /* JUBEOSAmount.mm in Sources */ = {isa = PBXBuildFile; fileRef = 67B151D3250251EC00D244DC /* JUBEOSAmount.mm */; };
		67CC31982466AB5800DDB9CD /* JUBETHController.mm in Sources */ = {isa = PBXBuildFile; fileRef = 67CC31962466AB5800DDB9CD /* JUBETHController.mm */; };
		67CC319B2466AEE400DDB9CD /* JUBCoinController.mm in Sources */ = {isa = PBXBuildFile; fileRef = 67CC319A2466AEE400DDB9CD /* JUBCoinController.mm */; };
		67CC31A12466BFEE00DDB9CD /* JUBSubPageController.mm in Sources */ = {isa = PBXBuildFile; fileRef = 67CC31A02466BFEE00DDB9CD /* JUBSubPageController.mm */; };
		67D9F1A3256CFFF00021C513 /* JuBiterSDKUI.framework in Frameworks */ = {isa = PBXBuildFile; fileRef = 67D9F19F256CFFE60021C513 /* JuBiterSDKUI.framework */; };
		67D9F1A4256CFFF00021C513 /* JuBiterSDKUI.framework in Embed Frameworks */ = {isa = PBXBuildFile; fileRef = 67D9F19F256CFFE60021C513 /* JuBiterSDKUI.framework */; settings = {ATTRIBUTES = (CodeSignOnCopy, RemoveHeadersOnCopy, ); }; };
		67D9F1A5256CFFF20021C513 /* JubSDKCore.framework in Frameworks */ = {isa = PBXBuildFile; fileRef = 67D9F1A1256CFFEA0021C513 /* JubSDKCore.framework */; };
		67D9F1A6256CFFF20021C513 /* JubSDKCore.framework in Embed Frameworks */ = {isa = PBXBuildFile; fileRef = 67D9F1A1256CFFEA0021C513 /* JubSDKCore.framework */; settings = {ATTRIBUTES = (CodeSignOnCopy, RemoveHeadersOnCopy, ); }; };
		67E9E4ED256CEA9E009ABDA7 /* JUBTRXController.mm in Sources */ = {isa = PBXBuildFile; fileRef = 67E9E4EC256CEA9E009ABDA7 /* JUBTRXController.mm */; };
		67E9E4EF256CEAC9009ABDA7 /* testTRX.json in Resources */ = {isa = PBXBuildFile; fileRef = 67E9E4EE256CEAC9009ABDA7 /* testTRX.json */; };
		67E9E4F2256CEAFB009ABDA7 /* JUBTRXAmount.mm in Sources */ = {isa = PBXBuildFile; fileRef = 67E9E4F1256CEAFB009ABDA7 /* JUBTRXAmount.mm */; };
		67EA8E6925839161001D8809 /* testFIL.json in Resources */ = {isa = PBXBuildFile; fileRef = 67EA8E6825839161001D8809 /* testFIL.json */; };
		687BCEDD245866BD00CD1780 /* JUBBTCController.mm in Sources */ = {isa = PBXBuildFile; fileRef = 687BCECB245866BC00CD1780 /* JUBBTCController.mm */; };
		68B860F824239FEF0009F474 /* LaunchScreen.storyboard in Resources */ = {isa = PBXBuildFile; fileRef = 68B860F724239FEF0009F474 /* LaunchScreen.storyboard */; };
		774EF0D9266A208A0036B3F6 /* JUBFILController.mm in Sources */ = {isa = PBXBuildFile; fileRef = 67EA8E5F25838F34001D8809 /* JUBFILController.mm */; };
		774EF0DA266A20970036B3F6 /* JUBFILAmount.mm in Sources */ = {isa = PBXBuildFile; fileRef = 67EA8E6325838F54001D8809 /* JUBFILAmount.mm */; };
		8BE2A70E235D89600015B9AB /* AppDelegate.m in Sources */ = {isa = PBXBuildFile; fileRef = 8BE2A70D235D89600015B9AB /* AppDelegate.m */; };
		8BE2A719235D89620015B9AB /* Assets.xcassets in Resources */ = {isa = PBXBuildFile; fileRef = 8BE2A718235D89620015B9AB /* Assets.xcassets */; };
		8BE2A71F235D89620015B9AB /* main.m in Sources */ = {isa = PBXBuildFile; fileRef = 8BE2A71E235D89620015B9AB /* main.m */; };
		C38A23AD267B1C64003F4BAF /* JUBUNISWAPController.mm in Sources */ = {isa = PBXBuildFile; fileRef = C38A23AC267B1C63003F4BAF /* JUBUNISWAPController.mm */; };
		C38A23AF267B2122003F4BAF /* testETH-UNISWAP.json in Resources */ = {isa = PBXBuildFile; fileRef = C38A23AE267B2122003F4BAF /* testETH-UNISWAP.json */; };
		C3C1FD0C25F25795009B46DD /* 42584E46433230303532353030303031_oce.settings in Resources */ = {isa = PBXBuildFile; fileRef = C3C1FD0B25F25795009B46DD /* 42584E46433230303532353030303031_oce.settings */; };
/* End PBXBuildFile section */

/* Begin PBXCopyFilesBuildPhase section */
		68EBE4F92434639600249522 /* Embed Frameworks */ = {
			isa = PBXCopyFilesBuildPhase;
			buildActionMask = 12;
			dstPath = "";
			dstSubfolderSpec = 10;
			files = (
				67D9F1A6256CFFF20021C513 /* JubSDKCore.framework in Embed Frameworks */,
				67D9F1A4256CFFF00021C513 /* JuBiterSDKUI.framework in Embed Frameworks */,
			);
			name = "Embed Frameworks";
			runOnlyForDeploymentPostprocessing = 0;
		};
/* End PBXCopyFilesBuildPhase section */

/* Begin PBXFileReference section */
		67317CAC250491F700860877 /* testEOS_token.json */ = {isa = PBXFileReference; fileEncoding = 4; lastKnownFileType = text.json; name = testEOS_token.json; path = testJSONScript/testEOS_token.json; sourceTree = "<group>"; };
		67317CAE2504AC1A00860877 /* JUBETHAmount.h */ = {isa = PBXFileReference; fileEncoding = 4; lastKnownFileType = sourcecode.c.h; name = JUBETHAmount.h; path = Modals/JUBETHAmount.h; sourceTree = "<group>"; };
		67317CAF2504AC1B00860877 /* JUBETHAmount.mm */ = {isa = PBXFileReference; fileEncoding = 4; lastKnownFileType = sourcecode.cpp.objcpp; name = JUBETHAmount.mm; path = Modals/JUBETHAmount.mm; sourceTree = "<group>"; };
		67317CB12504C71300860877 /* JUBXRPAmount.h */ = {isa = PBXFileReference; fileEncoding = 4; lastKnownFileType = sourcecode.c.h; name = JUBXRPAmount.h; path = Modals/JUBXRPAmount.h; sourceTree = "<group>"; };
		67317CB22504C71300860877 /* JUBXRPAmount.mm */ = {isa = PBXFileReference; fileEncoding = 4; lastKnownFileType = sourcecode.cpp.objcpp; name = JUBXRPAmount.mm; path = Modals/JUBXRPAmount.mm; sourceTree = "<group>"; };
		67317CB42506036800860877 /* JUBErrorCode.h */ = {isa = PBXFileReference; fileEncoding = 4; lastKnownFileType = sourcecode.c.h; name = JUBErrorCode.h; path = Modals/JUBErrorCode.h; sourceTree = "<group>"; };
		67317CB52506036900860877 /* JUBErrorCode.m */ = {isa = PBXFileReference; fileEncoding = 4; lastKnownFileType = sourcecode.c.objc; name = JUBErrorCode.m; path = Modals/JUBErrorCode.m; sourceTree = "<group>"; };
		67362ABB24D809B0008DC757 /* JUBDevicePool.h */ = {isa = PBXFileReference; fileEncoding = 4; lastKnownFileType = sourcecode.c.h; name = JUBDevicePool.h; path = device/JUBDevicePool.h; sourceTree = "<group>"; };
		67362ABC24D809B0008DC757 /* JUBDevicePool.m */ = {isa = PBXFileReference; fileEncoding = 4; lastKnownFileType = sourcecode.c.objc; name = JUBDevicePool.m; path = device/JUBDevicePool.m; sourceTree = "<group>"; };
		67416528246BDEEF00DFAC28 /* JUBHomePageController.mm */ = {isa = PBXFileReference; fileEncoding = 4; lastKnownFileType = sourcecode.cpp.objcpp; path = JUBHomePageController.mm; sourceTree = "<group>"; };
		67416529246BDEF000DFAC28 /* JUBHomePageController.h */ = {isa = PBXFileReference; fileEncoding = 4; lastKnownFileType = sourcecode.c.h; path = JUBHomePageController.h; sourceTree = "<group>"; };
		674EB2EE2497442900344AD7 /* 42584E46433230303532353030303031_apk.settings */ = {isa = PBXFileReference; fileEncoding = 4; lastKnownFileType = text; name = 42584E46433230303532353030303031_apk.settings; path = settings/42584E46433230303532353030303031_apk.settings; sourceTree = "<group>"; };
		674EB2EF2497442900344AD7 /* 42584E46433230303532353030303032_apk.settings */ = {isa = PBXFileReference; fileEncoding = 4; lastKnownFileType = text; name = 42584E46433230303532353030303032_apk.settings; path = settings/42584E46433230303532353030303032_apk.settings; sourceTree = "<group>"; };
		67676B062462AB620099E2A8 /* JUBDeviceController.mm */ = {isa = PBXFileReference; fileEncoding = 4; lastKnownFileType = sourcecode.cpp.objcpp; path = JUBDeviceController.mm; sourceTree = "<group>"; };
		67676B072462AB620099E2A8 /* JUBDeviceController.h */ = {isa = PBXFileReference; fileEncoding = 4; lastKnownFileType = sourcecode.c.h; path = JUBDeviceController.h; sourceTree = "<group>"; };
		676E97AD24E538EE0011D818 /* JUBFgptMgrController.h */ = {isa = PBXFileReference; fileEncoding = 4; lastKnownFileType = sourcecode.c.h; path = JUBFgptMgrController.h; sourceTree = "<group>"; };
		676E97AE24E538EE0011D818 /* JUBFgptMgrController.mm */ = {isa = PBXFileReference; fileEncoding = 4; lastKnownFileType = sourcecode.cpp.objcpp; path = JUBFgptMgrController.mm; sourceTree = "<group>"; };
		6774046624E4EF9100F358ED /* testLTC.json */ = {isa = PBXFileReference; fileEncoding = 4; lastKnownFileType = text.json; name = testLTC.json; path = testJSONScript/testLTC.json; sourceTree = "<group>"; };
		6774046724E4EF9200F358ED /* testEOS.json */ = {isa = PBXFileReference; fileEncoding = 4; lastKnownFileType = text.json; name = testEOS.json; path = testJSONScript/testEOS.json; sourceTree = "<group>"; };
		6774046824E4EF9200F358ED /* testQTUM.json */ = {isa = PBXFileReference; fileEncoding = 4; lastKnownFileType = text.json; name = testQTUM.json; path = testJSONScript/testQTUM.json; sourceTree = "<group>"; };
		6774046924E4EF9200F358ED /* testXRP.json */ = {isa = PBXFileReference; fileEncoding = 4; lastKnownFileType = text.json; name = testXRP.json; path = testJSONScript/testXRP.json; sourceTree = "<group>"; };
		6774046A24E4EF9200F358ED /* testETH.json */ = {isa = PBXFileReference; fileEncoding = 4; lastKnownFileType = text.json; name = testETH.json; path = testJSONScript/testETH.json; sourceTree = "<group>"; };
		6774046B24E4EF9200F358ED /* testBTC44.json */ = {isa = PBXFileReference; fileEncoding = 4; lastKnownFileType = text.json; name = testBTC44.json; path = testJSONScript/testBTC44.json; sourceTree = "<group>"; };
		6774046C24E4EF9200F358ED /* testQTUM_qrc20.json */ = {isa = PBXFileReference; fileEncoding = 4; lastKnownFileType = text.json; name = testQTUM_qrc20.json; path = testJSONScript/testQTUM_qrc20.json; sourceTree = "<group>"; };
		6774046D24E4EF9200F358ED /* testBTC49.json */ = {isa = PBXFileReference; fileEncoding = 4; lastKnownFileType = text.json; name = testBTC49.json; path = testJSONScript/testBTC49.json; sourceTree = "<group>"; };
		6774046E24E4EF9200F358ED /* testBCH.json */ = {isa = PBXFileReference; fileEncoding = 4; lastKnownFileType = text.json; name = testBCH.json; path = testJSONScript/testBCH.json; sourceTree = "<group>"; };
		6774046F24E4EF9200F358ED /* testHCash.json */ = {isa = PBXFileReference; fileEncoding = 4; lastKnownFileType = text.json; name = testHCash.json; path = testJSONScript/testHCash.json; sourceTree = "<group>"; };
		6774047024E4EF9200F358ED /* testSeed.json */ = {isa = PBXFileReference; fileEncoding = 4; lastKnownFileType = text.json; name = testSeed.json; path = testJSONScript/testSeed.json; sourceTree = "<group>"; };
		6774047124E4EF9200F358ED /* testEOS_unstake.json */ = {isa = PBXFileReference; fileEncoding = 4; lastKnownFileType = text.json; name = testEOS_unstake.json; path = testJSONScript/testEOS_unstake.json; sourceTree = "<group>"; };
		6774047224E4EF9200F358ED /* testUSDT.json */ = {isa = PBXFileReference; fileEncoding = 4; lastKnownFileType = text.json; name = testUSDT.json; path = testJSONScript/testUSDT.json; sourceTree = "<group>"; };
		6774047324E4EF9200F358ED /* testEOS_stake.json */ = {isa = PBXFileReference; fileEncoding = 4; lastKnownFileType = text.json; name = testEOS_stake.json; path = testJSONScript/testEOS_stake.json; sourceTree = "<group>"; };
		6774047424E4EF9300F358ED /* testEOS_sellram.json */ = {isa = PBXFileReference; fileEncoding = 4; lastKnownFileType = text.json; name = testEOS_sellram.json; path = testJSONScript/testEOS_sellram.json; sourceTree = "<group>"; };
		6774047524E4EF9300F358ED /* testDASH.json */ = {isa = PBXFileReference; fileEncoding = 4; lastKnownFileType = text.json; name = testDASH.json; path = testJSONScript/testDASH.json; sourceTree = "<group>"; };
		6774047624E4EF9300F358ED /* testMnemonic.json */ = {isa = PBXFileReference; fileEncoding = 4; lastKnownFileType = text.json; name = testMnemonic.json; path = testJSONScript/testMnemonic.json; sourceTree = "<group>"; };
		6774047724E4EF9300F358ED /* testEOS_buyram.json */ = {isa = PBXFileReference; fileEncoding = 4; lastKnownFileType = text.json; name = testEOS_buyram.json; path = testJSONScript/testEOS_buyram.json; sourceTree = "<group>"; };
		677BDA70246A574100A0F913 /* JUBEOSController.h */ = {isa = PBXFileReference; fileEncoding = 4; lastKnownFileType = sourcecode.c.h; path = JUBEOSController.h; sourceTree = "<group>"; };
		677BDA71246A574100A0F913 /* JUBEOSController.mm */ = {isa = PBXFileReference; fileEncoding = 4; lastKnownFileType = sourcecode.cpp.objcpp; path = JUBEOSController.mm; sourceTree = "<group>"; };
		677BDA73246A855900A0F913 /* JUBXRPController.mm */ = {isa = PBXFileReference; fileEncoding = 4; lastKnownFileType = sourcecode.cpp.objcpp; path = JUBXRPController.mm; sourceTree = "<group>"; };
		677BDA74246A855900A0F913 /* JUBXRPController.h */ = {isa = PBXFileReference; fileEncoding = 4; lastKnownFileType = sourcecode.c.h; path = JUBXRPController.h; sourceTree = "<group>"; };
		677D34D224BC2EAD00391857 /* JUBScanDeviceInfo.m */ = {isa = PBXFileReference; fileEncoding = 4; lastKnownFileType = sourcecode.c.objc; name = JUBScanDeviceInfo.m; path = device/JUBScanDeviceInfo.m; sourceTree = "<group>"; };
		677D34D324BC2EAD00391857 /* JUBScanDeviceInfo.h */ = {isa = PBXFileReference; fileEncoding = 4; lastKnownFileType = sourcecode.c.h; name = JUBScanDeviceInfo.h; path = device/JUBScanDeviceInfo.h; sourceTree = "<group>"; };
		677D34D824BC2F3500391857 /* JUBNotification.m */ = {isa = PBXFileReference; fileEncoding = 4; lastKnownFileType = sourcecode.c.objc; name = JUBNotification.m; path = device/JUBNotification.m; sourceTree = "<group>"; };
		677D34D924BC2F3500391857 /* JUBNotification.h */ = {isa = PBXFileReference; fileEncoding = 4; lastKnownFileType = sourcecode.c.h; name = JUBNotification.h; path = device/JUBNotification.h; sourceTree = "<group>"; };
		67808E09245A7736009041FD /* JUB_SDK_main.cpp */ = {isa = PBXFileReference; fileEncoding = 4; lastKnownFileType = sourcecode.cpp.cpp; name = JUB_SDK_main.cpp; path = JubSDKTest/JUB_SDK_main.cpp; sourceTree = "<group>"; };
		67808E0E245A7736009041FD /* JUB_SDK_main.h */ = {isa = PBXFileReference; fileEncoding = 4; lastKnownFileType = sourcecode.c.h; name = JUB_SDK_main.h; path = JubSDKTest/JUB_SDK_main.h; sourceTree = "<group>"; };
		67930ACF247E658D0041DBDF /* json_tool.h */ = {isa = PBXFileReference; fileEncoding = 4; lastKnownFileType = sourcecode.c.h; name = json_tool.h; path = deps/jsoncpp/src/lib_json/json_tool.h; sourceTree = "<group>"; };
		67930AD0247E658D0041DBDF /* json_value.cpp */ = {isa = PBXFileReference; fileEncoding = 4; lastKnownFileType = sourcecode.cpp.cpp; name = json_value.cpp; path = deps/jsoncpp/src/lib_json/json_value.cpp; sourceTree = "<group>"; };
		67930AD1247E658D0041DBDF /* json_writer.cpp */ = {isa = PBXFileReference; fileEncoding = 4; lastKnownFileType = sourcecode.cpp.cpp; name = json_writer.cpp; path = deps/jsoncpp/src/lib_json/json_writer.cpp; sourceTree = "<group>"; };
		67930AD2247E658D0041DBDF /* json_reader.cpp */ = {isa = PBXFileReference; fileEncoding = 4; lastKnownFileType = sourcecode.cpp.cpp; name = json_reader.cpp; path = deps/jsoncpp/src/lib_json/json_reader.cpp; sourceTree = "<group>"; };
		67B151B224FF6D5E00D244DC /* JUBSendApduController.h */ = {isa = PBXFileReference; fileEncoding = 4; lastKnownFileType = sourcecode.c.h; path = JUBSendApduController.h; sourceTree = "<group>"; };
		67B151B324FF6D5E00D244DC /* JUBSendApduController.mm */ = {isa = PBXFileReference; fileEncoding = 4; lastKnownFileType = sourcecode.cpp.objcpp; path = JUBSendApduController.mm; sourceTree = "<group>"; };
		67B151BF25008E7000D244DC /* JUBRegEx.h */ = {isa = PBXFileReference; fileEncoding = 4; lastKnownFileType = sourcecode.c.h; name = JUBRegEx.h; path = Modals/JUBRegEx.h; sourceTree = "<group>"; };
		67B151C025008E7000D244DC /* JUBSharedData.h */ = {isa = PBXFileReference; fileEncoding = 4; lastKnownFileType = sourcecode.c.h; name = JUBSharedData.h; path = Modals/JUBSharedData.h; sourceTree = "<group>"; };
		67B151C125008E7000D244DC /* JUBRegEx.m */ = {isa = PBXFileReference; fileEncoding = 4; lastKnownFileType = sourcecode.c.objc; name = JUBRegEx.m; path = Modals/JUBRegEx.m; sourceTree = "<group>"; };
		67B151C225008E7100D244DC /* JUBSharedData.m */ = {isa = PBXFileReference; fileEncoding = 4; lastKnownFileType = sourcecode.c.objc; name = JUBSharedData.m; path = Modals/JUBSharedData.m; sourceTree = "<group>"; };
		67B151C52500958F00D244DC /* JUBAmount.h */ = {isa = PBXFileReference; fileEncoding = 4; lastKnownFileType = sourcecode.c.h; name = JUBAmount.h; path = Modals/JUBAmount.h; sourceTree = "<group>"; };
		67B151C8250096C800D244DC /* JUBAmount.mm */ = {isa = PBXFileReference; fileEncoding = 4; lastKnownFileType = sourcecode.cpp.objcpp; name = JUBAmount.mm; path = Modals/JUBAmount.mm; sourceTree = "<group>"; };
		67B151CA2500D5C900D244DC /* JUBTimeOut.h */ = {isa = PBXFileReference; fileEncoding = 4; lastKnownFileType = sourcecode.c.h; name = JUBTimeOut.h; path = Modals/JUBTimeOut.h; sourceTree = "<group>"; };
		67B151CB2500D5C900D244DC /* JUBTimeOut.mm */ = {isa = PBXFileReference; fileEncoding = 4; lastKnownFileType = sourcecode.cpp.objcpp; name = JUBTimeOut.mm; path = Modals/JUBTimeOut.mm; sourceTree = "<group>"; };
		67B151D0250251EB00D244DC /* JUBBTCAmount.h */ = {isa = PBXFileReference; fileEncoding = 4; lastKnownFileType = sourcecode.c.h; name = JUBBTCAmount.h; path = Modals/JUBBTCAmount.h; sourceTree = "<group>"; };
		67B151D2250251EB00D244DC /* JUBBTCAmount.mm */ = {isa = PBXFileReference; fileEncoding = 4; lastKnownFileType = sourcecode.cpp.objcpp; name = JUBBTCAmount.mm; path = Modals/JUBBTCAmount.mm; sourceTree = "<group>"; };
		67B151D3250251EC00D244DC /* JUBEOSAmount.mm */ = {isa = PBXFileReference; fileEncoding = 4; lastKnownFileType = sourcecode.cpp.objcpp; name = JUBEOSAmount.mm; path = Modals/JUBEOSAmount.mm; sourceTree = "<group>"; };
		67CC31962466AB5800DDB9CD /* JUBETHController.mm */ = {isa = PBXFileReference; fileEncoding = 4; lastKnownFileType = sourcecode.cpp.objcpp; path = JUBETHController.mm; sourceTree = "<group>"; };
		67CC31972466AB5800DDB9CD /* JUBETHController.h */ = {isa = PBXFileReference; fileEncoding = 4; lastKnownFileType = sourcecode.c.h; path = JUBETHController.h; sourceTree = "<group>"; };
		67CC31992466AEE400DDB9CD /* JUBCoinController.h */ = {isa = PBXFileReference; fileEncoding = 4; lastKnownFileType = sourcecode.c.h; path = JUBCoinController.h; sourceTree = "<group>"; };
		67CC319A2466AEE400DDB9CD /* JUBCoinController.mm */ = {isa = PBXFileReference; fileEncoding = 4; lastKnownFileType = sourcecode.cpp.objcpp; path = JUBCoinController.mm; sourceTree = "<group>"; };
		67CC319F2466BFEE00DDB9CD /* JUBSubPageController.h */ = {isa = PBXFileReference; fileEncoding = 4; lastKnownFileType = sourcecode.c.h; path = JUBSubPageController.h; sourceTree = "<group>"; };
		67CC31A02466BFEE00DDB9CD /* JUBSubPageController.mm */ = {isa = PBXFileReference; fileEncoding = 4; lastKnownFileType = sourcecode.cpp.objcpp; path = JUBSubPageController.mm; sourceTree = "<group>"; };
		67D4C8AA25595B6E005CB45C /* JUBEOSAmount.h */ = {isa = PBXFileReference; fileEncoding = 4; lastKnownFileType = sourcecode.c.h; name = JUBEOSAmount.h; path = Modals/JUBEOSAmount.h; sourceTree = "<group>"; };
		67D9F19F256CFFE60021C513 /* JuBiterSDKUI.framework */ = {isa = PBXFileReference; explicitFileType = wrapper.framework; path = JuBiterSDKUI.framework; sourceTree = BUILT_PRODUCTS_DIR; };
		67D9F1A1256CFFEA0021C513 /* JubSDKCore.framework */ = {isa = PBXFileReference; explicitFileType = wrapper.framework; path = JubSDKCore.framework; sourceTree = BUILT_PRODUCTS_DIR; };
		67E9E4EB256CEA9E009ABDA7 /* JUBTRXController.h */ = {isa = PBXFileReference; fileEncoding = 4; lastKnownFileType = sourcecode.c.h; path = JUBTRXController.h; sourceTree = "<group>"; };
		67E9E4EC256CEA9E009ABDA7 /* JUBTRXController.mm */ = {isa = PBXFileReference; fileEncoding = 4; lastKnownFileType = sourcecode.cpp.objcpp; path = JUBTRXController.mm; sourceTree = "<group>"; };
		67E9E4EE256CEAC9009ABDA7 /* testTRX.json */ = {isa = PBXFileReference; fileEncoding = 4; lastKnownFileType = text.json; name = testTRX.json; path = testJSONScript/testTRX.json; sourceTree = "<group>"; };
		67E9E4F0256CEAFB009ABDA7 /* JUBTRXAmount.h */ = {isa = PBXFileReference; fileEncoding = 4; lastKnownFileType = sourcecode.c.h; name = JUBTRXAmount.h; path = Modals/JUBTRXAmount.h; sourceTree = "<group>"; };
		67E9E4F1256CEAFB009ABDA7 /* JUBTRXAmount.mm */ = {isa = PBXFileReference; fileEncoding = 4; lastKnownFileType = sourcecode.cpp.objcpp; name = JUBTRXAmount.mm; path = Modals/JUBTRXAmount.mm; sourceTree = "<group>"; };
		67EA8E5F25838F34001D8809 /* JUBFILController.mm */ = {isa = PBXFileReference; fileEncoding = 4; lastKnownFileType = sourcecode.cpp.objcpp; path = JUBFILController.mm; sourceTree = "<group>"; };
		67EA8E6025838F34001D8809 /* JUBFILController.h */ = {isa = PBXFileReference; fileEncoding = 4; lastKnownFileType = sourcecode.c.h; path = JUBFILController.h; sourceTree = "<group>"; };
		67EA8E6225838F54001D8809 /* JUBFILAmount.h */ = {isa = PBXFileReference; fileEncoding = 4; lastKnownFileType = sourcecode.c.h; name = JUBFILAmount.h; path = Modals/JUBFILAmount.h; sourceTree = "<group>"; };
		67EA8E6325838F54001D8809 /* JUBFILAmount.mm */ = {isa = PBXFileReference; fileEncoding = 4; lastKnownFileType = sourcecode.cpp.objcpp; name = JUBFILAmount.mm; path = Modals/JUBFILAmount.mm; sourceTree = "<group>"; };
		67EA8E6825839161001D8809 /* testFIL.json */ = {isa = PBXFileReference; fileEncoding = 4; lastKnownFileType = text.json; name = testFIL.json; path = testJSONScript/testFIL.json; sourceTree = "<group>"; };
		680DDAB5242880F400622FB0 /* AVFoundation.framework */ = {isa = PBXFileReference; lastKnownFileType = wrapper.framework; name = AVFoundation.framework; path = System/Library/Frameworks/AVFoundation.framework; sourceTree = SDKROOT; };
		687BCEC8245866BC00CD1780 /* JUBBTCController.h */ = {isa = PBXFileReference; fileEncoding = 4; lastKnownFileType = sourcecode.c.h; path = JUBBTCController.h; sourceTree = "<group>"; };
		687BCECB245866BC00CD1780 /* JUBBTCController.mm */ = {isa = PBXFileReference; fileEncoding = 4; lastKnownFileType = sourcecode.cpp.objcpp; path = JUBBTCController.mm; sourceTree = "<group>"; };
		68B860F724239FEF0009F474 /* LaunchScreen.storyboard */ = {isa = PBXFileReference; fileEncoding = 4; lastKnownFileType = file.storyboard; path = LaunchScreen.storyboard; sourceTree = "<group>"; };
		8BE2A709235D89600015B9AB /* JuBiterSDKDemo.app */ = {isa = PBXFileReference; explicitFileType = wrapper.application; includeInIndex = 0; path = JuBiterSDKDemo.app; sourceTree = BUILT_PRODUCTS_DIR; };
		8BE2A70C235D89600015B9AB /* AppDelegate.h */ = {isa = PBXFileReference; lastKnownFileType = sourcecode.c.h; path = AppDelegate.h; sourceTree = "<group>"; };
		8BE2A70D235D89600015B9AB /* AppDelegate.m */ = {isa = PBXFileReference; lastKnownFileType = sourcecode.c.objc; path = AppDelegate.m; sourceTree = "<group>"; };
		8BE2A718235D89620015B9AB /* Assets.xcassets */ = {isa = PBXFileReference; lastKnownFileType = folder.assetcatalog; path = Assets.xcassets; sourceTree = "<group>"; };
		8BE2A71D235D89620015B9AB /* Info.plist */ = {isa = PBXFileReference; lastKnownFileType = text.plist.xml; path = Info.plist; sourceTree = "<group>"; };
		8BE2A71E235D89620015B9AB /* main.m */ = {isa = PBXFileReference; lastKnownFileType = sourcecode.c.objc; path = main.m; sourceTree = "<group>"; };
		8BE2A741235D8A120015B9AB /* JuBiterSDKDemo.entitlements */ = {isa = PBXFileReference; lastKnownFileType = text.plist.entitlements; path = JuBiterSDKDemo.entitlements; sourceTree = "<group>"; };
		C38A23AB267B1C63003F4BAF /* JUBUNISWAPController.h */ = {isa = PBXFileReference; fileEncoding = 4; lastKnownFileType = sourcecode.c.h; path = JUBUNISWAPController.h; sourceTree = "<group>"; };
		C38A23AC267B1C63003F4BAF /* JUBUNISWAPController.mm */ = {isa = PBXFileReference; fileEncoding = 4; lastKnownFileType = sourcecode.cpp.objcpp; path = JUBUNISWAPController.mm; sourceTree = "<group>"; };
		C38A23AE267B2122003F4BAF /* testETH-UNISWAP.json */ = {isa = PBXFileReference; fileEncoding = 4; lastKnownFileType = text.json; name = "testETH-UNISWAP.json"; path = "testJSONScript/testETH-UNISWAP.json"; sourceTree = "<group>"; };
		C3C1FD0B25F25795009B46DD /* 42584E46433230303532353030303031_oce.settings */ = {isa = PBXFileReference; fileEncoding = 4; lastKnownFileType = text; name = 42584E46433230303532353030303031_oce.settings; path = settings/42584E46433230303532353030303031_oce.settings; sourceTree = "<group>"; };
/* End PBXFileReference section */

/* Begin PBXFrameworksBuildPhase section */
		8BE2A706235D89600015B9AB /* Frameworks */ = {
			isa = PBXFrameworksBuildPhase;
			buildActionMask = 2147483647;
			files = (
				67362AC724DAC940008DC757 /* AVFoundation.framework in Frameworks */,
				67D9F1A3256CFFF00021C513 /* JuBiterSDKUI.framework in Frameworks */,
				67D9F1A5256CFFF20021C513 /* JubSDKCore.framework in Frameworks */,
			);
			runOnlyForDeploymentPostprocessing = 0;
		};
/* End PBXFrameworksBuildPhase section */

/* Begin PBXGroup section */
		674EB2ED2497440800344AD7 /* settings */ = {
			isa = PBXGroup;
			children = (
				C3C1FD0B25F25795009B46DD /* 42584E46433230303532353030303031_oce.settings */,
				674EB2EE2497442900344AD7 /* 42584E46433230303532353030303031_apk.settings */,
				674EB2EF2497442900344AD7 /* 42584E46433230303532353030303032_apk.settings */,
			);
			name = settings;
			sourceTree = "<group>";
		};
		677D34D124BC2E8700391857 /* device */ = {
			isa = PBXGroup;
			children = (
				67362ABB24D809B0008DC757 /* JUBDevicePool.h */,
				67362ABC24D809B0008DC757 /* JUBDevicePool.m */,
				677D34D924BC2F3500391857 /* JUBNotification.h */,
				677D34D824BC2F3500391857 /* JUBNotification.m */,
				677D34D324BC2EAD00391857 /* JUBScanDeviceInfo.h */,
				677D34D224BC2EAD00391857 /* JUBScanDeviceInfo.m */,
			);
			name = device;
			sourceTree = "<group>";
		};
		67808DDC245A7123009041FD /* deps */ = {
			isa = PBXGroup;
			children = (
				67808E1E245A9592009041FD /* jsoncpp */,
				67808DE5245A7443009041FD /* JubSDKTest */,
			);
			name = deps;
			sourceTree = "<group>";
		};
		67808DE5245A7443009041FD /* JubSDKTest */ = {
			isa = PBXGroup;
			children = (
				67808E09245A7736009041FD /* JUB_SDK_main.cpp */,
				67808E0E245A7736009041FD /* JUB_SDK_main.h */,
			);
			name = JubSDKTest;
			sourceTree = "<group>";
		};
		67808E1E245A9592009041FD /* jsoncpp */ = {
			isa = PBXGroup;
			children = (
				67930AD2247E658D0041DBDF /* json_reader.cpp */,
				67930ACF247E658D0041DBDF /* json_tool.h */,
				67930AD0247E658D0041DBDF /* json_value.cpp */,
				67930AD1247E658D0041DBDF /* json_writer.cpp */,
			);
			name = jsoncpp;
			sourceTree = "<group>";
		};
		67808E28245AEEC5009041FD /* testJSONScript */ = {
			isa = PBXGroup;
			children = (
				6774046E24E4EF9200F358ED /* testBCH.json */,
				6774046B24E4EF9200F358ED /* testBTC44.json */,
				6774046D24E4EF9200F358ED /* testBTC49.json */,
				6774047524E4EF9300F358ED /* testDASH.json */,
				6774046724E4EF9200F358ED /* testEOS.json */,
				67317CAC250491F700860877 /* testEOS_token.json */,
				6774047724E4EF9300F358ED /* testEOS_buyram.json */,
				6774047424E4EF9300F358ED /* testEOS_sellram.json */,
				6774047324E4EF9200F358ED /* testEOS_stake.json */,
				6774047124E4EF9200F358ED /* testEOS_unstake.json */,
				6774046A24E4EF9200F358ED /* testETH.json */,
				C38A23AE267B2122003F4BAF /* testETH-UNISWAP.json */,
				6774046F24E4EF9200F358ED /* testHCash.json */,
				6774046624E4EF9100F358ED /* testLTC.json */,
				6774047624E4EF9300F358ED /* testMnemonic.json */,
				6774046C24E4EF9200F358ED /* testQTUM_qrc20.json */,
				6774046824E4EF9200F358ED /* testQTUM.json */,
				6774047024E4EF9200F358ED /* testSeed.json */,
				6774047224E4EF9200F358ED /* testUSDT.json */,
				6774046924E4EF9200F358ED /* testXRP.json */,
				67E9E4EE256CEAC9009ABDA7 /* testTRX.json */,
				67EA8E6825839161001D8809 /* testFIL.json */,
			);
			name = testJSONScript;
			sourceTree = "<group>";
		};
		67B151B82500883200D244DC /* Modals */ = {
			isa = PBXGroup;
			children = (
				67317CB42506036800860877 /* JUBErrorCode.h */,
				67317CB52506036900860877 /* JUBErrorCode.m */,
				67B151C025008E7000D244DC /* JUBSharedData.h */,
				67B151C225008E7100D244DC /* JUBSharedData.m */,
				67B151BF25008E7000D244DC /* JUBRegEx.h */,
				67B151C125008E7000D244DC /* JUBRegEx.m */,
				67B151CA2500D5C900D244DC /* JUBTimeOut.h */,
				67B151CB2500D5C900D244DC /* JUBTimeOut.mm */,
				67B151C52500958F00D244DC /* JUBAmount.h */,
				67B151C8250096C800D244DC /* JUBAmount.mm */,
				67B151D0250251EB00D244DC /* JUBBTCAmount.h */,
				67B151D2250251EB00D244DC /* JUBBTCAmount.mm */,
				67317CAE2504AC1A00860877 /* JUBETHAmount.h */,
				67317CAF2504AC1B00860877 /* JUBETHAmount.mm */,
				67D4C8AA25595B6E005CB45C /* JUBEOSAmount.h */,
				67B151D3250251EC00D244DC /* JUBEOSAmount.mm */,
				67317CB12504C71300860877 /* JUBXRPAmount.h */,
				67317CB22504C71300860877 /* JUBXRPAmount.mm */,
				67E9E4F0256CEAFB009ABDA7 /* JUBTRXAmount.h */,
				67E9E4F1256CEAFB009ABDA7 /* JUBTRXAmount.mm */,
				67EA8E6225838F54001D8809 /* JUBFILAmount.h */,
				67EA8E6325838F54001D8809 /* JUBFILAmount.mm */,
			);
			name = Modals;
			sourceTree = "<group>";
		};
		680DDAB4242880F300622FB0 /* Frameworks */ = {
			isa = PBXGroup;
			children = (
				67D9F1A1256CFFEA0021C513 /* JubSDKCore.framework */,
				67D9F19F256CFFE60021C513 /* JuBiterSDKUI.framework */,
				680DDAB5242880F400622FB0 /* AVFoundation.framework */,
			);
			name = Frameworks;
			sourceTree = "<group>";
		};
		687BCEC6245866BC00CD1780 /* controller */ = {
			isa = PBXGroup;
			children = (
				67416529246BDEF000DFAC28 /* JUBHomePageController.h */,
				67416528246BDEEF00DFAC28 /* JUBHomePageController.mm */,
				67CC319F2466BFEE00DDB9CD /* JUBSubPageController.h */,
				67CC31A02466BFEE00DDB9CD /* JUBSubPageController.mm */,
				67B151B224FF6D5E00D244DC /* JUBSendApduController.h */,
				67B151B324FF6D5E00D244DC /* JUBSendApduController.mm */,
				676E97AD24E538EE0011D818 /* JUBFgptMgrController.h */,
				676E97AE24E538EE0011D818 /* JUBFgptMgrController.mm */,
				67676B072462AB620099E2A8 /* JUBDeviceController.h */,
				67676B062462AB620099E2A8 /* JUBDeviceController.mm */,
				67CC31992466AEE400DDB9CD /* JUBCoinController.h */,
				67CC319A2466AEE400DDB9CD /* JUBCoinController.mm */,
				687BCEC8245866BC00CD1780 /* JUBBTCController.h */,
				687BCECB245866BC00CD1780 /* JUBBTCController.mm */,
				67CC31972466AB5800DDB9CD /* JUBETHController.h */,
				67CC31962466AB5800DDB9CD /* JUBETHController.mm */,
				C38A23AB267B1C63003F4BAF /* JUBUNISWAPController.h */,
				C38A23AC267B1C63003F4BAF /* JUBUNISWAPController.mm */,
				677BDA70246A574100A0F913 /* JUBEOSController.h */,
				677BDA71246A574100A0F913 /* JUBEOSController.mm */,
				677BDA74246A855900A0F913 /* JUBXRPController.h */,
				677BDA73246A855900A0F913 /* JUBXRPController.mm */,
				67E9E4EB256CEA9E009ABDA7 /* JUBTRXController.h */,
				67E9E4EC256CEA9E009ABDA7 /* JUBTRXController.mm */,
				67EA8E6025838F34001D8809 /* JUBFILController.h */,
				67EA8E5F25838F34001D8809 /* JUBFILController.mm */,
			);
			path = controller;
			sourceTree = "<group>";
		};
		8BE2A700235D89600015B9AB = {
			isa = PBXGroup;
			children = (
				67808E28245AEEC5009041FD /* testJSONScript */,
				674EB2ED2497440800344AD7 /* settings */,
				67808DDC245A7123009041FD /* deps */,
				8BE2A70B235D89600015B9AB /* JuBiterSDKDemo */,
				680DDAB4242880F300622FB0 /* Frameworks */,
				8BE2A70A235D89600015B9AB /* Products */,
			);
			sourceTree = "<group>";
		};
		8BE2A70A235D89600015B9AB /* Products */ = {
			isa = PBXGroup;
			children = (
				8BE2A709235D89600015B9AB /* JuBiterSDKDemo.app */,
			);
			name = Products;
			sourceTree = "<group>";
		};
		8BE2A70B235D89600015B9AB /* JuBiterSDKDemo */ = {
			isa = PBXGroup;
			children = (
				67B151B82500883200D244DC /* Modals */,
				687BCEC6245866BC00CD1780 /* controller */,
				677D34D124BC2E8700391857 /* device */,
				8BE2A741235D8A120015B9AB /* JuBiterSDKDemo.entitlements */,
				8BE2A70C235D89600015B9AB /* AppDelegate.h */,
				8BE2A70D235D89600015B9AB /* AppDelegate.m */,
				8BE2A718235D89620015B9AB /* Assets.xcassets */,
				8BE2A71D235D89620015B9AB /* Info.plist */,
				8BE2A71E235D89620015B9AB /* main.m */,
				68B860F724239FEF0009F474 /* LaunchScreen.storyboard */,
			);
			path = JuBiterSDKDemo;
			sourceTree = "<group>";
		};
/* End PBXGroup section */

/* Begin PBXNativeTarget section */
		8BE2A708235D89600015B9AB /* JuBiterSDKDemo */ = {
			isa = PBXNativeTarget;
			buildConfigurationList = 8BE2A738235D89620015B9AB /* Build configuration list for PBXNativeTarget "JuBiterSDKDemo" */;
			buildPhases = (
				8BE2A705235D89600015B9AB /* Sources */,
				8BE2A706235D89600015B9AB /* Frameworks */,
				8BE2A707235D89600015B9AB /* Resources */,
				68EBE4F92434639600249522 /* Embed Frameworks */,
			);
			buildRules = (
			);
			dependencies = (
			);
			name = JuBiterSDKDemo;
			productName = JuBiterDemo;
			productReference = 8BE2A709235D89600015B9AB /* JuBiterSDKDemo.app */;
			productType = "com.apple.product-type.application";
		};
/* End PBXNativeTarget section */

/* Begin PBXProject section */
		8BE2A701235D89600015B9AB /* Project object */ = {
			isa = PBXProject;
			attributes = {
				LastUpgradeCheck = 1220;
				ORGANIZATIONNAME = pengshanshan;
				TargetAttributes = {
					8BE2A708235D89600015B9AB = {
						CreatedOnToolsVersion = 11.1;
					};
				};
			};
			buildConfigurationList = 8BE2A704235D89600015B9AB /* Build configuration list for PBXProject "JuBiterSDKDemo" */;
			compatibilityVersion = "Xcode 9.3";
			developmentRegion = en;
			hasScannedForEncodings = 0;
			knownRegions = (
				en,
				Base,
			);
			mainGroup = 8BE2A700235D89600015B9AB;
			productRefGroup = 8BE2A70A235D89600015B9AB /* Products */;
			projectDirPath = "";
			projectRoot = "";
			targets = (
				8BE2A708235D89600015B9AB /* JuBiterSDKDemo */,
			);
		};
/* End PBXProject section */

/* Begin PBXResourcesBuildPhase section */
		8BE2A707235D89600015B9AB /* Resources */ = {
			isa = PBXResourcesBuildPhase;
			buildActionMask = 2147483647;
			files = (
				C38A23AF267B2122003F4BAF /* testETH-UNISWAP.json in Resources */,
				68B860F824239FEF0009F474 /* LaunchScreen.storyboard in Resources */,
				8BE2A719235D89620015B9AB /* Assets.xcassets in Resources */,
				674EB2F12497442900344AD7 /* 42584E46433230303532353030303032_apk.settings in Resources */,
				674EB2F02497442900344AD7 /* 42584E46433230303532353030303031_apk.settings in Resources */,
				6774048224E4EF9300F358ED /* testSeed.json in Resources */,
				6774048824E4EF9300F358ED /* testMnemonic.json in Resources */,
				6774047D24E4EF9300F358ED /* testBTC44.json in Resources */,
				6774047F24E4EF9300F358ED /* testBTC49.json in Resources */,
				6774047824E4EF9300F358ED /* testLTC.json in Resources */,
				6774048724E4EF9300F358ED /* testDASH.json in Resources */,
				6774048424E4EF9300F358ED /* testUSDT.json in Resources */,
				6774048024E4EF9300F358ED /* testBCH.json in Resources */,
				6774047A24E4EF9300F358ED /* testQTUM.json in Resources */,
				6774047E24E4EF9300F358ED /* testQTUM_qrc20.json in Resources */,
				6774048124E4EF9300F358ED /* testHCash.json in Resources */,
				6774047C24E4EF9300F358ED /* testETH.json in Resources */,
				6774047924E4EF9300F358ED /* testEOS.json in Resources */,
				67317CAD250491F800860877 /* testEOS_token.json in Resources */,
				67E9E4EF256CEAC9009ABDA7 /* testTRX.json in Resources */,
				6774048524E4EF9300F358ED /* testEOS_stake.json in Resources */,
				67EA8E6925839161001D8809 /* testFIL.json in Resources */,
				C3C1FD0C25F25795009B46DD /* 42584E46433230303532353030303031_oce.settings in Resources */,
				6774048324E4EF9300F358ED /* testEOS_unstake.json in Resources */,
				6774048624E4EF9300F358ED /* testEOS_sellram.json in Resources */,
				6774048924E4EF9300F358ED /* testEOS_buyram.json in Resources */,
				6774047B24E4EF9300F358ED /* testXRP.json in Resources */,
			);
			runOnlyForDeploymentPostprocessing = 0;
		};
/* End PBXResourcesBuildPhase section */

/* Begin PBXSourcesBuildPhase section */
		8BE2A705235D89600015B9AB /* Sources */ = {
			isa = PBXSourcesBuildPhase;
			buildActionMask = 2147483647;
			files = (
				67317CB62506036900860877 /* JUBErrorCode.m in Sources */,
				67B151CC2500D5C900D244DC /* JUBTimeOut.mm in Sources */,
				67B151C325008E7100D244DC /* JUBRegEx.m in Sources */,
				774EF0D9266A208A0036B3F6 /* JUBFILController.mm in Sources */,
				67B151C425008E7100D244DC /* JUBSharedData.m in Sources */,
				67676B082462AB620099E2A8 /* JUBDeviceController.mm in Sources */,
				67B151C9250096C800D244DC /* JUBAmount.mm in Sources */,
				774EF0DA266A20970036B3F6 /* JUBFILAmount.mm in Sources */,
				67B151D4250251EC00D244DC /* JUBBTCAmount.mm in Sources */,
				67317CB02504AC1B00860877 /* JUBETHAmount.mm in Sources */,
				67B151D5250251EC00D244DC /* JUBEOSAmount.mm in Sources */,
				C38A23AD267B1C64003F4BAF /* JUBUNISWAPController.mm in Sources */,
				67317CB32504C71300860877 /* JUBXRPAmount.mm in Sources */,
				677D34DA24BC2F3500391857 /* JUBNotification.m in Sources */,
				6741652A246BDEF000DFAC28 /* JUBHomePageController.mm in Sources */,
				67B151B424FF6D5F00D244DC /* JUBSendApduController.mm in Sources */,
				676E97AF24E538EE0011D818 /* JUBFgptMgrController.mm in Sources */,
				677D34D424BC2EAD00391857 /* JUBScanDeviceInfo.m in Sources */,
				67CC319B2466AEE400DDB9CD /* JUBCoinController.mm in Sources */,
				687BCEDD245866BD00CD1780 /* JUBBTCController.mm in Sources */,
				67CC31982466AB5800DDB9CD /* JUBETHController.mm in Sources */,
				677BDA72246A574200A0F913 /* JUBEOSController.mm in Sources */,
				677BDA75246A855900A0F913 /* JUBXRPController.mm in Sources */,
				67808E17245A7737009041FD /* JUB_SDK_main.cpp in Sources */,
				67930AD4247E658D0041DBDF /* json_writer.cpp in Sources */,
				67E9E4F2256CEAFB009ABDA7 /* JUBTRXAmount.mm in Sources */,
				67E9E4ED256CEA9E009ABDA7 /* JUBTRXController.mm in Sources */,
				67930AD5247E658D0041DBDF /* json_reader.cpp in Sources */,
				8BE2A70E235D89600015B9AB /* AppDelegate.m in Sources */,
				8BE2A71F235D89620015B9AB /* main.m in Sources */,
				67930AD3247E658D0041DBDF /* json_value.cpp in Sources */,
				67362ABD24D809B0008DC757 /* JUBDevicePool.m in Sources */,
				67CC31A12466BFEE00DDB9CD /* JUBSubPageController.mm in Sources */,
			);
			runOnlyForDeploymentPostprocessing = 0;
		};
/* End PBXSourcesBuildPhase section */

/* Begin XCBuildConfiguration section */
		8BE2A736235D89620015B9AB /* Debug */ = {
			isa = XCBuildConfiguration;
			buildSettings = {
				ALWAYS_SEARCH_USER_PATHS = NO;
				CLANG_ANALYZER_NONNULL = YES;
				CLANG_ANALYZER_NUMBER_OBJECT_CONVERSION = YES_AGGRESSIVE;
				CLANG_CXX_LANGUAGE_STANDARD = "gnu++14";
				CLANG_CXX_LIBRARY = "libc++";
				CLANG_ENABLE_MODULES = YES;
				CLANG_ENABLE_OBJC_ARC = YES;
				CLANG_ENABLE_OBJC_WEAK = YES;
				CLANG_WARN_BLOCK_CAPTURE_AUTORELEASING = YES;
				CLANG_WARN_BOOL_CONVERSION = YES;
				CLANG_WARN_COMMA = YES;
				CLANG_WARN_CONSTANT_CONVERSION = YES;
				CLANG_WARN_DEPRECATED_OBJC_IMPLEMENTATIONS = YES;
				CLANG_WARN_DIRECT_OBJC_ISA_USAGE = YES_ERROR;
				CLANG_WARN_DOCUMENTATION_COMMENTS = YES;
				CLANG_WARN_EMPTY_BODY = YES;
				CLANG_WARN_ENUM_CONVERSION = YES;
				CLANG_WARN_INFINITE_RECURSION = YES;
				CLANG_WARN_INT_CONVERSION = YES;
				CLANG_WARN_NON_LITERAL_NULL_CONVERSION = YES;
				CLANG_WARN_OBJC_IMPLICIT_RETAIN_SELF = YES;
				CLANG_WARN_OBJC_LITERAL_CONVERSION = YES;
				CLANG_WARN_OBJC_ROOT_CLASS = YES_ERROR;
				CLANG_WARN_QUOTED_INCLUDE_IN_FRAMEWORK_HEADER = YES;
				CLANG_WARN_RANGE_LOOP_ANALYSIS = YES;
				CLANG_WARN_STRICT_PROTOTYPES = YES;
				CLANG_WARN_SUSPICIOUS_MOVE = YES;
				CLANG_WARN_UNGUARDED_AVAILABILITY = YES_AGGRESSIVE;
				CLANG_WARN_UNREACHABLE_CODE = YES;
				CLANG_WARN__DUPLICATE_METHOD_MATCH = YES;
				COPY_PHASE_STRIP = NO;
				DEBUG_INFORMATION_FORMAT = dwarf;
				ENABLE_BITCODE = NO;
				ENABLE_STRICT_OBJC_MSGSEND = YES;
				ENABLE_TESTABILITY = YES;
				GCC_C_LANGUAGE_STANDARD = gnu11;
				GCC_DYNAMIC_NO_PIC = NO;
				GCC_NO_COMMON_BLOCKS = YES;
				GCC_OPTIMIZATION_LEVEL = 0;
				GCC_PREPROCESSOR_DEFINITIONS = (
					"DEBUG=1",
					"$(inherited)",
				);
				GCC_PREPROCESSOR_DEFINITIONS_NOT_USED_IN_PRECOMPS = TARGET_OS_IOS;
				GCC_WARN_64_TO_32_BIT_CONVERSION = YES;
				GCC_WARN_ABOUT_RETURN_TYPE = YES_ERROR;
				GCC_WARN_UNDECLARED_SELECTOR = YES;
				GCC_WARN_UNINITIALIZED_AUTOS = YES_AGGRESSIVE;
				GCC_WARN_UNUSED_FUNCTION = YES;
				GCC_WARN_UNUSED_VARIABLE = YES;
				IPHONEOS_DEPLOYMENT_TARGET = 12.0;
				MTL_ENABLE_DEBUG_INFO = INCLUDE_SOURCE;
				MTL_FAST_MATH = YES;
				ONLY_ACTIVE_ARCH = YES;
				SDKROOT = iphoneos;
			};
			name = Debug;
		};
		8BE2A737235D89620015B9AB /* Release */ = {
			isa = XCBuildConfiguration;
			buildSettings = {
				ALWAYS_SEARCH_USER_PATHS = NO;
				CLANG_ANALYZER_NONNULL = YES;
				CLANG_ANALYZER_NUMBER_OBJECT_CONVERSION = YES_AGGRESSIVE;
				CLANG_CXX_LANGUAGE_STANDARD = "gnu++14";
				CLANG_CXX_LIBRARY = "libc++";
				CLANG_ENABLE_MODULES = YES;
				CLANG_ENABLE_OBJC_ARC = YES;
				CLANG_ENABLE_OBJC_WEAK = YES;
				CLANG_WARN_BLOCK_CAPTURE_AUTORELEASING = YES;
				CLANG_WARN_BOOL_CONVERSION = YES;
				CLANG_WARN_COMMA = YES;
				CLANG_WARN_CONSTANT_CONVERSION = YES;
				CLANG_WARN_DEPRECATED_OBJC_IMPLEMENTATIONS = YES;
				CLANG_WARN_DIRECT_OBJC_ISA_USAGE = YES_ERROR;
				CLANG_WARN_DOCUMENTATION_COMMENTS = YES;
				CLANG_WARN_EMPTY_BODY = YES;
				CLANG_WARN_ENUM_CONVERSION = YES;
				CLANG_WARN_INFINITE_RECURSION = YES;
				CLANG_WARN_INT_CONVERSION = YES;
				CLANG_WARN_NON_LITERAL_NULL_CONVERSION = YES;
				CLANG_WARN_OBJC_IMPLICIT_RETAIN_SELF = YES;
				CLANG_WARN_OBJC_LITERAL_CONVERSION = YES;
				CLANG_WARN_OBJC_ROOT_CLASS = YES_ERROR;
				CLANG_WARN_QUOTED_INCLUDE_IN_FRAMEWORK_HEADER = YES;
				CLANG_WARN_RANGE_LOOP_ANALYSIS = YES;
				CLANG_WARN_STRICT_PROTOTYPES = YES;
				CLANG_WARN_SUSPICIOUS_MOVE = YES;
				CLANG_WARN_UNGUARDED_AVAILABILITY = YES_AGGRESSIVE;
				CLANG_WARN_UNREACHABLE_CODE = YES;
				CLANG_WARN__DUPLICATE_METHOD_MATCH = YES;
				COPY_PHASE_STRIP = NO;
				DEBUG_INFORMATION_FORMAT = "dwarf-with-dsym";
				ENABLE_BITCODE = NO;
				ENABLE_NS_ASSERTIONS = NO;
				ENABLE_STRICT_OBJC_MSGSEND = YES;
				GCC_C_LANGUAGE_STANDARD = gnu11;
				GCC_NO_COMMON_BLOCKS = YES;
				GCC_PREPROCESSOR_DEFINITIONS_NOT_USED_IN_PRECOMPS = TARGET_OS_IOS;
				GCC_WARN_64_TO_32_BIT_CONVERSION = YES;
				GCC_WARN_ABOUT_RETURN_TYPE = YES_ERROR;
				GCC_WARN_UNDECLARED_SELECTOR = YES;
				GCC_WARN_UNINITIALIZED_AUTOS = YES_AGGRESSIVE;
				GCC_WARN_UNUSED_FUNCTION = YES;
				GCC_WARN_UNUSED_VARIABLE = YES;
				IPHONEOS_DEPLOYMENT_TARGET = 12.0;
				MTL_ENABLE_DEBUG_INFO = NO;
				MTL_FAST_MATH = YES;
				SDKROOT = iphoneos;
				VALIDATE_PRODUCT = YES;
			};
			name = Release;
		};
		8BE2A739235D89620015B9AB /* Debug */ = {
			isa = XCBuildConfiguration;
			buildSettings = {
				ASSETCATALOG_COMPILER_APPICON_NAME = AppIcon;
				CLANG_ALLOW_NON_MODULAR_INCLUDES_IN_FRAMEWORK_MODULES = NO;
				CLANG_CXX_LANGUAGE_STANDARD = "gnu++0x";
				CODE_SIGN_ENTITLEMENTS = JuBiterSDKDemo/JuBiterSDKDemo.entitlements;
				CODE_SIGN_IDENTITY = "Apple Development";
				CODE_SIGN_STYLE = Automatic;
				DEVELOPMENT_TEAM = S47T4UESP3;
				ENABLE_BITCODE = NO;
				FRAMEWORK_SEARCH_PATHS = (
					"$(inherited)",
					"$(PROJECT_DIR)",
					"$(SRCROOT)/",
					"$(PROJECT_DIR)/Pods",
					"$(PROJECT_DIR)/deps",
				);
				HEADER_SEARCH_PATHS = (
					"$(SRCROOT)/../JubiterSDK_C/include",
					"$(SRCROOT)/deps/jsoncpp/include",
					"$(SRCROOT)",
					"$(SRCROOT)/Modals",
				);
				INFOPLIST_FILE = JuBiterSDKDemo/Info.plist;
				IPHONEOS_DEPLOYMENT_TARGET = 12.0;
				LD_RUNPATH_SEARCH_PATHS = (
					"$(inherited)",
					"@executable_path/Frameworks",
				);
				LIBRARY_SEARCH_PATHS = (
					"$(inherited)",
					"$(SRCROOT)/",
				);
				OTHER_CFLAGS = "";
				PRODUCT_BUNDLE_IDENTIFIER = com.jubiterwallet.JubWalletSDKDemo;
				PRODUCT_NAME = "$(TARGET_NAME)";
				PROVISIONING_PROFILE_SPECIFIER = "";
				TARGETED_DEVICE_FAMILY = "1,2";
				VALID_ARCHS = "arm64 arm64e";
			};
			name = Debug;
		};
		8BE2A73A235D89620015B9AB /* Release */ = {
			isa = XCBuildConfiguration;
			buildSettings = {
				ASSETCATALOG_COMPILER_APPICON_NAME = AppIcon;
				CLANG_ALLOW_NON_MODULAR_INCLUDES_IN_FRAMEWORK_MODULES = NO;
				CLANG_CXX_LANGUAGE_STANDARD = "gnu++0x";
				CODE_SIGN_ENTITLEMENTS = JuBiterSDKDemo/JuBiterSDKDemo.entitlements;
				CODE_SIGN_IDENTITY = "Apple Development";
				CODE_SIGN_STYLE = Automatic;
				DEVELOPMENT_TEAM = S47T4UESP3;
				ENABLE_BITCODE = NO;
				FRAMEWORK_SEARCH_PATHS = (
					"$(inherited)",
					"$(PROJECT_DIR)",
					"$(SRCROOT)/",
					"$(PROJECT_DIR)/Pods",
					"$(PROJECT_DIR)/deps",
				);
				GCC_PREPROCESSOR_DEFINITIONS = "";
				HEADER_SEARCH_PATHS = (
					"$(SRCROOT)/../JubiterSDK_C/include",
					"$(SRCROOT)/deps/jsoncpp/include",
					"$(SRCROOT)",
					"$(SRCROOT)/Modals",
				);
				INFOPLIST_FILE = JuBiterSDKDemo/Info.plist;
				IPHONEOS_DEPLOYMENT_TARGET = 12.0;
				LD_RUNPATH_SEARCH_PATHS = (
					"$(inherited)",
					"@executable_path/Frameworks",
				);
				LIBRARY_SEARCH_PATHS = (
					"$(inherited)",
					"$(SRCROOT)/",
				);
				OTHER_CFLAGS = "";
				PRODUCT_BUNDLE_IDENTIFIER = com.jubiterwallet.JubWalletSDKDemo;
				PRODUCT_NAME = "$(TARGET_NAME)";
				PROVISIONING_PROFILE_SPECIFIER = "";
				TARGETED_DEVICE_FAMILY = "1,2";
				VALID_ARCHS = "arm64 arm64e";
			};
			name = Release;
		};
/* End XCBuildConfiguration section */

/* Begin XCConfigurationList section */
		8BE2A704235D89600015B9AB /* Build configuration list for PBXProject "JuBiterSDKDemo" */ = {
			isa = XCConfigurationList;
			buildConfigurations = (
				8BE2A736235D89620015B9AB /* Debug */,
				8BE2A737235D89620015B9AB /* Release */,
			);
			defaultConfigurationIsVisible = 0;
			defaultConfigurationName = Release;
		};
		8BE2A738235D89620015B9AB /* Build configuration list for PBXNativeTarget "JuBiterSDKDemo" */ = {
			isa = XCConfigurationList;
			buildConfigurations = (
				8BE2A739235D89620015B9AB /* Debug */,
				8BE2A73A235D89620015B9AB /* Release */,
			);
			defaultConfigurationIsVisible = 0;
			defaultConfigurationName = Release;
		};
/* End XCConfigurationList section */
	};
	rootObject = 8BE2A701235D89600015B9AB /* Project object */;
}
