// !$*UTF8*$!
{
	archiveVersion = 1;
	classes = {
	};
	objectVersion = 50;
	objects = {

/* Begin PBXBuildFile section */
		6732D41522C218E400FB9A5A /* ContextBTC.cpp in Sources */ = {isa = PBXBuildFile; fileRef = 6732D41222C218E300FB9A5A /* ContextBTC.cpp */; };
		6732D41622C218E400FB9A5A /* ContextETH.cpp in Sources */ = {isa = PBXBuildFile; fileRef = 6732D41322C218E300FB9A5A /* ContextETH.cpp */; };
		6732D41722C218E400FB9A5A /* Context.cpp in Sources */ = {isa = PBXBuildFile; fileRef = 6732D41422C218E400FB9A5A /* Context.cpp */; };
		6732D41C22C218F100FB9A5A /* ApduBuilder.cpp in Sources */ = {isa = PBXBuildFile; fileRef = 6732D41822C218F100FB9A5A /* ApduBuilder.cpp */; };
		6732D41D22C218F100FB9A5A /* Fido.cpp in Sources */ = {isa = PBXBuildFile; fileRef = 6732D41922C218F100FB9A5A /* Fido.cpp */; };
		6732D41E22C218F100FB9A5A /* JubiterHidDevice.cpp in Sources */ = {isa = PBXBuildFile; fileRef = 6732D41A22C218F100FB9A5A /* JubiterHidDevice.cpp */; };
		6732D41F22C218F100FB9A5A /* JubiterBLEDevice.cpp in Sources */ = {isa = PBXBuildFile; fileRef = 6732D41B22C218F100FB9A5A /* JubiterBLEDevice.cpp */; };
		6732D42222C218FF00FB9A5A /* ERC20Abi.cpp in Sources */ = {isa = PBXBuildFile; fileRef = 6732D42022C218FF00FB9A5A /* ERC20Abi.cpp */; };
		6732D42322C218FF00FB9A5A /* ByteConverter.cpp in Sources */ = {isa = PBXBuildFile; fileRef = 6732D42122C218FF00FB9A5A /* ByteConverter.cpp */; };
		6732D42522C2193800FB9A5A /* cashaddr.cc in Sources */ = {isa = PBXBuildFile; fileRef = 6732D42422C2193800FB9A5A /* cashaddr.cc */; };
		6732D42922C2194400FB9A5A /* JubiterBLDImplETH.cpp in Sources */ = {isa = PBXBuildFile; fileRef = 6732D42622C2194400FB9A5A /* JubiterBLDImplETH.cpp */; };
		6732D42A22C2194400FB9A5A /* JubiterBLDImpl.cpp in Sources */ = {isa = PBXBuildFile; fileRef = 6732D42722C2194400FB9A5A /* JubiterBLDImpl.cpp */; };
		6732D42B22C2194400FB9A5A /* JubiterBLDImplBTC.cpp in Sources */ = {isa = PBXBuildFile; fileRef = 6732D42822C2194400FB9A5A /* JubiterBLDImplBTC.cpp */; };
		6732D42E22C2194F00FB9A5A /* util.cpp in Sources */ = {isa = PBXBuildFile; fileRef = 6732D42C22C2194F00FB9A5A /* util.cpp */; };
		6732D42F22C2194F00FB9A5A /* Debug.cpp in Sources */ = {isa = PBXBuildFile; fileRef = 6732D42D22C2194F00FB9A5A /* Debug.cpp */; };
		6732D43422C219BC00FB9A5A /* JUB_SDK.cpp in Sources */ = {isa = PBXBuildFile; fileRef = 6732D43322C219BC00FB9A5A /* JUB_SDK.cpp */; };
		6732D44122C2205400FB9A5A /* bleTransmit.cpp in Sources */ = {isa = PBXBuildFile; fileRef = 6732D43F22C2205400FB9A5A /* bleTransmit.cpp */; };
		6732D44C22C220AD00FB9A5A /* base58.cpp in Sources */ = {isa = PBXBuildFile; fileRef = 6732D44722C220AD00FB9A5A /* base58.cpp */; };
		6732D44D22C220AD00FB9A5A /* bech32.cpp in Sources */ = {isa = PBXBuildFile; fileRef = 6732D44B22C220AD00FB9A5A /* bech32.cpp */; };
		6732D46622C220F300FB9A5A /* sha256.c in Sources */ = {isa = PBXBuildFile; fileRef = 6732D45022C220F100FB9A5A /* sha256.c */; };
		6732D46722C220F300FB9A5A /* sha512.c in Sources */ = {isa = PBXBuildFile; fileRef = 6732D45522C220F200FB9A5A /* sha512.c */; };
		6732D46822C220F300FB9A5A /* md.c in Sources */ = {isa = PBXBuildFile; fileRef = 6732D45822C220F200FB9A5A /* md.c */; };
		6732D46922C220F300FB9A5A /* md4.c in Sources */ = {isa = PBXBuildFile; fileRef = 6732D45922C220F200FB9A5A /* md4.c */; };
		6732D46A22C220F300FB9A5A /* platform.c in Sources */ = {isa = PBXBuildFile; fileRef = 6732D45B22C220F200FB9A5A /* platform.c */; };
		6732D46B22C220F300FB9A5A /* ripemd160.c in Sources */ = {isa = PBXBuildFile; fileRef = 6732D45E22C220F200FB9A5A /* ripemd160.c */; };
		6732D46C22C220F300FB9A5A /* sha1.c in Sources */ = {isa = PBXBuildFile; fileRef = 6732D46022C220F200FB9A5A /* sha1.c */; };
		6732D46D22C220F300FB9A5A /* md_wrap.c in Sources */ = {isa = PBXBuildFile; fileRef = 6732D46122C220F200FB9A5A /* md_wrap.c */; };
		6732D46E22C220F300FB9A5A /* md5.c in Sources */ = {isa = PBXBuildFile; fileRef = 6732D46322C220F200FB9A5A /* md5.c */; };
		6732D46F22C220F300FB9A5A /* md2.c in Sources */ = {isa = PBXBuildFile; fileRef = 6732D46522C220F300FB9A5A /* md2.c */; };
/* End PBXBuildFile section */

/* Begin PBXCopyFilesBuildPhase section */
		EADCCD7122A7B380008F2EF5 /* CopyFiles */ = {
			isa = PBXCopyFilesBuildPhase;
			buildActionMask = 2147483647;
			dstPath = "include/$(PRODUCT_NAME)";
			dstSubfolderSpec = 16;
			files = (
			);
			runOnlyForDeploymentPostprocessing = 0;
		};
/* End PBXCopyFilesBuildPhase section */

/* Begin PBXFileReference section */
		6732D3E722C2175C00FB9A5A /* ContextBTC.h */ = {isa = PBXFileReference; fileEncoding = 4; lastKnownFileType = sourcecode.c.h; name = ContextBTC.h; path = ../../../include/context/ContextBTC.h; sourceTree = "<group>"; };
		6732D3E822C2175C00FB9A5A /* Context.h */ = {isa = PBXFileReference; fileEncoding = 4; lastKnownFileType = sourcecode.c.h; name = Context.h; path = ../../../include/context/Context.h; sourceTree = "<group>"; };
		6732D3E922C2175D00FB9A5A /* ContextETH.h */ = {isa = PBXFileReference; fileEncoding = 4; lastKnownFileType = sourcecode.c.h; name = ContextETH.h; path = ../../../include/context/ContextETH.h; sourceTree = "<group>"; };
		6732D3EB22C2178800FB9A5A /* JubiterBLEDevice.hpp */ = {isa = PBXFileReference; fileEncoding = 4; lastKnownFileType = sourcecode.cpp.h; name = JubiterBLEDevice.hpp; path = ../../../include/device/JubiterBLEDevice.hpp; sourceTree = "<group>"; };
		6732D3EC22C2178800FB9A5A /* DeviceTypeBase.hpp */ = {isa = PBXFileReference; fileEncoding = 4; lastKnownFileType = sourcecode.cpp.h; name = DeviceTypeBase.hpp; path = ../../../include/device/DeviceTypeBase.hpp; sourceTree = "<group>"; };
		6732D3ED22C2178800FB9A5A /* JubiterHidDevice.hpp */ = {isa = PBXFileReference; fileEncoding = 4; lastKnownFileType = sourcecode.cpp.h; name = JubiterHidDevice.hpp; path = ../../../include/device/JubiterHidDevice.hpp; sourceTree = "<group>"; };
		6732D3EE22C2178800FB9A5A /* ApduBuilder.hpp */ = {isa = PBXFileReference; fileEncoding = 4; lastKnownFileType = sourcecode.cpp.h; name = ApduBuilder.hpp; path = ../../../include/device/ApduBuilder.hpp; sourceTree = "<group>"; };
		6732D3EF22C2178800FB9A5A /* DeviceIOLogHelper.hpp */ = {isa = PBXFileReference; fileEncoding = 4; lastKnownFileType = sourcecode.cpp.h; name = DeviceIOLogHelper.hpp; path = ../../../include/device/DeviceIOLogHelper.hpp; sourceTree = "<group>"; };
		6732D3F022C2178800FB9A5A /* Fido.h */ = {isa = PBXFileReference; fileEncoding = 4; lastKnownFileType = sourcecode.c.h; name = Fido.h; path = ../../../include/device/Fido.h; sourceTree = "<group>"; };
		6732D3F122C2179400FB9A5A /* JUB_SDK.h */ = {isa = PBXFileReference; fileEncoding = 4; lastKnownFileType = sourcecode.c.h; path = JUB_SDK.h; sourceTree = "<group>"; };
		6732D3F822C217FE00FB9A5A /* cashaddr.h */ = {isa = PBXFileReference; fileEncoding = 4; lastKnownFileType = sourcecode.c.h; name = cashaddr.h; path = ../../../include/libBCH/cashaddr.h; sourceTree = "<group>"; };
		6732D3F922C217FE00FB9A5A /* libBCH.hpp */ = {isa = PBXFileReference; fileEncoding = 4; lastKnownFileType = sourcecode.cpp.h; name = libBCH.hpp; path = ../../../include/libBCH/libBCH.hpp; sourceTree = "<group>"; };
		6732D3FA22C2180D00FB9A5A /* libBTC.hpp */ = {isa = PBXFileReference; fileEncoding = 4; lastKnownFileType = sourcecode.cpp.h; name = libBTC.hpp; path = ../../../include/libBTC/libBTC.hpp; sourceTree = "<group>"; };
		6732D3FB22C2181900FB9A5A /* ByteConverter.h */ = {isa = PBXFileReference; fileEncoding = 4; lastKnownFileType = sourcecode.c.h; name = ByteConverter.h; path = ../../../include/libETH/ByteConverter.h; sourceTree = "<group>"; };
		6732D3FC22C2181900FB9A5A /* ERC20Abi.h */ = {isa = PBXFileReference; fileEncoding = 4; lastKnownFileType = sourcecode.c.h; name = ERC20Abi.h; path = ../../../include/libETH/ERC20Abi.h; sourceTree = "<group>"; };
		6732D3FD22C2182500FB9A5A /* JubiterBLDImpl.h */ = {isa = PBXFileReference; fileEncoding = 4; lastKnownFileType = sourcecode.c.h; name = JubiterBLDImpl.h; path = ../../../include/token/JubiterBLDImpl.h; sourceTree = "<group>"; };
		6732D3FE22C2183500FB9A5A /* TokenInterface.hpp */ = {isa = PBXFileReference; fileEncoding = 4; lastKnownFileType = sourcecode.cpp.h; name = TokenInterface.hpp; path = ../../../include/token/interface/TokenInterface.hpp; sourceTree = "<group>"; };
		6732D3FF22C2183500FB9A5A /* ETHTokenInterface.hpp */ = {isa = PBXFileReference; fileEncoding = 4; lastKnownFileType = sourcecode.cpp.h; name = ETHTokenInterface.hpp; path = ../../../include/token/interface/ETHTokenInterface.hpp; sourceTree = "<group>"; };
		6732D40022C2183500FB9A5A /* BTCTokenInterface.hpp */ = {isa = PBXFileReference; fileEncoding = 4; lastKnownFileType = sourcecode.cpp.h; name = BTCTokenInterface.hpp; path = ../../../include/token/interface/BTCTokenInterface.hpp; sourceTree = "<group>"; };
		6732D40122C2186A00FB9A5A /* util.hpp */ = {isa = PBXFileReference; fileEncoding = 4; lastKnownFileType = sourcecode.cpp.h; name = util.hpp; path = ../../../include/utility/util.hpp; sourceTree = "<group>"; };
		6732D40222C2186A00FB9A5A /* byteswap.h */ = {isa = PBXFileReference; fileEncoding = 4; lastKnownFileType = sourcecode.c.h; name = byteswap.h; path = ../../../include/utility/byteswap.h; sourceTree = "<group>"; };
		6732D40322C2186A00FB9A5A /* xManager.hpp */ = {isa = PBXFileReference; fileEncoding = 4; lastKnownFileType = sourcecode.cpp.h; name = xManager.hpp; path = ../../../include/utility/xManager.hpp; sourceTree = "<group>"; };
		6732D40422C2186A00FB9A5A /* Apdu.hpp */ = {isa = PBXFileReference; fileEncoding = 4; lastKnownFileType = sourcecode.cpp.h; name = Apdu.hpp; path = ../../../include/utility/Apdu.hpp; sourceTree = "<group>"; };
		6732D40522C2186A00FB9A5A /* CoinType.h */ = {isa = PBXFileReference; fileEncoding = 4; lastKnownFileType = sourcecode.c.h; name = CoinType.h; path = ../../../include/utility/CoinType.h; sourceTree = "<group>"; };
		6732D40622C2186A00FB9A5A /* endian.h */ = {isa = PBXFileReference; fileEncoding = 4; lastKnownFileType = sourcecode.c.h; name = endian.h; path = ../../../include/utility/endian.h; sourceTree = "<group>"; };
		6732D40722C2186A00FB9A5A /* util.h */ = {isa = PBXFileReference; fileEncoding = 4; lastKnownFileType = sourcecode.c.h; name = util.h; path = ../../../include/utility/util.h; sourceTree = "<group>"; };
		6732D40822C2186A00FB9A5A /* Debug.hpp */ = {isa = PBXFileReference; fileEncoding = 4; lastKnownFileType = sourcecode.cpp.h; name = Debug.hpp; path = ../../../include/utility/Debug.hpp; sourceTree = "<group>"; };
		6732D40922C2186A00FB9A5A /* Singleton.h */ = {isa = PBXFileReference; fileEncoding = 4; lastKnownFileType = sourcecode.c.h; name = Singleton.h; path = ../../../include/utility/Singleton.h; sourceTree = "<group>"; };
		6732D40A22C2186A00FB9A5A /* op_codes.h */ = {isa = PBXFileReference; fileEncoding = 4; lastKnownFileType = sourcecode.c.h; name = op_codes.h; path = ../../../include/utility/op_codes.h; sourceTree = "<group>"; };
		6732D40B22C2186A00FB9A5A /* uchar_vector.h */ = {isa = PBXFileReference; fileEncoding = 4; lastKnownFileType = sourcecode.c.h; name = uchar_vector.h; path = ../../../include/utility/uchar_vector.h; sourceTree = "<group>"; };
		6732D41222C218E300FB9A5A /* ContextBTC.cpp */ = {isa = PBXFileReference; fileEncoding = 4; lastKnownFileType = sourcecode.cpp.cpp; name = ContextBTC.cpp; path = ../../src/context/ContextBTC.cpp; sourceTree = "<group>"; };
		6732D41322C218E300FB9A5A /* ContextETH.cpp */ = {isa = PBXFileReference; fileEncoding = 4; lastKnownFileType = sourcecode.cpp.cpp; name = ContextETH.cpp; path = ../../src/context/ContextETH.cpp; sourceTree = "<group>"; };
		6732D41422C218E400FB9A5A /* Context.cpp */ = {isa = PBXFileReference; fileEncoding = 4; lastKnownFileType = sourcecode.cpp.cpp; name = Context.cpp; path = ../../src/context/Context.cpp; sourceTree = "<group>"; };
		6732D41822C218F100FB9A5A /* ApduBuilder.cpp */ = {isa = PBXFileReference; fileEncoding = 4; lastKnownFileType = sourcecode.cpp.cpp; name = ApduBuilder.cpp; path = ../../src/device/ApduBuilder.cpp; sourceTree = "<group>"; };
		6732D41922C218F100FB9A5A /* Fido.cpp */ = {isa = PBXFileReference; fileEncoding = 4; lastKnownFileType = sourcecode.cpp.cpp; name = Fido.cpp; path = ../../src/device/Fido.cpp; sourceTree = "<group>"; };
		6732D41A22C218F100FB9A5A /* JubiterHidDevice.cpp */ = {isa = PBXFileReference; fileEncoding = 4; lastKnownFileType = sourcecode.cpp.cpp; name = JubiterHidDevice.cpp; path = ../../src/device/JubiterHidDevice.cpp; sourceTree = "<group>"; };
		6732D41B22C218F100FB9A5A /* JubiterBLEDevice.cpp */ = {isa = PBXFileReference; fileEncoding = 4; lastKnownFileType = sourcecode.cpp.cpp; name = JubiterBLEDevice.cpp; path = ../../src/device/JubiterBLEDevice.cpp; sourceTree = "<group>"; };
		6732D42022C218FF00FB9A5A /* ERC20Abi.cpp */ = {isa = PBXFileReference; fileEncoding = 4; lastKnownFileType = sourcecode.cpp.cpp; name = ERC20Abi.cpp; path = ../../src/libETH/ERC20Abi.cpp; sourceTree = "<group>"; };
		6732D42122C218FF00FB9A5A /* ByteConverter.cpp */ = {isa = PBXFileReference; fileEncoding = 4; lastKnownFileType = sourcecode.cpp.cpp; name = ByteConverter.cpp; path = ../../src/libETH/ByteConverter.cpp; sourceTree = "<group>"; };
		6732D42422C2193800FB9A5A /* cashaddr.cc */ = {isa = PBXFileReference; fileEncoding = 4; lastKnownFileType = sourcecode.cpp.cpp; name = cashaddr.cc; path = ../../src/libBCH/cashaddr.cc; sourceTree = "<group>"; };
		6732D42622C2194400FB9A5A /* JubiterBLDImplETH.cpp */ = {isa = PBXFileReference; fileEncoding = 4; lastKnownFileType = sourcecode.cpp.cpp; name = JubiterBLDImplETH.cpp; path = ../../src/token/JubiterBLDImplETH.cpp; sourceTree = "<group>"; };
		6732D42722C2194400FB9A5A /* JubiterBLDImpl.cpp */ = {isa = PBXFileReference; fileEncoding = 4; lastKnownFileType = sourcecode.cpp.cpp; name = JubiterBLDImpl.cpp; path = ../../src/token/JubiterBLDImpl.cpp; sourceTree = "<group>"; };
		6732D42822C2194400FB9A5A /* JubiterBLDImplBTC.cpp */ = {isa = PBXFileReference; fileEncoding = 4; lastKnownFileType = sourcecode.cpp.cpp; name = JubiterBLDImplBTC.cpp; path = ../../src/token/JubiterBLDImplBTC.cpp; sourceTree = "<group>"; };
		6732D42C22C2194F00FB9A5A /* util.cpp */ = {isa = PBXFileReference; fileEncoding = 4; lastKnownFileType = sourcecode.cpp.cpp; name = util.cpp; path = ../../src/utility/util.cpp; sourceTree = "<group>"; };
		6732D42D22C2194F00FB9A5A /* Debug.cpp */ = {isa = PBXFileReference; fileEncoding = 4; lastKnownFileType = sourcecode.cpp.cpp; name = Debug.cpp; path = ../../src/utility/Debug.cpp; sourceTree = "<group>"; };
		6732D43322C219BC00FB9A5A /* JUB_SDK.cpp */ = {isa = PBXFileReference; fileEncoding = 4; lastKnownFileType = sourcecode.cpp.cpp; name = JUB_SDK.cpp; path = ../../src/JUB_SDK.cpp; sourceTree = "<group>"; };
		6732D43E22C2205400FB9A5A /* bleTransmitF.h */ = {isa = PBXFileReference; fileEncoding = 4; lastKnownFileType = sourcecode.c.h; name = bleTransmitF.h; path = ../../deps/bleTransmit/bleTransmitF.h; sourceTree = "<group>"; };
		6732D43F22C2205400FB9A5A /* bleTransmit.cpp */ = {isa = PBXFileReference; fileEncoding = 4; lastKnownFileType = sourcecode.cpp.cpp; name = bleTransmit.cpp; path = ../../deps/bleTransmit/bleTransmit.cpp; sourceTree = "<group>"; };
		6732D44022C2205400FB9A5A /* bleTransmit.h */ = {isa = PBXFileReference; fileEncoding = 4; lastKnownFileType = sourcecode.c.h; name = bleTransmit.h; path = ../../deps/bleTransmit/bleTransmit.h; sourceTree = "<group>"; };
		6732D44322C2208000FB9A5A /* ErrorCodesAndMacros.h */ = {isa = PBXFileReference; fileEncoding = 4; lastKnownFileType = sourcecode.c.h; name = ErrorCodesAndMacros.h; path = ../../deps/bleTransmit/ios/ErrorCodesAndMacros.h; sourceTree = "<group>"; };
		6732D44422C2208000FB9A5A /* BLEInterface.h */ = {isa = PBXFileReference; fileEncoding = 4; lastKnownFileType = sourcecode.c.h; name = BLEInterface.h; path = ../../deps/bleTransmit/ios/BLEInterface.h; sourceTree = "<group>"; };
		6732D44522C2208000FB9A5A /* BLETemplate.h */ = {isa = PBXFileReference; fileEncoding = 4; lastKnownFileType = sourcecode.c.h; name = BLETemplate.h; path = ../../deps/bleTransmit/ios/BLETemplate.h; sourceTree = "<group>"; };
		6732D44722C220AD00FB9A5A /* base58.cpp */ = {isa = PBXFileReference; fileEncoding = 4; lastKnownFileType = sourcecode.cpp.cpp; name = base58.cpp; path = ../../deps/formats/base58.cpp; sourceTree = "<group>"; };
		6732D44822C220AD00FB9A5A /* bech32.h */ = {isa = PBXFileReference; fileEncoding = 4; lastKnownFileType = sourcecode.c.h; name = bech32.h; path = ../../deps/formats/bech32.h; sourceTree = "<group>"; };
		6732D44922C220AD00FB9A5A /* hash.h */ = {isa = PBXFileReference; fileEncoding = 4; lastKnownFileType = sourcecode.c.h; name = hash.h; path = ../../deps/formats/hash.h; sourceTree = "<group>"; };
		6732D44A22C220AD00FB9A5A /* base58.h */ = {isa = PBXFileReference; fileEncoding = 4; lastKnownFileType = sourcecode.c.h; name = base58.h; path = ../../deps/formats/base58.h; sourceTree = "<group>"; };
		6732D44B22C220AD00FB9A5A /* bech32.cpp */ = {isa = PBXFileReference; fileEncoding = 4; lastKnownFileType = sourcecode.cpp.cpp; name = bech32.cpp; path = ../../deps/formats/bech32.cpp; sourceTree = "<group>"; };
		6732D45022C220F100FB9A5A /* sha256.c */ = {isa = PBXFileReference; fileEncoding = 4; lastKnownFileType = sourcecode.c.c; name = sha256.c; path = ../../deps/polarssl/sha256.c; sourceTree = "<group>"; };
		6732D45122C220F200FB9A5A /* sha256.h */ = {isa = PBXFileReference; fileEncoding = 4; lastKnownFileType = sourcecode.c.h; name = sha256.h; path = ../../deps/polarssl/sha256.h; sourceTree = "<group>"; };
		6732D45222C220F200FB9A5A /* md.h */ = {isa = PBXFileReference; fileEncoding = 4; lastKnownFileType = sourcecode.c.h; name = md.h; path = ../../deps/polarssl/md.h; sourceTree = "<group>"; };
		6732D45322C220F200FB9A5A /* sha512.h */ = {isa = PBXFileReference; fileEncoding = 4; lastKnownFileType = sourcecode.c.h; name = sha512.h; path = ../../deps/polarssl/sha512.h; sourceTree = "<group>"; };
		6732D45422C220F200FB9A5A /* sha1.h */ = {isa = PBXFileReference; fileEncoding = 4; lastKnownFileType = sourcecode.c.h; name = sha1.h; path = ../../deps/polarssl/sha1.h; sourceTree = "<group>"; };
		6732D45522C220F200FB9A5A /* sha512.c */ = {isa = PBXFileReference; fileEncoding = 4; lastKnownFileType = sourcecode.c.c; name = sha512.c; path = ../../deps/polarssl/sha512.c; sourceTree = "<group>"; };
		6732D45622C220F200FB9A5A /* md2.h */ = {isa = PBXFileReference; fileEncoding = 4; lastKnownFileType = sourcecode.c.h; name = md2.h; path = ../../deps/polarssl/md2.h; sourceTree = "<group>"; };
		6732D45722C220F200FB9A5A /* ripemd160.h */ = {isa = PBXFileReference; fileEncoding = 4; lastKnownFileType = sourcecode.c.h; name = ripemd160.h; path = ../../deps/polarssl/ripemd160.h; sourceTree = "<group>"; };
		6732D45822C220F200FB9A5A /* md.c */ = {isa = PBXFileReference; fileEncoding = 4; lastKnownFileType = sourcecode.c.c; name = md.c; path = ../../deps/polarssl/md.c; sourceTree = "<group>"; };
		6732D45922C220F200FB9A5A /* md4.c */ = {isa = PBXFileReference; fileEncoding = 4; lastKnownFileType = sourcecode.c.c; name = md4.c; path = ../../deps/polarssl/md4.c; sourceTree = "<group>"; };
		6732D45A22C220F200FB9A5A /* md5.h */ = {isa = PBXFileReference; fileEncoding = 4; lastKnownFileType = sourcecode.c.h; name = md5.h; path = ../../deps/polarssl/md5.h; sourceTree = "<group>"; };
		6732D45B22C220F200FB9A5A /* platform.c */ = {isa = PBXFileReference; fileEncoding = 4; lastKnownFileType = sourcecode.c.c; name = platform.c; path = ../../deps/polarssl/platform.c; sourceTree = "<group>"; };
		6732D45C22C220F200FB9A5A /* config.h */ = {isa = PBXFileReference; fileEncoding = 4; lastKnownFileType = sourcecode.c.h; name = config.h; path = ../../deps/polarssl/config.h; sourceTree = "<group>"; };
		6732D45D22C220F200FB9A5A /* platform.h */ = {isa = PBXFileReference; fileEncoding = 4; lastKnownFileType = sourcecode.c.h; name = platform.h; path = ../../deps/polarssl/platform.h; sourceTree = "<group>"; };
		6732D45E22C220F200FB9A5A /* ripemd160.c */ = {isa = PBXFileReference; fileEncoding = 4; lastKnownFileType = sourcecode.c.c; name = ripemd160.c; path = ../../deps/polarssl/ripemd160.c; sourceTree = "<group>"; };
		6732D45F22C220F200FB9A5A /* md_wrap.h */ = {isa = PBXFileReference; fileEncoding = 4; lastKnownFileType = sourcecode.c.h; name = md_wrap.h; path = ../../deps/polarssl/md_wrap.h; sourceTree = "<group>"; };
		6732D46022C220F200FB9A5A /* sha1.c */ = {isa = PBXFileReference; fileEncoding = 4; lastKnownFileType = sourcecode.c.c; name = sha1.c; path = ../../deps/polarssl/sha1.c; sourceTree = "<group>"; };
		6732D46122C220F200FB9A5A /* md_wrap.c */ = {isa = PBXFileReference; fileEncoding = 4; lastKnownFileType = sourcecode.c.c; name = md_wrap.c; path = ../../deps/polarssl/md_wrap.c; sourceTree = "<group>"; };
		6732D46222C220F200FB9A5A /* md4.h */ = {isa = PBXFileReference; fileEncoding = 4; lastKnownFileType = sourcecode.c.h; name = md4.h; path = ../../deps/polarssl/md4.h; sourceTree = "<group>"; };
		6732D46322C220F200FB9A5A /* md5.c */ = {isa = PBXFileReference; fileEncoding = 4; lastKnownFileType = sourcecode.c.c; name = md5.c; path = ../../deps/polarssl/md5.c; sourceTree = "<group>"; };
		6732D46422C220F300FB9A5A /* check_config.h */ = {isa = PBXFileReference; fileEncoding = 4; lastKnownFileType = sourcecode.c.h; name = check_config.h; path = ../../deps/polarssl/check_config.h; sourceTree = "<group>"; };
		6732D46522C220F300FB9A5A /* md2.c */ = {isa = PBXFileReference; fileEncoding = 4; lastKnownFileType = sourcecode.c.c; name = md2.c; path = ../../deps/polarssl/md2.c; sourceTree = "<group>"; };
		EADCCD7322A7B380008F2EF5 /* libJubSDK.a */ = {isa = PBXFileReference; explicitFileType = archive.ar; includeInIndex = 0; path = libJubSDK.a; sourceTree = BUILT_PRODUCTS_DIR; };
/* End PBXFileReference section */

/* Begin PBXFrameworksBuildPhase section */
		EADCCD7022A7B380008F2EF5 /* Frameworks */ = {
			isa = PBXFrameworksBuildPhase;
			buildActionMask = 2147483647;
			files = (
			);
			runOnlyForDeploymentPostprocessing = 0;
		};
/* End PBXFrameworksBuildPhase section */

/* Begin PBXGroup section */
		6732D3E322C2163300FB9A5A /* JubSDK */ = {
			isa = PBXGroup;
			children = (
				6732D3E522C2173400FB9A5A /* include */,
				6732D3E422C2172900FB9A5A /* src */,
			);
			name = JubSDK;
			sourceTree = "<group>";
		};
		6732D3E422C2172900FB9A5A /* src */ = {
			isa = PBXGroup;
			children = (
				6732D40C22C2187B00FB9A5A /* context */,
				6732D40D22C2188600FB9A5A /* device */,
				6732D43322C219BC00FB9A5A /* JUB_SDK.cpp */,
				6732D40E22C2189300FB9A5A /* libBCH */,
				6732D40F22C218A100FB9A5A /* libETH */,
				6732D41022C218AE00FB9A5A /* token */,
				6732D41122C218BB00FB9A5A /* utility */,
			);
			name = src;
			sourceTree = "<group>";
		};
		6732D3E522C2173400FB9A5A /* include */ = {
			isa = PBXGroup;
			children = (
				6732D3E622C2174500FB9A5A /* context */,
				6732D3EA22C2176800FB9A5A /* device */,
				6732D3F122C2179400FB9A5A /* JUB_SDK.h */,
				6732D3F222C217A900FB9A5A /* libBCH */,
				6732D3F322C217B800FB9A5A /* libBTC */,
				6732D3F422C217C600FB9A5A /* libETH */,
				6732D3F522C217D300FB9A5A /* token */,
				6732D3F722C217EB00FB9A5A /* utility */,
			);
			path = include;
			sourceTree = "<group>";
		};
		6732D3E622C2174500FB9A5A /* context */ = {
			isa = PBXGroup;
			children = (
				6732D3E822C2175C00FB9A5A /* Context.h */,
				6732D3E722C2175C00FB9A5A /* ContextBTC.h */,
				6732D3E922C2175D00FB9A5A /* ContextETH.h */,
			);
			name = context;
			sourceTree = "<group>";
		};
		6732D3EA22C2176800FB9A5A /* device */ = {
			isa = PBXGroup;
			children = (
				6732D3EE22C2178800FB9A5A /* ApduBuilder.hpp */,
				6732D3EF22C2178800FB9A5A /* DeviceIOLogHelper.hpp */,
				6732D3EC22C2178800FB9A5A /* DeviceTypeBase.hpp */,
				6732D3F022C2178800FB9A5A /* Fido.h */,
				6732D3EB22C2178800FB9A5A /* JubiterBLEDevice.hpp */,
				6732D3ED22C2178800FB9A5A /* JubiterHidDevice.hpp */,
			);
			name = device;
			sourceTree = "<group>";
		};
		6732D3F222C217A900FB9A5A /* libBCH */ = {
			isa = PBXGroup;
			children = (
				6732D3F822C217FE00FB9A5A /* cashaddr.h */,
				6732D3F922C217FE00FB9A5A /* libBCH.hpp */,
			);
			name = libBCH;
			sourceTree = "<group>";
		};
		6732D3F322C217B800FB9A5A /* libBTC */ = {
			isa = PBXGroup;
			children = (
				6732D3FA22C2180D00FB9A5A /* libBTC.hpp */,
			);
			name = libBTC;
			sourceTree = "<group>";
		};
		6732D3F422C217C600FB9A5A /* libETH */ = {
			isa = PBXGroup;
			children = (
				6732D3FB22C2181900FB9A5A /* ByteConverter.h */,
				6732D3FC22C2181900FB9A5A /* ERC20Abi.h */,
			);
			name = libETH;
			sourceTree = "<group>";
		};
		6732D3F522C217D300FB9A5A /* token */ = {
			isa = PBXGroup;
			children = (
				6732D3F622C217E100FB9A5A /* interface */,
				6732D3FD22C2182500FB9A5A /* JubiterBLDImpl.h */,
			);
			name = token;
			sourceTree = "<group>";
		};
		6732D3F622C217E100FB9A5A /* interface */ = {
			isa = PBXGroup;
			children = (
				6732D40022C2183500FB9A5A /* BTCTokenInterface.hpp */,
				6732D3FF22C2183500FB9A5A /* ETHTokenInterface.hpp */,
				6732D3FE22C2183500FB9A5A /* TokenInterface.hpp */,
			);
			name = interface;
			sourceTree = "<group>";
		};
		6732D3F722C217EB00FB9A5A /* utility */ = {
			isa = PBXGroup;
			children = (
				6732D40422C2186A00FB9A5A /* Apdu.hpp */,
				6732D40222C2186A00FB9A5A /* byteswap.h */,
				6732D40522C2186A00FB9A5A /* CoinType.h */,
				6732D40822C2186A00FB9A5A /* Debug.hpp */,
				6732D40622C2186A00FB9A5A /* endian.h */,
				6732D40A22C2186A00FB9A5A /* op_codes.h */,
				6732D40922C2186A00FB9A5A /* Singleton.h */,
				6732D40B22C2186A00FB9A5A /* uchar_vector.h */,
				6732D40722C2186A00FB9A5A /* util.h */,
				6732D40122C2186A00FB9A5A /* util.hpp */,
				6732D40322C2186A00FB9A5A /* xManager.hpp */,
			);
			name = utility;
			sourceTree = "<group>";
		};
		6732D40C22C2187B00FB9A5A /* context */ = {
			isa = PBXGroup;
			children = (
				6732D41422C218E400FB9A5A /* Context.cpp */,
				6732D41222C218E300FB9A5A /* ContextBTC.cpp */,
				6732D41322C218E300FB9A5A /* ContextETH.cpp */,
			);
			name = context;
			sourceTree = "<group>";
		};
		6732D40D22C2188600FB9A5A /* device */ = {
			isa = PBXGroup;
			children = (
				6732D41822C218F100FB9A5A /* ApduBuilder.cpp */,
				6732D41922C218F100FB9A5A /* Fido.cpp */,
				6732D41B22C218F100FB9A5A /* JubiterBLEDevice.cpp */,
				6732D41A22C218F100FB9A5A /* JubiterHidDevice.cpp */,
			);
			name = device;
			sourceTree = "<group>";
		};
		6732D40E22C2189300FB9A5A /* libBCH */ = {
			isa = PBXGroup;
			children = (
				6732D42422C2193800FB9A5A /* cashaddr.cc */,
			);
			name = libBCH;
			sourceTree = "<group>";
		};
		6732D40F22C218A100FB9A5A /* libETH */ = {
			isa = PBXGroup;
			children = (
				6732D42122C218FF00FB9A5A /* ByteConverter.cpp */,
				6732D42022C218FF00FB9A5A /* ERC20Abi.cpp */,
			);
			name = libETH;
			sourceTree = "<group>";
		};
		6732D41022C218AE00FB9A5A /* token */ = {
			isa = PBXGroup;
			children = (
				6732D42722C2194400FB9A5A /* JubiterBLDImpl.cpp */,
				6732D42822C2194400FB9A5A /* JubiterBLDImplBTC.cpp */,
				6732D42622C2194400FB9A5A /* JubiterBLDImplETH.cpp */,
			);
			name = token;
			sourceTree = "<group>";
		};
		6732D41122C218BB00FB9A5A /* utility */ = {
			isa = PBXGroup;
			children = (
				6732D42D22C2194F00FB9A5A /* Debug.cpp */,
				6732D42C22C2194F00FB9A5A /* util.cpp */,
			);
			name = utility;
			sourceTree = "<group>";
		};
		6732D43C22C2200A00FB9A5A /* deps */ = {
			isa = PBXGroup;
			children = (
				6732D43D22C2204200FB9A5A /* bleTransmit */,
				6732D44622C2209600FB9A5A /* formats */,
				6732D44E22C220BD00FB9A5A /* polarssl */,
			);
			name = deps;
			sourceTree = "<group>";
		};
		6732D43D22C2204200FB9A5A /* bleTransmit */ = {
			isa = PBXGroup;
			children = (
				6732D43F22C2205400FB9A5A /* bleTransmit.cpp */,
				6732D44022C2205400FB9A5A /* bleTransmit.h */,
				6732D43E22C2205400FB9A5A /* bleTransmitF.h */,
				6732D44222C2206700FB9A5A /* ios */,
			);
			name = bleTransmit;
			sourceTree = "<group>";
		};
		6732D44222C2206700FB9A5A /* ios */ = {
			isa = PBXGroup;
			children = (
				6732D44422C2208000FB9A5A /* BLEInterface.h */,
				6732D44522C2208000FB9A5A /* BLETemplate.h */,
				6732D44322C2208000FB9A5A /* ErrorCodesAndMacros.h */,
			);
			name = ios;
			sourceTree = "<group>";
		};
		6732D44622C2209600FB9A5A /* formats */ = {
			isa = PBXGroup;
			children = (
				6732D44722C220AD00FB9A5A /* base58.cpp */,
				6732D44A22C220AD00FB9A5A /* base58.h */,
				6732D44B22C220AD00FB9A5A /* bech32.cpp */,
				6732D44822C220AD00FB9A5A /* bech32.h */,
				6732D44922C220AD00FB9A5A /* hash.h */,
			);
			name = formats;
			sourceTree = "<group>";
		};
		6732D44E22C220BD00FB9A5A /* polarssl */ = {
			isa = PBXGroup;
			children = (
				6732D46422C220F300FB9A5A /* check_config.h */,
				6732D45C22C220F200FB9A5A /* config.h */,
				6732D46122C220F200FB9A5A /* md_wrap.c */,
				6732D45F22C220F200FB9A5A /* md_wrap.h */,
				6732D45822C220F200FB9A5A /* md.c */,
				6732D45222C220F200FB9A5A /* md.h */,
				6732D46522C220F300FB9A5A /* md2.c */,
				6732D45622C220F200FB9A5A /* md2.h */,
				6732D45922C220F200FB9A5A /* md4.c */,
				6732D46222C220F200FB9A5A /* md4.h */,
				6732D46322C220F200FB9A5A /* md5.c */,
				6732D45A22C220F200FB9A5A /* md5.h */,
				6732D45B22C220F200FB9A5A /* platform.c */,
				6732D45D22C220F200FB9A5A /* platform.h */,
				6732D45E22C220F200FB9A5A /* ripemd160.c */,
				6732D45722C220F200FB9A5A /* ripemd160.h */,
				6732D46022C220F200FB9A5A /* sha1.c */,
				6732D45422C220F200FB9A5A /* sha1.h */,
				6732D45022C220F100FB9A5A /* sha256.c */,
				6732D45122C220F200FB9A5A /* sha256.h */,
				6732D45522C220F200FB9A5A /* sha512.c */,
				6732D45322C220F200FB9A5A /* sha512.h */,
			);
			name = polarssl;
			sourceTree = "<group>";
		};
		EADCCD6A22A7B380008F2EF5 = {
			isa = PBXGroup;
			children = (
				6732D3E322C2163300FB9A5A /* JubSDK */,
				EADCCD7422A7B380008F2EF5 /* Products */,
				6732D43C22C2200A00FB9A5A /* deps */,
			);
			sourceTree = "<group>";
		};
		EADCCD7422A7B380008F2EF5 /* Products */ = {
			isa = PBXGroup;
			children = (
				EADCCD7322A7B380008F2EF5 /* libJubSDK.a */,
			);
			name = Products;
			sourceTree = "<group>";
		};
/* End PBXGroup section */

/* Begin PBXNativeTarget section */
		EADCCD7222A7B380008F2EF5 /* JubSDK */ = {
			isa = PBXNativeTarget;
			buildConfigurationList = EADCCD7C22A7B380008F2EF5 /* Build configuration list for PBXNativeTarget "JubSDK" */;
			buildPhases = (
				EADCCD6F22A7B380008F2EF5 /* Sources */,
				EADCCD7022A7B380008F2EF5 /* Frameworks */,
				EADCCD7122A7B380008F2EF5 /* CopyFiles */,
			);
			buildRules = (
			);
			dependencies = (
			);
			name = JubSDK;
			productName = JubSDK;
			productReference = EADCCD7322A7B380008F2EF5 /* libJubSDK.a */;
			productType = "com.apple.product-type.library.static";
		};
/* End PBXNativeTarget section */

/* Begin PBXProject section */
		EADCCD6B22A7B380008F2EF5 /* Project object */ = {
			isa = PBXProject;
			attributes = {
				LastUpgradeCheck = 1020;
				ORGANIZATIONNAME = sherlockirene;
				TargetAttributes = {
					EADCCD7222A7B380008F2EF5 = {
						CreatedOnToolsVersion = 10.2.1;
					};
				};
			};
			buildConfigurationList = EADCCD6E22A7B380008F2EF5 /* Build configuration list for PBXProject "JubSDK" */;
			compatibilityVersion = "Xcode 9.3";
			developmentRegion = en;
			hasScannedForEncodings = 0;
			knownRegions = (
				en,
			);
			mainGroup = EADCCD6A22A7B380008F2EF5;
			productRefGroup = EADCCD7422A7B380008F2EF5 /* Products */;
			projectDirPath = "";
			projectRoot = "";
			targets = (
				EADCCD7222A7B380008F2EF5 /* JubSDK */,
			);
		};
/* End PBXProject section */

/* Begin PBXSourcesBuildPhase section */
		EADCCD6F22A7B380008F2EF5 /* Sources */ = {
			isa = PBXSourcesBuildPhase;
			buildActionMask = 2147483647;
			files = (
				6732D46E22C220F300FB9A5A /* md5.c in Sources */,
				6732D46D22C220F300FB9A5A /* md_wrap.c in Sources */,
				6732D46C22C220F300FB9A5A /* sha1.c in Sources */,
				6732D46822C220F300FB9A5A /* md.c in Sources */,
				6732D42A22C2194400FB9A5A /* JubiterBLDImpl.cpp in Sources */,
				6732D42322C218FF00FB9A5A /* ByteConverter.cpp in Sources */,
				6732D41722C218E400FB9A5A /* Context.cpp in Sources */,
				6732D46B22C220F300FB9A5A /* ripemd160.c in Sources */,
				6732D41F22C218F100FB9A5A /* JubiterBLEDevice.cpp in Sources */,
				6732D46722C220F300FB9A5A /* sha512.c in Sources */,
				6732D44122C2205400FB9A5A /* bleTransmit.cpp in Sources */,
				6732D46922C220F300FB9A5A /* md4.c in Sources */,
				6732D46A22C220F300FB9A5A /* platform.c in Sources */,
				6732D41C22C218F100FB9A5A /* ApduBuilder.cpp in Sources */,
				6732D41522C218E400FB9A5A /* ContextBTC.cpp in Sources */,
				6732D41622C218E400FB9A5A /* ContextETH.cpp in Sources */,
				6732D42222C218FF00FB9A5A /* ERC20Abi.cpp in Sources */,
				6732D44C22C220AD00FB9A5A /* base58.cpp in Sources */,
				6732D46F22C220F300FB9A5A /* md2.c in Sources */,
				6732D46622C220F300FB9A5A /* sha256.c in Sources */,
				6732D41D22C218F100FB9A5A /* Fido.cpp in Sources */,
				6732D42E22C2194F00FB9A5A /* util.cpp in Sources */,
				6732D42922C2194400FB9A5A /* JubiterBLDImplETH.cpp in Sources */,
				6732D42F22C2194F00FB9A5A /* Debug.cpp in Sources */,
				6732D44D22C220AD00FB9A5A /* bech32.cpp in Sources */,
				6732D41E22C218F100FB9A5A /* JubiterHidDevice.cpp in Sources */,
				6732D42522C2193800FB9A5A /* cashaddr.cc in Sources */,
				6732D43422C219BC00FB9A5A /* JUB_SDK.cpp in Sources */,
				6732D42B22C2194400FB9A5A /* JubiterBLDImplBTC.cpp in Sources */,
			);
			runOnlyForDeploymentPostprocessing = 0;
		};
/* End PBXSourcesBuildPhase section */

/* Begin XCBuildConfiguration section */
		EADCCD7A22A7B380008F2EF5 /* Debug */ = {
			isa = XCBuildConfiguration;
			buildSettings = {
				ALWAYS_SEARCH_USER_PATHS = NO;
				CLANG_ANALYZER_NONNULL = YES;
				CLANG_ANALYZER_NUMBER_OBJECT_CONVERSION = YES_AGGRESSIVE;
				CLANG_CXX_LANGUAGE_STANDARD = "gnu++14";
				CLANG_CXX_LIBRARY = "libc++";
				CLANG_ENABLE_MODULES = YES;
				CLANG_ENABLE_OBJC_ARC = YES;
				CLANG_ENABLE_OBJC_WEAK = YES;
				CLANG_WARN_BLOCK_CAPTURE_AUTORELEASING = YES;
				CLANG_WARN_BOOL_CONVERSION = YES;
				CLANG_WARN_COMMA = YES;
				CLANG_WARN_CONSTANT_CONVERSION = YES;
				CLANG_WARN_DEPRECATED_OBJC_IMPLEMENTATIONS = YES;
				CLANG_WARN_DIRECT_OBJC_ISA_USAGE = YES_ERROR;
				CLANG_WARN_DOCUMENTATION_COMMENTS = YES;
				CLANG_WARN_EMPTY_BODY = YES;
				CLANG_WARN_ENUM_CONVERSION = YES;
				CLANG_WARN_INFINITE_RECURSION = YES;
				CLANG_WARN_INT_CONVERSION = YES;
				CLANG_WARN_NON_LITERAL_NULL_CONVERSION = YES;
				CLANG_WARN_OBJC_IMPLICIT_RETAIN_SELF = YES;
				CLANG_WARN_OBJC_LITERAL_CONVERSION = YES;
				CLANG_WARN_OBJC_ROOT_CLASS = YES_ERROR;
				CLANG_WARN_RANGE_LOOP_ANALYSIS = YES;
				CLANG_WARN_STRICT_PROTOTYPES = YES;
				CLANG_WARN_SUSPICIOUS_MOVE = YES;
				CLANG_WARN_UNGUARDED_AVAILABILITY = YES_AGGRESSIVE;
				CLANG_WARN_UNREACHABLE_CODE = YES;
				CLANG_WARN__DUPLICATE_METHOD_MATCH = YES;
				CODE_SIGN_IDENTITY = "iPhone Developer";
				COPY_PHASE_STRIP = NO;
				DEBUG_INFORMATION_FORMAT = dwarf;
				ENABLE_STRICT_OBJC_MSGSEND = YES;
				ENABLE_TESTABILITY = YES;
				GCC_C_LANGUAGE_STANDARD = gnu11;
				GCC_DYNAMIC_NO_PIC = NO;
				GCC_NO_COMMON_BLOCKS = YES;
				GCC_OPTIMIZATION_LEVEL = 0;
				GCC_PREPROCESSOR_DEFINITIONS = (
					"DEBUG=1",
					"$(inherited)",
				);
				GCC_WARN_64_TO_32_BIT_CONVERSION = YES;
				GCC_WARN_ABOUT_RETURN_TYPE = YES_ERROR;
				GCC_WARN_UNDECLARED_SELECTOR = YES;
				GCC_WARN_UNINITIALIZED_AUTOS = YES_AGGRESSIVE;
				GCC_WARN_UNUSED_FUNCTION = YES;
				GCC_WARN_UNUSED_VARIABLE = YES;
				IPHONEOS_DEPLOYMENT_TARGET = 12.2;
				MTL_ENABLE_DEBUG_INFO = INCLUDE_SOURCE;
				MTL_FAST_MATH = YES;
				ONLY_ACTIVE_ARCH = YES;
				SDKROOT = iphoneos;
			};
			name = Debug;
		};
		EADCCD7B22A7B380008F2EF5 /* Release */ = {
			isa = XCBuildConfiguration;
			buildSettings = {
				ALWAYS_SEARCH_USER_PATHS = NO;
				CLANG_ANALYZER_NONNULL = YES;
				CLANG_ANALYZER_NUMBER_OBJECT_CONVERSION = YES_AGGRESSIVE;
				CLANG_CXX_LANGUAGE_STANDARD = "gnu++14";
				CLANG_CXX_LIBRARY = "libc++";
				CLANG_ENABLE_MODULES = YES;
				CLANG_ENABLE_OBJC_ARC = YES;
				CLANG_ENABLE_OBJC_WEAK = YES;
				CLANG_WARN_BLOCK_CAPTURE_AUTORELEASING = YES;
				CLANG_WARN_BOOL_CONVERSION = YES;
				CLANG_WARN_COMMA = YES;
				CLANG_WARN_CONSTANT_CONVERSION = YES;
				CLANG_WARN_DEPRECATED_OBJC_IMPLEMENTATIONS = YES;
				CLANG_WARN_DIRECT_OBJC_ISA_USAGE = YES_ERROR;
				CLANG_WARN_DOCUMENTATION_COMMENTS = YES;
				CLANG_WARN_EMPTY_BODY = YES;
				CLANG_WARN_ENUM_CONVERSION = YES;
				CLANG_WARN_INFINITE_RECURSION = YES;
				CLANG_WARN_INT_CONVERSION = YES;
				CLANG_WARN_NON_LITERAL_NULL_CONVERSION = YES;
				CLANG_WARN_OBJC_IMPLICIT_RETAIN_SELF = YES;
				CLANG_WARN_OBJC_LITERAL_CONVERSION = YES;
				CLANG_WARN_OBJC_ROOT_CLASS = YES_ERROR;
				CLANG_WARN_RANGE_LOOP_ANALYSIS = YES;
				CLANG_WARN_STRICT_PROTOTYPES = YES;
				CLANG_WARN_SUSPICIOUS_MOVE = YES;
				CLANG_WARN_UNGUARDED_AVAILABILITY = YES_AGGRESSIVE;
				CLANG_WARN_UNREACHABLE_CODE = YES;
				CLANG_WARN__DUPLICATE_METHOD_MATCH = YES;
				CODE_SIGN_IDENTITY = "iPhone Developer";
				COPY_PHASE_STRIP = NO;
				DEBUG_INFORMATION_FORMAT = "dwarf-with-dsym";
				ENABLE_NS_ASSERTIONS = NO;
				ENABLE_STRICT_OBJC_MSGSEND = YES;
				GCC_C_LANGUAGE_STANDARD = gnu11;
				GCC_NO_COMMON_BLOCKS = YES;
				GCC_WARN_64_TO_32_BIT_CONVERSION = YES;
				GCC_WARN_ABOUT_RETURN_TYPE = YES_ERROR;
				GCC_WARN_UNDECLARED_SELECTOR = YES;
				GCC_WARN_UNINITIALIZED_AUTOS = YES_AGGRESSIVE;
				GCC_WARN_UNUSED_FUNCTION = YES;
				GCC_WARN_UNUSED_VARIABLE = YES;
				IPHONEOS_DEPLOYMENT_TARGET = 12.2;
				MTL_ENABLE_DEBUG_INFO = NO;
				MTL_FAST_MATH = YES;
				SDKROOT = iphoneos;
				VALIDATE_PRODUCT = YES;
			};
			name = Release;
		};
		EADCCD7D22A7B380008F2EF5 /* Debug */ = {
			isa = XCBuildConfiguration;
			buildSettings = {
				CODE_SIGN_STYLE = Automatic;
				DEVELOPMENT_TEAM = MD27BY8JFU;
				HEADER_SEARCH_PATHS = (
					../../include,
					../../deps,
					../../deps/bleTransmit,
					../../deps/bleTransmit/ios,
				);
				OTHER_LDFLAGS = "-ObjC";
				PRODUCT_NAME = "$(TARGET_NAME)";
				SKIP_INSTALL = YES;
				TARGETED_DEVICE_FAMILY = "1,2";
			};
			name = Debug;
		};
		EADCCD7E22A7B380008F2EF5 /* Release */ = {
			isa = XCBuildConfiguration;
			buildSettings = {
				CODE_SIGN_STYLE = Automatic;
				DEVELOPMENT_TEAM = MD27BY8JFU;
				HEADER_SEARCH_PATHS = (
					../../include,
					../../deps,
					../../deps/bleTransmit,
					../../deps/bleTransmit/ios,
				);
				OTHER_LDFLAGS = "-ObjC";
				PRODUCT_NAME = "$(TARGET_NAME)";
				SKIP_INSTALL = YES;
				TARGETED_DEVICE_FAMILY = "1,2";
			};
			name = Release;
		};
/* End XCBuildConfiguration section */

/* Begin XCConfigurationList section */
		EADCCD6E22A7B380008F2EF5 /* Build configuration list for PBXProject "JubSDK" */ = {
			isa = XCConfigurationList;
			buildConfigurations = (
				EADCCD7A22A7B380008F2EF5 /* Debug */,
				EADCCD7B22A7B380008F2EF5 /* Release */,
			);
			defaultConfigurationIsVisible = 0;
			defaultConfigurationName = Release;
		};
		EADCCD7C22A7B380008F2EF5 /* Build configuration list for PBXNativeTarget "JubSDK" */ = {
			isa = XCConfigurationList;
			buildConfigurations = (
				EADCCD7D22A7B380008F2EF5 /* Debug */,
				EADCCD7E22A7B380008F2EF5 /* Release */,
			);
			defaultConfigurationIsVisible = 0;
			defaultConfigurationName = Release;
		};
/* End XCConfigurationList section */
	};
	rootObject = EADCCD6B22A7B380008F2EF5 /* Project object */;
}
