// !$*UTF8*$!
{
	archiveVersion = 1;
	classes = {
	};
	objectVersion = 50;
	objects = {

/* Begin PBXBuildFile section */
		6723139E22D3083F005BEFCC /* base58.cpp in Sources */ = {isa = PBXBuildFile; fileRef = 6723139B22D3083F005BEFCC /* base58.cpp */; };
		6723139F22D3083F005BEFCC /* bech32.cpp in Sources */ = {isa = PBXBuildFile; fileRef = 6723139D22D3083F005BEFCC /* bech32.cpp */; };
		672313A322D30A12005BEFCC /* cashaddr.cc in Sources */ = {isa = PBXBuildFile; fileRef = 672313A122D30A12005BEFCC /* cashaddr.cc */; };
		672C95FB22DF40BA0073AB0D /* JUB_SDK_BTC.cpp in Sources */ = {isa = PBXBuildFile; fileRef = 672C95F922DF40BA0073AB0D /* JUB_SDK_BTC.cpp */; };
		672C960422DF430A0073AB0D /* JUB_SDK_ETH.cpp in Sources */ = {isa = PBXBuildFile; fileRef = 672C960322DF430A0073AB0D /* JUB_SDK_ETH.cpp */; };
		672C960B22DF44800073AB0D /* JUB_SDK_DEV_HID.cpp in Sources */ = {isa = PBXBuildFile; fileRef = 672C960922DF44800073AB0D /* JUB_SDK_DEV_HID.cpp */; };
		672C960E22DF45300073AB0D /* JUB_SDK_DEV.cpp in Sources */ = {isa = PBXBuildFile; fileRef = 672C960C22DF45300073AB0D /* JUB_SDK_DEV.cpp */; };
		672C961222DF46A70073AB0D /* JUB_SDK_DEV_BLE.cpp in Sources */ = {isa = PBXBuildFile; fileRef = 672C961022DF46A70073AB0D /* JUB_SDK_DEV_BLE.cpp */; };
		67B9563622DC707600E90AF9 /* Data.cpp in Sources */ = {isa = PBXBuildFile; fileRef = 67B9563522DC707600E90AF9 /* Data.cpp */; };
		67C4B5AC22CEFB6A00F85860 /* BigInteger.cc in Sources */ = {isa = PBXBuildFile; fileRef = 67C4B5A322CEFB6A00F85860 /* BigInteger.cc */; };
		67C4B5AD22CEFB6A00F85860 /* BigUnsigned.cc in Sources */ = {isa = PBXBuildFile; fileRef = 67C4B5A422CEFB6A00F85860 /* BigUnsigned.cc */; };
		67C4B5AE22CEFB6A00F85860 /* BigIntegerAlgorithms.cc in Sources */ = {isa = PBXBuildFile; fileRef = 67C4B5A622CEFB6A00F85860 /* BigIntegerAlgorithms.cc */; };
		67C4B5AF22CEFB6A00F85860 /* BigIntegerUtils.cc in Sources */ = {isa = PBXBuildFile; fileRef = 67C4B5A822CEFB6A00F85860 /* BigIntegerUtils.cc */; };
		67C4B5B022CEFB6A00F85860 /* BigUnsignedInABase.cc in Sources */ = {isa = PBXBuildFile; fileRef = 67C4B5AA22CEFB6A00F85860 /* BigUnsignedInABase.cc */; };
		EADCCDB822A7C21C008F2EF5 /* bleTransmit.cpp in Sources */ = {isa = PBXBuildFile; fileRef = EADCCDB522A7C21B008F2EF5 /* bleTransmit.cpp */; };
		EADCCDD022A7C25D008F2EF5 /* md4.c in Sources */ = {isa = PBXBuildFile; fileRef = EADCCDBD22A7C25D008F2EF5 /* md4.c */; };
		EADCCDD122A7C25D008F2EF5 /* sha1.c in Sources */ = {isa = PBXBuildFile; fileRef = EADCCDC122A7C25D008F2EF5 /* sha1.c */; };
		EADCCDD222A7C25D008F2EF5 /* platform.c in Sources */ = {isa = PBXBuildFile; fileRef = EADCCDC322A7C25D008F2EF5 /* platform.c */; };
		EADCCDD322A7C25D008F2EF5 /* ripemd160.c in Sources */ = {isa = PBXBuildFile; fileRef = EADCCDC622A7C25D008F2EF5 /* ripemd160.c */; };
		EADCCDD422A7C25D008F2EF5 /* md2.c in Sources */ = {isa = PBXBuildFile; fileRef = EADCCDC822A7C25D008F2EF5 /* md2.c */; };
		EADCCDD522A7C25D008F2EF5 /* md_wrap.c in Sources */ = {isa = PBXBuildFile; fileRef = EADCCDC922A7C25D008F2EF5 /* md_wrap.c */; };
		EADCCDD622A7C25D008F2EF5 /* sha256.c in Sources */ = {isa = PBXBuildFile; fileRef = EADCCDCB22A7C25D008F2EF5 /* sha256.c */; };
		EADCCDD722A7C25D008F2EF5 /* md5.c in Sources */ = {isa = PBXBuildFile; fileRef = EADCCDCC22A7C25D008F2EF5 /* md5.c */; };
		EADCCDD822A7C25D008F2EF5 /* sha512.c in Sources */ = {isa = PBXBuildFile; fileRef = EADCCDCD22A7C25D008F2EF5 /* sha512.c */; };
		EADCCDD922A7C25D008F2EF5 /* md.c in Sources */ = {isa = PBXBuildFile; fileRef = EADCCDCE22A7C25D008F2EF5 /* md.c */; };
		EADCCE1B22A7D6BA008F2EF5 /* JubiterBLDImplETH.cpp in Sources */ = {isa = PBXBuildFile; fileRef = EADCCE0522A7D6BA008F2EF5 /* JubiterBLDImplETH.cpp */; };
		EADCCE1C22A7D6BA008F2EF5 /* JubiterBLDImpl.cpp in Sources */ = {isa = PBXBuildFile; fileRef = EADCCE0622A7D6BA008F2EF5 /* JubiterBLDImpl.cpp */; };
		EADCCE1D22A7D6BA008F2EF5 /* JubiterBLDImplBTC.cpp in Sources */ = {isa = PBXBuildFile; fileRef = EADCCE0722A7D6BA008F2EF5 /* JubiterBLDImplBTC.cpp */; };
		EADCCE1E22A7D6BA008F2EF5 /* Context.cpp in Sources */ = {isa = PBXBuildFile; fileRef = EADCCE0A22A7D6BA008F2EF5 /* Context.cpp */; };
		EADCCE1F22A7D6BA008F2EF5 /* ContextBTC.cpp in Sources */ = {isa = PBXBuildFile; fileRef = EADCCE0B22A7D6BA008F2EF5 /* ContextBTC.cpp */; };
		EADCCE2022A7D6BA008F2EF5 /* ContextETH.cpp in Sources */ = {isa = PBXBuildFile; fileRef = EADCCE0C22A7D6BA008F2EF5 /* ContextETH.cpp */; };
		EADCCE2322A7D6BA008F2EF5 /* ERC20Abi.cpp in Sources */ = {isa = PBXBuildFile; fileRef = EADCCE1122A7D6BA008F2EF5 /* ERC20Abi.cpp */; };
		EADCCE2422A7D6BA008F2EF5 /* JUB_SDK.cpp in Sources */ = {isa = PBXBuildFile; fileRef = EADCCE1222A7D6BA008F2EF5 /* JUB_SDK.cpp */; };
		EADCCE2522A7D6BA008F2EF5 /* JubiterHidDevice.cpp in Sources */ = {isa = PBXBuildFile; fileRef = EADCCE1422A7D6BA008F2EF5 /* JubiterHidDevice.cpp */; };
		EADCCE2622A7D6BA008F2EF5 /* JubiterBLEDevice.cpp in Sources */ = {isa = PBXBuildFile; fileRef = EADCCE1522A7D6BA008F2EF5 /* JubiterBLEDevice.cpp */; };
		EADCCE2722A7D6BA008F2EF5 /* ApduBuilder.cpp in Sources */ = {isa = PBXBuildFile; fileRef = EADCCE1722A7D6BA008F2EF5 /* ApduBuilder.cpp */; };
		EADCCE2822A7D6BA008F2EF5 /* Fido.cpp in Sources */ = {isa = PBXBuildFile; fileRef = EADCCE1822A7D6BA008F2EF5 /* Fido.cpp */; };
		EADCCE2922A7D6BA008F2EF5 /* util.cpp in Sources */ = {isa = PBXBuildFile; fileRef = EADCCE1A22A7D6BA008F2EF5 /* util.cpp */; };
/* End PBXBuildFile section */

/* Begin PBXCopyFilesBuildPhase section */
		EADCCD7122A7B380008F2EF5 /* CopyFiles */ = {
			isa = PBXCopyFilesBuildPhase;
			buildActionMask = 2147483647;
			dstPath = "include/$(PRODUCT_NAME)";
			dstSubfolderSpec = 16;
			files = (
			);
			runOnlyForDeploymentPostprocessing = 0;
		};
/* End PBXCopyFilesBuildPhase section */

/* Begin PBXFileReference section */
		6723139922D3083F005BEFCC /* bech32.h */ = {isa = PBXFileReference; fileEncoding = 4; lastKnownFileType = sourcecode.c.h; name = bech32.h; path = ../../../../../deps/bitcoin/bech32.h; sourceTree = "<group>"; };
		6723139A22D3083F005BEFCC /* hash.h */ = {isa = PBXFileReference; fileEncoding = 4; lastKnownFileType = sourcecode.c.h; name = hash.h; path = ../../../../../deps/bitcoin/hash.h; sourceTree = "<group>"; };
		6723139B22D3083F005BEFCC /* base58.cpp */ = {isa = PBXFileReference; fileEncoding = 4; lastKnownFileType = sourcecode.cpp.cpp; name = base58.cpp; path = ../../../../../deps/bitcoin/base58.cpp; sourceTree = "<group>"; };
		6723139C22D3083F005BEFCC /* base58.h */ = {isa = PBXFileReference; fileEncoding = 4; lastKnownFileType = sourcecode.c.h; name = base58.h; path = ../../../../../deps/bitcoin/base58.h; sourceTree = "<group>"; };
		6723139D22D3083F005BEFCC /* bech32.cpp */ = {isa = PBXFileReference; fileEncoding = 4; lastKnownFileType = sourcecode.cpp.cpp; name = bech32.cpp; path = ../../../../../deps/bitcoin/bech32.cpp; sourceTree = "<group>"; };
		672313A122D30A12005BEFCC /* cashaddr.cc */ = {isa = PBXFileReference; fileEncoding = 4; lastKnownFileType = sourcecode.cpp.cpp; name = cashaddr.cc; path = ../../../../../deps/bitcoinABC/cashaddr.cc; sourceTree = "<group>"; };
		672313A222D30A12005BEFCC /* cashaddr.h */ = {isa = PBXFileReference; fileEncoding = 4; lastKnownFileType = sourcecode.c.h; name = cashaddr.h; path = ../../../../../deps/bitcoinABC/cashaddr.h; sourceTree = "<group>"; };
		672313A522D30BCA005BEFCC /* byteswap.h */ = {isa = PBXFileReference; fileEncoding = 4; lastKnownFileType = sourcecode.c.h; name = byteswap.h; path = ../../../../../deps/bitcoin/compat/byteswap.h; sourceTree = "<group>"; };
		672313A622D30C65005BEFCC /* endian.h */ = {isa = PBXFileReference; fileEncoding = 4; lastKnownFileType = sourcecode.c.h; name = endian.h; path = ../../../../../deps/bitcoin/compat/endian.h; sourceTree = "<group>"; };
		672313A822D3406D005BEFCC /* util.h */ = {isa = PBXFileReference; fileEncoding = 4; lastKnownFileType = sourcecode.c.h; path = util.h; sourceTree = "<group>"; };
		672C95F922DF40BA0073AB0D /* JUB_SDK_BTC.cpp */ = {isa = PBXFileReference; lastKnownFileType = sourcecode.cpp.cpp; path = JUB_SDK_BTC.cpp; sourceTree = "<group>"; };
		672C95FC22DF41050073AB0D /* JUB_SDK_BTC.h */ = {isa = PBXFileReference; fileEncoding = 4; lastKnownFileType = sourcecode.c.h; path = JUB_SDK_BTC.h; sourceTree = "<group>"; };
		672C960222DF42F80073AB0D /* JUB_SDK_ETH.h */ = {isa = PBXFileReference; fileEncoding = 4; lastKnownFileType = sourcecode.c.h; path = JUB_SDK_ETH.h; sourceTree = "<group>"; };
		672C960322DF430A0073AB0D /* JUB_SDK_ETH.cpp */ = {isa = PBXFileReference; fileEncoding = 4; lastKnownFileType = sourcecode.cpp.cpp; path = JUB_SDK_ETH.cpp; sourceTree = "<group>"; };
		672C960922DF44800073AB0D /* JUB_SDK_DEV_HID.cpp */ = {isa = PBXFileReference; lastKnownFileType = sourcecode.cpp.cpp; path = JUB_SDK_DEV_HID.cpp; sourceTree = "<group>"; };
		672C960C22DF45300073AB0D /* JUB_SDK_DEV.cpp */ = {isa = PBXFileReference; lastKnownFileType = sourcecode.cpp.cpp; path = JUB_SDK_DEV.cpp; sourceTree = "<group>"; };
		672C960F22DF45660073AB0D /* JUB_SDK_DEV.h */ = {isa = PBXFileReference; fileEncoding = 4; lastKnownFileType = sourcecode.c.h; path = JUB_SDK_DEV.h; sourceTree = "<group>"; };
		672C961022DF46A70073AB0D /* JUB_SDK_DEV_BLE.cpp */ = {isa = PBXFileReference; lastKnownFileType = sourcecode.cpp.cpp; path = JUB_SDK_DEV_BLE.cpp; sourceTree = "<group>"; };
		672C961322DF47690073AB0D /* JUB_SDK_DEV_BLE.h */ = {isa = PBXFileReference; fileEncoding = 4; lastKnownFileType = sourcecode.c.h; path = JUB_SDK_DEV_BLE.h; sourceTree = "<group>"; };
		672C961422DF47730073AB0D /* JUB_SDK_DEV_HID.h */ = {isa = PBXFileReference; fileEncoding = 4; lastKnownFileType = sourcecode.c.h; path = JUB_SDK_DEV_HID.h; sourceTree = "<group>"; };
		6737F3A422CF57EB0019DF07 /* opcode.hpp */ = {isa = PBXFileReference; fileEncoding = 4; lastKnownFileType = sourcecode.cpp.h; name = opcode.hpp; path = ../../../../../deps/libbitcoin/machine/opcode.hpp; sourceTree = "<group>"; };
		67B9563422DC707500E90AF9 /* Data.hpp */ = {isa = PBXFileReference; fileEncoding = 4; lastKnownFileType = sourcecode.cpp.h; name = Data.hpp; path = "../../../../../deps/airbitz-core/abcd/util/Data.hpp"; sourceTree = "<group>"; };
		67B9563522DC707600E90AF9 /* Data.cpp */ = {isa = PBXFileReference; fileEncoding = 4; lastKnownFileType = sourcecode.cpp.cpp; name = Data.cpp; path = "../../../../../deps/airbitz-core/abcd/util/Data.cpp"; sourceTree = "<group>"; };
		67B9563822DC73C900E90AF9 /* common.h */ = {isa = PBXFileReference; fileEncoding = 4; lastKnownFileType = sourcecode.c.h; name = common.h; path = ../../../../../deps/bitcoin/crypto/common.h; sourceTree = "<group>"; };
		67B9563B22DC75F000E90AF9 /* uchar_vector.h */ = {isa = PBXFileReference; fileEncoding = 4; lastKnownFileType = sourcecode.c.h; name = uchar_vector.h; path = ../../../../../deps/mSIGNA/stdutils/uchar_vector.h; sourceTree = "<group>"; };
		67C4B5A022CEFB6900F85860 /* NumberlikeArray.hh */ = {isa = PBXFileReference; fileEncoding = 4; lastKnownFileType = sourcecode.cpp.h; name = NumberlikeArray.hh; path = ../../../../../deps/bigint/NumberlikeArray.hh; sourceTree = "<group>"; };
		67C4B5A122CEFB6900F85860 /* BigUnsigned.hh */ = {isa = PBXFileReference; fileEncoding = 4; lastKnownFileType = sourcecode.cpp.h; name = BigUnsigned.hh; path = ../../../../../deps/bigint/BigUnsigned.hh; sourceTree = "<group>"; };
		67C4B5A222CEFB6900F85860 /* BigUnsignedInABase.hh */ = {isa = PBXFileReference; fileEncoding = 4; lastKnownFileType = sourcecode.cpp.h; name = BigUnsignedInABase.hh; path = ../../../../../deps/bigint/BigUnsignedInABase.hh; sourceTree = "<group>"; };
		67C4B5A322CEFB6A00F85860 /* BigInteger.cc */ = {isa = PBXFileReference; fileEncoding = 4; lastKnownFileType = sourcecode.cpp.cpp; name = BigInteger.cc; path = ../../../../../deps/bigint/BigInteger.cc; sourceTree = "<group>"; };
		67C4B5A422CEFB6A00F85860 /* BigUnsigned.cc */ = {isa = PBXFileReference; fileEncoding = 4; lastKnownFileType = sourcecode.cpp.cpp; name = BigUnsigned.cc; path = ../../../../../deps/bigint/BigUnsigned.cc; sourceTree = "<group>"; };
		67C4B5A522CEFB6A00F85860 /* BigIntegerLibrary.hh */ = {isa = PBXFileReference; fileEncoding = 4; lastKnownFileType = sourcecode.cpp.h; name = BigIntegerLibrary.hh; path = ../../../../../deps/bigint/BigIntegerLibrary.hh; sourceTree = "<group>"; };
		67C4B5A622CEFB6A00F85860 /* BigIntegerAlgorithms.cc */ = {isa = PBXFileReference; fileEncoding = 4; lastKnownFileType = sourcecode.cpp.cpp; name = BigIntegerAlgorithms.cc; path = ../../../../../deps/bigint/BigIntegerAlgorithms.cc; sourceTree = "<group>"; };
		67C4B5A722CEFB6A00F85860 /* BigIntegerAlgorithms.hh */ = {isa = PBXFileReference; fileEncoding = 4; lastKnownFileType = sourcecode.cpp.h; name = BigIntegerAlgorithms.hh; path = ../../../../../deps/bigint/BigIntegerAlgorithms.hh; sourceTree = "<group>"; };
		67C4B5A822CEFB6A00F85860 /* BigIntegerUtils.cc */ = {isa = PBXFileReference; fileEncoding = 4; lastKnownFileType = sourcecode.cpp.cpp; name = BigIntegerUtils.cc; path = ../../../../../deps/bigint/BigIntegerUtils.cc; sourceTree = "<group>"; };
		67C4B5A922CEFB6A00F85860 /* BigIntegerUtils.hh */ = {isa = PBXFileReference; fileEncoding = 4; lastKnownFileType = sourcecode.cpp.h; name = BigIntegerUtils.hh; path = ../../../../../deps/bigint/BigIntegerUtils.hh; sourceTree = "<group>"; };
		67C4B5AA22CEFB6A00F85860 /* BigUnsignedInABase.cc */ = {isa = PBXFileReference; fileEncoding = 4; lastKnownFileType = sourcecode.cpp.cpp; name = BigUnsignedInABase.cc; path = ../../../../../deps/bigint/BigUnsignedInABase.cc; sourceTree = "<group>"; };
		67C4B5AB22CEFB6A00F85860 /* BigInteger.hh */ = {isa = PBXFileReference; fileEncoding = 4; lastKnownFileType = sourcecode.cpp.h; name = BigInteger.hh; path = ../../../../../deps/bigint/BigInteger.hh; sourceTree = "<group>"; };
		EADCCD7322A7B380008F2EF5 /* libJubSDK.a */ = {isa = PBXFileReference; explicitFileType = archive.ar; includeInIndex = 0; path = libJubSDK.a; sourceTree = BUILT_PRODUCTS_DIR; };
		EADCCDB522A7C21B008F2EF5 /* bleTransmit.cpp */ = {isa = PBXFileReference; fileEncoding = 4; lastKnownFileType = sourcecode.cpp.cpp; name = bleTransmit.cpp; path = ../../../../../../../../../deps/bleTransmit/bleTransmit.cpp; sourceTree = "<group>"; };
		EADCCDB622A7C21C008F2EF5 /* bleTransmitF.h */ = {isa = PBXFileReference; fileEncoding = 4; lastKnownFileType = sourcecode.c.h; name = bleTransmitF.h; path = ../../../../../../../../../deps/bleTransmit/bleTransmitF.h; sourceTree = "<group>"; };
		EADCCDB722A7C21C008F2EF5 /* bleTransmit.h */ = {isa = PBXFileReference; fileEncoding = 4; lastKnownFileType = sourcecode.c.h; name = bleTransmit.h; path = ../../../../../../../../../deps/bleTransmit/bleTransmit.h; sourceTree = "<group>"; };
		EADCCDBA22A7C25D008F2EF5 /* md_wrap.h */ = {isa = PBXFileReference; fileEncoding = 4; lastKnownFileType = sourcecode.c.h; path = md_wrap.h; sourceTree = "<group>"; };
		EADCCDBB22A7C25D008F2EF5 /* check_config.h */ = {isa = PBXFileReference; fileEncoding = 4; lastKnownFileType = sourcecode.c.h; path = check_config.h; sourceTree = "<group>"; };
		EADCCDBC22A7C25D008F2EF5 /* md2.h */ = {isa = PBXFileReference; fileEncoding = 4; lastKnownFileType = sourcecode.c.h; path = md2.h; sourceTree = "<group>"; };
		EADCCDBD22A7C25D008F2EF5 /* md4.c */ = {isa = PBXFileReference; fileEncoding = 4; lastKnownFileType = sourcecode.c.c; path = md4.c; sourceTree = "<group>"; };
		EADCCDBE22A7C25D008F2EF5 /* ripemd160.h */ = {isa = PBXFileReference; fileEncoding = 4; lastKnownFileType = sourcecode.c.h; path = ripemd160.h; sourceTree = "<group>"; };
		EADCCDBF22A7C25D008F2EF5 /* config.h */ = {isa = PBXFileReference; fileEncoding = 4; lastKnownFileType = sourcecode.c.h; path = config.h; sourceTree = "<group>"; };
		EADCCDC022A7C25D008F2EF5 /* md5.h */ = {isa = PBXFileReference; fileEncoding = 4; lastKnownFileType = sourcecode.c.h; path = md5.h; sourceTree = "<group>"; };
		EADCCDC122A7C25D008F2EF5 /* sha1.c */ = {isa = PBXFileReference; fileEncoding = 4; lastKnownFileType = sourcecode.c.c; path = sha1.c; sourceTree = "<group>"; };
		EADCCDC222A7C25D008F2EF5 /* sha256.h */ = {isa = PBXFileReference; fileEncoding = 4; lastKnownFileType = sourcecode.c.h; path = sha256.h; sourceTree = "<group>"; };
		EADCCDC322A7C25D008F2EF5 /* platform.c */ = {isa = PBXFileReference; fileEncoding = 4; lastKnownFileType = sourcecode.c.c; path = platform.c; sourceTree = "<group>"; };
		EADCCDC422A7C25D008F2EF5 /* md.h */ = {isa = PBXFileReference; fileEncoding = 4; lastKnownFileType = sourcecode.c.h; path = md.h; sourceTree = "<group>"; };
		EADCCDC522A7C25D008F2EF5 /* sha512.h */ = {isa = PBXFileReference; fileEncoding = 4; lastKnownFileType = sourcecode.c.h; path = sha512.h; sourceTree = "<group>"; };
		EADCCDC622A7C25D008F2EF5 /* ripemd160.c */ = {isa = PBXFileReference; fileEncoding = 4; lastKnownFileType = sourcecode.c.c; path = ripemd160.c; sourceTree = "<group>"; };
		EADCCDC722A7C25D008F2EF5 /* md4.h */ = {isa = PBXFileReference; fileEncoding = 4; lastKnownFileType = sourcecode.c.h; path = md4.h; sourceTree = "<group>"; };
		EADCCDC822A7C25D008F2EF5 /* md2.c */ = {isa = PBXFileReference; fileEncoding = 4; lastKnownFileType = sourcecode.c.c; path = md2.c; sourceTree = "<group>"; };
		EADCCDC922A7C25D008F2EF5 /* md_wrap.c */ = {isa = PBXFileReference; fileEncoding = 4; lastKnownFileType = sourcecode.c.c; path = md_wrap.c; sourceTree = "<group>"; };
		EADCCDCA22A7C25D008F2EF5 /* sha1.h */ = {isa = PBXFileReference; fileEncoding = 4; lastKnownFileType = sourcecode.c.h; path = sha1.h; sourceTree = "<group>"; };
		EADCCDCB22A7C25D008F2EF5 /* sha256.c */ = {isa = PBXFileReference; fileEncoding = 4; lastKnownFileType = sourcecode.c.c; path = sha256.c; sourceTree = "<group>"; };
		EADCCDCC22A7C25D008F2EF5 /* md5.c */ = {isa = PBXFileReference; fileEncoding = 4; lastKnownFileType = sourcecode.c.c; path = md5.c; sourceTree = "<group>"; };
		EADCCDCD22A7C25D008F2EF5 /* sha512.c */ = {isa = PBXFileReference; fileEncoding = 4; lastKnownFileType = sourcecode.c.c; path = sha512.c; sourceTree = "<group>"; };
		EADCCDCE22A7C25D008F2EF5 /* md.c */ = {isa = PBXFileReference; fileEncoding = 4; lastKnownFileType = sourcecode.c.c; path = md.c; sourceTree = "<group>"; };
		EADCCDCF22A7C25D008F2EF5 /* platform.h */ = {isa = PBXFileReference; fileEncoding = 4; lastKnownFileType = sourcecode.c.h; path = platform.h; sourceTree = "<group>"; };
		EADCCDDD22A7CCF2008F2EF5 /* BTCTokenInterface.hpp */ = {isa = PBXFileReference; fileEncoding = 4; lastKnownFileType = sourcecode.cpp.h; path = BTCTokenInterface.hpp; sourceTree = "<group>"; };
		EADCCDDE22A7CCF2008F2EF5 /* ETHTokenInterface.hpp */ = {isa = PBXFileReference; fileEncoding = 4; lastKnownFileType = sourcecode.cpp.h; path = ETHTokenInterface.hpp; sourceTree = "<group>"; };
		EADCCDDF22A7CCF2008F2EF5 /* TokenInterface.hpp */ = {isa = PBXFileReference; fileEncoding = 4; lastKnownFileType = sourcecode.cpp.h; path = TokenInterface.hpp; sourceTree = "<group>"; };
		EADCCDE022A7CCF2008F2EF5 /* JubiterBLDImpl.h */ = {isa = PBXFileReference; fileEncoding = 4; lastKnownFileType = sourcecode.c.h; path = JubiterBLDImpl.h; sourceTree = "<group>"; };
		EADCCDE222A7CCF2008F2EF5 /* ContextETH.h */ = {isa = PBXFileReference; fileEncoding = 4; lastKnownFileType = sourcecode.c.h; path = ContextETH.h; sourceTree = "<group>"; };
		EADCCDE322A7CCF2008F2EF5 /* Context.h */ = {isa = PBXFileReference; fileEncoding = 4; lastKnownFileType = sourcecode.c.h; path = Context.h; sourceTree = "<group>"; };
		EADCCDE422A7CCF2008F2EF5 /* ContextBTC.h */ = {isa = PBXFileReference; fileEncoding = 4; lastKnownFileType = sourcecode.c.h; path = ContextBTC.h; sourceTree = "<group>"; };
		EADCCDE622A7CCF2008F2EF5 /* libBTC.hpp */ = {isa = PBXFileReference; fileEncoding = 4; lastKnownFileType = sourcecode.cpp.h; path = libBTC.hpp; sourceTree = "<group>"; };
		EADCCDE722A7CCF2008F2EF5 /* JUB_SDK.h */ = {isa = PBXFileReference; fileEncoding = 4; lastKnownFileType = sourcecode.c.h; path = JUB_SDK.h; sourceTree = "<group>"; };
		EADCCDE922A7CCF2008F2EF5 /* libBCH.hpp */ = {isa = PBXFileReference; fileEncoding = 4; lastKnownFileType = sourcecode.cpp.h; path = libBCH.hpp; sourceTree = "<group>"; };
		EADCCDED22A7CCF2008F2EF5 /* ERC20Abi.h */ = {isa = PBXFileReference; fileEncoding = 4; lastKnownFileType = sourcecode.c.h; path = ERC20Abi.h; sourceTree = "<group>"; };
		EADCCDEF22A7CCF2008F2EF5 /* ApduBuilder.hpp */ = {isa = PBXFileReference; fileEncoding = 4; lastKnownFileType = sourcecode.cpp.h; path = ApduBuilder.hpp; sourceTree = "<group>"; };
		EADCCDF022A7CCF2008F2EF5 /* DeviceIOLogHelper.hpp */ = {isa = PBXFileReference; fileEncoding = 4; lastKnownFileType = sourcecode.cpp.h; path = DeviceIOLogHelper.hpp; sourceTree = "<group>"; };
		EADCCDF122A7CCF2008F2EF5 /* DeviceTypeBase.hpp */ = {isa = PBXFileReference; fileEncoding = 4; lastKnownFileType = sourcecode.cpp.h; path = DeviceTypeBase.hpp; sourceTree = "<group>"; };
		EADCCDF322A7CCF2008F2EF5 /* Fido.h */ = {isa = PBXFileReference; fileEncoding = 4; lastKnownFileType = sourcecode.c.h; path = Fido.h; sourceTree = "<group>"; };
		EADCCDF422A7CCF2008F2EF5 /* JubiterHidDevice.hpp */ = {isa = PBXFileReference; fileEncoding = 4; lastKnownFileType = sourcecode.cpp.h; path = JubiterHidDevice.hpp; sourceTree = "<group>"; };
		EADCCDF522A7CCF2008F2EF5 /* JubiterBLEDevice.hpp */ = {isa = PBXFileReference; fileEncoding = 4; lastKnownFileType = sourcecode.cpp.h; path = JubiterBLEDevice.hpp; sourceTree = "<group>"; };
		EADCCDF722A7CCF2008F2EF5 /* Apdu.hpp */ = {isa = PBXFileReference; fileEncoding = 4; lastKnownFileType = sourcecode.cpp.h; path = Apdu.hpp; sourceTree = "<group>"; };
		EADCCDF822A7CCF2008F2EF5 /* Singleton.h */ = {isa = PBXFileReference; fileEncoding = 4; lastKnownFileType = sourcecode.c.h; path = Singleton.h; sourceTree = "<group>"; };
		EADCCDFD22A7CCF2008F2EF5 /* xManager.hpp */ = {isa = PBXFileReference; fileEncoding = 4; lastKnownFileType = sourcecode.cpp.h; name = xManager.hpp; path = ../utility/context/xManager.hpp; sourceTree = "<group>"; };
		EADCCE0022A7CCF2008F2EF5 /* DataTransfer.hpp */ = {isa = PBXFileReference; fileEncoding = 4; lastKnownFileType = sourcecode.cpp.h; path = DataTransfer.hpp; sourceTree = "<group>"; };
		EADCCE0522A7D6BA008F2EF5 /* JubiterBLDImplETH.cpp */ = {isa = PBXFileReference; fileEncoding = 4; lastKnownFileType = sourcecode.cpp.cpp; path = JubiterBLDImplETH.cpp; sourceTree = "<group>"; };
		EADCCE0622A7D6BA008F2EF5 /* JubiterBLDImpl.cpp */ = {isa = PBXFileReference; fileEncoding = 4; lastKnownFileType = sourcecode.cpp.cpp; path = JubiterBLDImpl.cpp; sourceTree = "<group>"; };
		EADCCE0722A7D6BA008F2EF5 /* JubiterBLDImplBTC.cpp */ = {isa = PBXFileReference; fileEncoding = 4; lastKnownFileType = sourcecode.cpp.cpp; path = JubiterBLDImplBTC.cpp; sourceTree = "<group>"; };
		EADCCE0A22A7D6BA008F2EF5 /* Context.cpp */ = {isa = PBXFileReference; fileEncoding = 4; lastKnownFileType = sourcecode.cpp.cpp; path = Context.cpp; sourceTree = "<group>"; };
		EADCCE0B22A7D6BA008F2EF5 /* ContextBTC.cpp */ = {isa = PBXFileReference; fileEncoding = 4; lastKnownFileType = sourcecode.cpp.cpp; path = ContextBTC.cpp; sourceTree = "<group>"; };
		EADCCE0C22A7D6BA008F2EF5 /* ContextETH.cpp */ = {isa = PBXFileReference; fileEncoding = 4; lastKnownFileType = sourcecode.cpp.cpp; path = ContextETH.cpp; sourceTree = "<group>"; };
		EADCCE1122A7D6BA008F2EF5 /* ERC20Abi.cpp */ = {isa = PBXFileReference; fileEncoding = 4; lastKnownFileType = sourcecode.cpp.cpp; path = ERC20Abi.cpp; sourceTree = "<group>"; };
		EADCCE1222A7D6BA008F2EF5 /* JUB_SDK.cpp */ = {isa = PBXFileReference; fileEncoding = 4; lastKnownFileType = sourcecode.cpp.cpp; path = JUB_SDK.cpp; sourceTree = "<group>"; };
		EADCCE1422A7D6BA008F2EF5 /* JubiterHidDevice.cpp */ = {isa = PBXFileReference; fileEncoding = 4; lastKnownFileType = sourcecode.cpp.cpp; path = JubiterHidDevice.cpp; sourceTree = "<group>"; };
		EADCCE1522A7D6BA008F2EF5 /* JubiterBLEDevice.cpp */ = {isa = PBXFileReference; fileEncoding = 4; lastKnownFileType = sourcecode.cpp.cpp; path = JubiterBLEDevice.cpp; sourceTree = "<group>"; };
		EADCCE1722A7D6BA008F2EF5 /* ApduBuilder.cpp */ = {isa = PBXFileReference; fileEncoding = 4; lastKnownFileType = sourcecode.cpp.cpp; path = ApduBuilder.cpp; sourceTree = "<group>"; };
		EADCCE1822A7D6BA008F2EF5 /* Fido.cpp */ = {isa = PBXFileReference; fileEncoding = 4; lastKnownFileType = sourcecode.cpp.cpp; path = Fido.cpp; sourceTree = "<group>"; };
		EADCCE1A22A7D6BA008F2EF5 /* util.cpp */ = {isa = PBXFileReference; fileEncoding = 4; lastKnownFileType = sourcecode.cpp.cpp; path = util.cpp; sourceTree = "<group>"; };
/* End PBXFileReference section */

/* Begin PBXFrameworksBuildPhase section */
		EADCCD7022A7B380008F2EF5 /* Frameworks */ = {
			isa = PBXFrameworksBuildPhase;
			buildActionMask = 2147483647;
			files = (
			);
			runOnlyForDeploymentPostprocessing = 0;
		};
/* End PBXFrameworksBuildPhase section */

/* Begin PBXGroup section */
		6723139822D30829005BEFCC /* bitcoin */ = {
			isa = PBXGroup;
			children = (
				672313A422D30BB3005BEFCC /* compat */,
				67B9563722DC73B400E90AF9 /* crypto */,
				6723139B22D3083F005BEFCC /* base58.cpp */,
				6723139C22D3083F005BEFCC /* base58.h */,
				6723139D22D3083F005BEFCC /* bech32.cpp */,
				6723139922D3083F005BEFCC /* bech32.h */,
				6723139A22D3083F005BEFCC /* hash.h */,
			);
			name = bitcoin;
			sourceTree = "<group>";
		};
		672313A022D309FC005BEFCC /* bitcoinABC */ = {
			isa = PBXGroup;
			children = (
				672313A122D30A12005BEFCC /* cashaddr.cc */,
				672313A222D30A12005BEFCC /* cashaddr.h */,
			);
			name = bitcoinABC;
			sourceTree = "<group>";
		};
		672313A422D30BB3005BEFCC /* compat */ = {
			isa = PBXGroup;
			children = (
				672313A622D30C65005BEFCC /* endian.h */,
				672313A522D30BCA005BEFCC /* byteswap.h */,
			);
			name = compat;
			sourceTree = "<group>";
		};
		6737F3A222CF57C10019DF07 /* libbitcoin */ = {
			isa = PBXGroup;
			children = (
				6737F3A322CF57D70019DF07 /* machine */,
			);
			name = libbitcoin;
			sourceTree = "<group>";
		};
		6737F3A322CF57D70019DF07 /* machine */ = {
			isa = PBXGroup;
			children = (
				6737F3A422CF57EB0019DF07 /* opcode.hpp */,
			);
			name = machine;
			sourceTree = "<group>";
		};
		67B9563122DC704400E90AF9 /* airbitz-core */ = {
			isa = PBXGroup;
			children = (
				67B9563222DC705000E90AF9 /* abcd */,
			);
			name = "airbitz-core";
			sourceTree = "<group>";
		};
		67B9563222DC705000E90AF9 /* abcd */ = {
			isa = PBXGroup;
			children = (
				67B9563322DC706300E90AF9 /* util */,
			);
			name = abcd;
			sourceTree = "<group>";
		};
		67B9563322DC706300E90AF9 /* util */ = {
			isa = PBXGroup;
			children = (
				67B9563522DC707600E90AF9 /* Data.cpp */,
				67B9563422DC707500E90AF9 /* Data.hpp */,
			);
			name = util;
			sourceTree = "<group>";
		};
		67B9563722DC73B400E90AF9 /* crypto */ = {
			isa = PBXGroup;
			children = (
				67B9563822DC73C900E90AF9 /* common.h */,
			);
			name = crypto;
			sourceTree = "<group>";
		};
		67B9563922DC75C800E90AF9 /* mSIGNA */ = {
			isa = PBXGroup;
			children = (
				67B9563A22DC75DC00E90AF9 /* stdutils */,
			);
			name = mSIGNA;
			sourceTree = "<group>";
		};
		67B9563A22DC75DC00E90AF9 /* stdutils */ = {
			isa = PBXGroup;
			children = (
				67B9563B22DC75F000E90AF9 /* uchar_vector.h */,
			);
			name = stdutils;
			sourceTree = "<group>";
		};
		67C4B58E22CE18F400F85860 /* bigint */ = {
			isa = PBXGroup;
			children = (
				67C4B5A322CEFB6A00F85860 /* BigInteger.cc */,
				67C4B5AB22CEFB6A00F85860 /* BigInteger.hh */,
				67C4B5A622CEFB6A00F85860 /* BigIntegerAlgorithms.cc */,
				67C4B5A722CEFB6A00F85860 /* BigIntegerAlgorithms.hh */,
				67C4B5A522CEFB6A00F85860 /* BigIntegerLibrary.hh */,
				67C4B5A822CEFB6A00F85860 /* BigIntegerUtils.cc */,
				67C4B5A922CEFB6A00F85860 /* BigIntegerUtils.hh */,
				67C4B5A422CEFB6A00F85860 /* BigUnsigned.cc */,
				67C4B5A122CEFB6900F85860 /* BigUnsigned.hh */,
				67C4B5AA22CEFB6A00F85860 /* BigUnsignedInABase.cc */,
				67C4B5A222CEFB6900F85860 /* BigUnsignedInABase.hh */,
				67C4B5A022CEFB6900F85860 /* NumberlikeArray.hh */,
			);
			name = bigint;
			sourceTree = "<group>";
		};
		EADCCD6A22A7B380008F2EF5 = {
			isa = PBXGroup;
			children = (
				EADCCD7522A7B380008F2EF5 /* JubSDK */,
				EADCCD7422A7B380008F2EF5 /* Products */,
			);
			sourceTree = "<group>";
		};
		EADCCD7422A7B380008F2EF5 /* Products */ = {
			isa = PBXGroup;
			children = (
				EADCCD7322A7B380008F2EF5 /* libJubSDK.a */,
			);
			name = Products;
			sourceTree = "<group>";
		};
		EADCCD7522A7B380008F2EF5 /* JubSDK */ = {
			isa = PBXGroup;
			children = (
				EADCCE0322A7D6BA008F2EF5 /* src */,
				EADCCDDA22A7CCF2008F2EF5 /* include */,
				EADCCDB322A7C1D3008F2EF5 /* deps */,
			);
			path = JubSDK;
			sourceTree = "<group>";
		};
		EADCCDB322A7C1D3008F2EF5 /* deps */ = {
			isa = PBXGroup;
			children = (
				67B9563122DC704400E90AF9 /* airbitz-core */,
				67C4B58E22CE18F400F85860 /* bigint */,
				6723139822D30829005BEFCC /* bitcoin */,
				672313A022D309FC005BEFCC /* bitcoinABC */,
				6737F3A222CF57C10019DF07 /* libbitcoin */,
				67B9563922DC75C800E90AF9 /* mSIGNA */,
				EADCCDB922A7C25D008F2EF5 /* polarssl */,
				EADCCDB422A7C1FC008F2EF5 /* ble */,
			);
			name = deps;
			path = JubSDK/deps;
			sourceTree = "<group>";
		};
		EADCCDB422A7C1FC008F2EF5 /* ble */ = {
			isa = PBXGroup;
			children = (
				EADCCDB522A7C21B008F2EF5 /* bleTransmit.cpp */,
				EADCCDB722A7C21C008F2EF5 /* bleTransmit.h */,
				EADCCDB622A7C21C008F2EF5 /* bleTransmitF.h */,
			);
			name = ble;
			path = JubSDK/JubSDK/deps/ble;
			sourceTree = "<group>";
		};
		EADCCDB922A7C25D008F2EF5 /* polarssl */ = {
			isa = PBXGroup;
			children = (
				EADCCDBA22A7C25D008F2EF5 /* md_wrap.h */,
				EADCCDBB22A7C25D008F2EF5 /* check_config.h */,
				EADCCDBC22A7C25D008F2EF5 /* md2.h */,
				EADCCDBD22A7C25D008F2EF5 /* md4.c */,
				EADCCDBE22A7C25D008F2EF5 /* ripemd160.h */,
				EADCCDBF22A7C25D008F2EF5 /* config.h */,
				EADCCDC022A7C25D008F2EF5 /* md5.h */,
				EADCCDC122A7C25D008F2EF5 /* sha1.c */,
				EADCCDC222A7C25D008F2EF5 /* sha256.h */,
				EADCCDC322A7C25D008F2EF5 /* platform.c */,
				EADCCDC422A7C25D008F2EF5 /* md.h */,
				EADCCDC522A7C25D008F2EF5 /* sha512.h */,
				EADCCDC622A7C25D008F2EF5 /* ripemd160.c */,
				EADCCDC722A7C25D008F2EF5 /* md4.h */,
				EADCCDC822A7C25D008F2EF5 /* md2.c */,
				EADCCDC922A7C25D008F2EF5 /* md_wrap.c */,
				EADCCDCA22A7C25D008F2EF5 /* sha1.h */,
				EADCCDCB22A7C25D008F2EF5 /* sha256.c */,
				EADCCDCC22A7C25D008F2EF5 /* md5.c */,
				EADCCDCD22A7C25D008F2EF5 /* sha512.c */,
				EADCCDCE22A7C25D008F2EF5 /* md.c */,
				EADCCDCF22A7C25D008F2EF5 /* platform.h */,
			);
			name = polarssl;
			path = ../../../../../deps/polarssl;
			sourceTree = "<group>";
		};
		EADCCDDA22A7CCF2008F2EF5 /* include */ = {
			isa = PBXGroup;
			children = (
				672C960F22DF45660073AB0D /* JUB_SDK_DEV.h */,
				672C961322DF47690073AB0D /* JUB_SDK_DEV_BLE.h */,
				672C961422DF47730073AB0D /* JUB_SDK_DEV_HID.h */,
				EADCCDE722A7CCF2008F2EF5 /* JUB_SDK.h */,
				672C95FC22DF41050073AB0D /* JUB_SDK_BTC.h */,
				672C960222DF42F80073AB0D /* JUB_SDK_ETH.h */,
				EADCCDE122A7CCF2008F2EF5 /* context */,
				EADCCDEE22A7CCF2008F2EF5 /* device */,
				EADCCDDB22A7CCF2008F2EF5 /* token */,
				EADCCDE522A7CCF2008F2EF5 /* libBTC */,
				EADCCDE822A7CCF2008F2EF5 /* libBCH */,
				EADCCDEB22A7CCF2008F2EF5 /* libETH */,
				EADCCDF622A7CCF2008F2EF5 /* utility */,
			);
			name = include;
			path = ../../../include;
			sourceTree = "<group>";
		};
		EADCCDDB22A7CCF2008F2EF5 /* token */ = {
			isa = PBXGroup;
			children = (
				EADCCDDC22A7CCF2008F2EF5 /* interface */,
				EADCCDE022A7CCF2008F2EF5 /* JubiterBLDImpl.h */,
			);
			path = token;
			sourceTree = "<group>";
		};
		EADCCDDC22A7CCF2008F2EF5 /* interface */ = {
			isa = PBXGroup;
			children = (
				EADCCDDD22A7CCF2008F2EF5 /* BTCTokenInterface.hpp */,
				EADCCDDE22A7CCF2008F2EF5 /* ETHTokenInterface.hpp */,
				EADCCDDF22A7CCF2008F2EF5 /* TokenInterface.hpp */,
			);
			path = interface;
			sourceTree = "<group>";
		};
		EADCCDE122A7CCF2008F2EF5 /* context */ = {
			isa = PBXGroup;
			children = (
				EADCCDE322A7CCF2008F2EF5 /* Context.h */,
				EADCCDE222A7CCF2008F2EF5 /* ContextETH.h */,
				EADCCDE422A7CCF2008F2EF5 /* ContextBTC.h */,
				EADCCDFD22A7CCF2008F2EF5 /* xManager.hpp */,
			);
			path = context;
			sourceTree = "<group>";
		};
		EADCCDE522A7CCF2008F2EF5 /* libBTC */ = {
			isa = PBXGroup;
			children = (
				EADCCDE622A7CCF2008F2EF5 /* libBTC.hpp */,
			);
			path = libBTC;
			sourceTree = "<group>";
		};
		EADCCDE822A7CCF2008F2EF5 /* libBCH */ = {
			isa = PBXGroup;
			children = (
				EADCCDE922A7CCF2008F2EF5 /* libBCH.hpp */,
			);
			path = libBCH;
			sourceTree = "<group>";
		};
		EADCCDEB22A7CCF2008F2EF5 /* libETH */ = {
			isa = PBXGroup;
			children = (
				EADCCDED22A7CCF2008F2EF5 /* ERC20Abi.h */,
			);
			path = libETH;
			sourceTree = "<group>";
		};
		EADCCDEE22A7CCF2008F2EF5 /* device */ = {
			isa = PBXGroup;
			children = (
				EADCCDEF22A7CCF2008F2EF5 /* ApduBuilder.hpp */,
				EADCCDF022A7CCF2008F2EF5 /* DeviceIOLogHelper.hpp */,
				EADCCDF122A7CCF2008F2EF5 /* DeviceTypeBase.hpp */,
				EADCCDF322A7CCF2008F2EF5 /* Fido.h */,
				EADCCDF422A7CCF2008F2EF5 /* JubiterHidDevice.hpp */,
				EADCCDF522A7CCF2008F2EF5 /* JubiterBLEDevice.hpp */,
			);
			path = device;
			sourceTree = "<group>";
		};
		EADCCDF622A7CCF2008F2EF5 /* utility */ = {
			isa = PBXGroup;
			children = (
				672313A822D3406D005BEFCC /* util.h */,
				EADCCDF722A7CCF2008F2EF5 /* Apdu.hpp */,
				EADCCDF822A7CCF2008F2EF5 /* Singleton.h */,
				EADCCE0022A7CCF2008F2EF5 /* DataTransfer.hpp */,
			);
			path = utility;
			sourceTree = "<group>";
		};
		EADCCE0322A7D6BA008F2EF5 /* src */ = {
			isa = PBXGroup;
			children = (
				672C960C22DF45300073AB0D /* JUB_SDK_DEV.cpp */,
				672C961022DF46A70073AB0D /* JUB_SDK_DEV_BLE.cpp */,
				672C960922DF44800073AB0D /* JUB_SDK_DEV_HID.cpp */,
				EADCCE1222A7D6BA008F2EF5 /* JUB_SDK.cpp */,
				672C95F922DF40BA0073AB0D /* JUB_SDK_BTC.cpp */,
				672C960322DF430A0073AB0D /* JUB_SDK_ETH.cpp */,
				EADCCE0922A7D6BA008F2EF5 /* context */,
				EADCCE1322A7D6BA008F2EF5 /* device */,
				EADCCE0422A7D6BA008F2EF5 /* token */,
				EADCCE0F22A7D6BA008F2EF5 /* libETH */,
				EADCCE1922A7D6BA008F2EF5 /* utility */,
			);
			name = src;
			path = ../../../src;
			sourceTree = "<group>";
		};
		EADCCE0422A7D6BA008F2EF5 /* token */ = {
			isa = PBXGroup;
			children = (
				EADCCE0522A7D6BA008F2EF5 /* JubiterBLDImplETH.cpp */,
				EADCCE0622A7D6BA008F2EF5 /* JubiterBLDImpl.cpp */,
				EADCCE0722A7D6BA008F2EF5 /* JubiterBLDImplBTC.cpp */,
			);
			path = token;
			sourceTree = "<group>";
		};
		EADCCE0922A7D6BA008F2EF5 /* context */ = {
			isa = PBXGroup;
			children = (
				EADCCE0A22A7D6BA008F2EF5 /* Context.cpp */,
				EADCCE0B22A7D6BA008F2EF5 /* ContextBTC.cpp */,
				EADCCE0C22A7D6BA008F2EF5 /* ContextETH.cpp */,
			);
			path = context;
			sourceTree = "<group>";
		};
		EADCCE0F22A7D6BA008F2EF5 /* libETH */ = {
			isa = PBXGroup;
			children = (
				EADCCE1122A7D6BA008F2EF5 /* ERC20Abi.cpp */,
			);
			path = libETH;
			sourceTree = "<group>";
		};
		EADCCE1322A7D6BA008F2EF5 /* device */ = {
			isa = PBXGroup;
			children = (
				EADCCE1422A7D6BA008F2EF5 /* JubiterHidDevice.cpp */,
				EADCCE1522A7D6BA008F2EF5 /* JubiterBLEDevice.cpp */,
				EADCCE1722A7D6BA008F2EF5 /* ApduBuilder.cpp */,
				EADCCE1822A7D6BA008F2EF5 /* Fido.cpp */,
			);
			path = device;
			sourceTree = "<group>";
		};
		EADCCE1922A7D6BA008F2EF5 /* utility */ = {
			isa = PBXGroup;
			children = (
				EADCCE1A22A7D6BA008F2EF5 /* util.cpp */,
			);
			path = utility;
			sourceTree = "<group>";
		};
/* End PBXGroup section */

/* Begin PBXNativeTarget section */
		EADCCD7222A7B380008F2EF5 /* JubSDK */ = {
			isa = PBXNativeTarget;
			buildConfigurationList = EADCCD7C22A7B380008F2EF5 /* Build configuration list for PBXNativeTarget "JubSDK" */;
			buildPhases = (
				EADCCD6F22A7B380008F2EF5 /* Sources */,
				EADCCD7022A7B380008F2EF5 /* Frameworks */,
				EADCCD7122A7B380008F2EF5 /* CopyFiles */,
			);
			buildRules = (
			);
			dependencies = (
			);
			name = JubSDK;
			productName = JubSDK;
			productReference = EADCCD7322A7B380008F2EF5 /* libJubSDK.a */;
			productType = "com.apple.product-type.library.static";
		};
/* End PBXNativeTarget section */

/* Begin PBXProject section */
		EADCCD6B22A7B380008F2EF5 /* Project object */ = {
			isa = PBXProject;
			attributes = {
				LastUpgradeCheck = 1020;
				ORGANIZATIONNAME = sherlockirene;
				TargetAttributes = {
					EADCCD7222A7B380008F2EF5 = {
						CreatedOnToolsVersion = 10.2.1;
					};
				};
			};
			buildConfigurationList = EADCCD6E22A7B380008F2EF5 /* Build configuration list for PBXProject "JubSDK" */;
			compatibilityVersion = "Xcode 9.3";
			developmentRegion = en;
			hasScannedForEncodings = 0;
			knownRegions = (
				en,
			);
			mainGroup = EADCCD6A22A7B380008F2EF5;
			productRefGroup = EADCCD7422A7B380008F2EF5 /* Products */;
			projectDirPath = "";
			projectRoot = "";
			targets = (
				EADCCD7222A7B380008F2EF5 /* JubSDK */,
			);
		};
/* End PBXProject section */

/* Begin PBXSourcesBuildPhase section */
		EADCCD6F22A7B380008F2EF5 /* Sources */ = {
			isa = PBXSourcesBuildPhase;
			buildActionMask = 2147483647;
			files = (
				67C4B5AC22CEFB6A00F85860 /* BigInteger.cc in Sources */,
				EADCCE1C22A7D6BA008F2EF5 /* JubiterBLDImpl.cpp in Sources */,
				EADCCE2322A7D6BA008F2EF5 /* ERC20Abi.cpp in Sources */,
				EADCCE2622A7D6BA008F2EF5 /* JubiterBLEDevice.cpp in Sources */,
				EADCCDD922A7C25D008F2EF5 /* md.c in Sources */,
				EADCCDD022A7C25D008F2EF5 /* md4.c in Sources */,
				6723139E22D3083F005BEFCC /* base58.cpp in Sources */,
				EADCCE1E22A7D6BA008F2EF5 /* Context.cpp in Sources */,
				EADCCDD422A7C25D008F2EF5 /* md2.c in Sources */,
				EADCCDD322A7C25D008F2EF5 /* ripemd160.c in Sources */,
				EADCCE2922A7D6BA008F2EF5 /* util.cpp in Sources */,
				67C4B5AE22CEFB6A00F85860 /* BigIntegerAlgorithms.cc in Sources */,
				672C960E22DF45300073AB0D /* JUB_SDK_DEV.cpp in Sources */,
				EADCCE2722A7D6BA008F2EF5 /* ApduBuilder.cpp in Sources */,
				EADCCDD522A7C25D008F2EF5 /* md_wrap.c in Sources */,
				EADCCDB822A7C21C008F2EF5 /* bleTransmit.cpp in Sources */,
				67C4B5AF22CEFB6A00F85860 /* BigIntegerUtils.cc in Sources */,
				EADCCE2022A7D6BA008F2EF5 /* ContextETH.cpp in Sources */,
				67C4B5AD22CEFB6A00F85860 /* BigUnsigned.cc in Sources */,
				EADCCDD622A7C25D008F2EF5 /* sha256.c in Sources */,
				EADCCDD722A7C25D008F2EF5 /* md5.c in Sources */,
				67C4B5B022CEFB6A00F85860 /* BigUnsignedInABase.cc in Sources */,
				EADCCE1B22A7D6BA008F2EF5 /* JubiterBLDImplETH.cpp in Sources */,
				6723139F22D3083F005BEFCC /* bech32.cpp in Sources */,
				672C961222DF46A70073AB0D /* JUB_SDK_DEV_BLE.cpp in Sources */,
				EADCCE1D22A7D6BA008F2EF5 /* JubiterBLDImplBTC.cpp in Sources */,
				EADCCDD222A7C25D008F2EF5 /* platform.c in Sources */,
				EADCCE2822A7D6BA008F2EF5 /* Fido.cpp in Sources */,
				672C95FB22DF40BA0073AB0D /* JUB_SDK_BTC.cpp in Sources */,
				EADCCE2522A7D6BA008F2EF5 /* JubiterHidDevice.cpp in Sources */,
				EADCCE1F22A7D6BA008F2EF5 /* ContextBTC.cpp in Sources */,
				672313A322D30A12005BEFCC /* cashaddr.cc in Sources */,
				672C960422DF430A0073AB0D /* JUB_SDK_ETH.cpp in Sources */,
				EADCCDD122A7C25D008F2EF5 /* sha1.c in Sources */,
				672C960B22DF44800073AB0D /* JUB_SDK_DEV_HID.cpp in Sources */,
				67B9563622DC707600E90AF9 /* Data.cpp in Sources */,
				EADCCDD822A7C25D008F2EF5 /* sha512.c in Sources */,
				EADCCE2422A7D6BA008F2EF5 /* JUB_SDK.cpp in Sources */,
			);
			runOnlyForDeploymentPostprocessing = 0;
		};
/* End PBXSourcesBuildPhase section */

/* Begin XCBuildConfiguration section */
		EADCCD7A22A7B380008F2EF5 /* Debug */ = {
			isa = XCBuildConfiguration;
			buildSettings = {
				ALWAYS_SEARCH_USER_PATHS = NO;
				CLANG_ANALYZER_NONNULL = YES;
				CLANG_ANALYZER_NUMBER_OBJECT_CONVERSION = YES_AGGRESSIVE;
				CLANG_CXX_LANGUAGE_STANDARD = "gnu++0x";
				CLANG_CXX_LIBRARY = "libc++";
				CLANG_ENABLE_MODULES = YES;
				CLANG_ENABLE_OBJC_ARC = YES;
				CLANG_ENABLE_OBJC_WEAK = YES;
				CLANG_WARN_BLOCK_CAPTURE_AUTORELEASING = YES;
				CLANG_WARN_BOOL_CONVERSION = YES;
				CLANG_WARN_COMMA = YES;
				CLANG_WARN_CONSTANT_CONVERSION = YES;
				CLANG_WARN_DEPRECATED_OBJC_IMPLEMENTATIONS = YES;
				CLANG_WARN_DIRECT_OBJC_ISA_USAGE = YES_ERROR;
				CLANG_WARN_DOCUMENTATION_COMMENTS = YES;
				CLANG_WARN_EMPTY_BODY = YES;
				CLANG_WARN_ENUM_CONVERSION = YES;
				CLANG_WARN_INFINITE_RECURSION = YES;
				CLANG_WARN_INT_CONVERSION = YES;
				CLANG_WARN_NON_LITERAL_NULL_CONVERSION = YES;
				CLANG_WARN_OBJC_IMPLICIT_RETAIN_SELF = YES;
				CLANG_WARN_OBJC_LITERAL_CONVERSION = YES;
				CLANG_WARN_OBJC_ROOT_CLASS = YES_ERROR;
				CLANG_WARN_RANGE_LOOP_ANALYSIS = YES;
				CLANG_WARN_STRICT_PROTOTYPES = YES;
				CLANG_WARN_SUSPICIOUS_MOVE = YES;
				CLANG_WARN_UNGUARDED_AVAILABILITY = YES_AGGRESSIVE;
				CLANG_WARN_UNREACHABLE_CODE = YES;
				CLANG_WARN__DUPLICATE_METHOD_MATCH = YES;
				CODE_SIGN_IDENTITY = "iPhone Developer";
				COPY_PHASE_STRIP = NO;
				DEBUG_INFORMATION_FORMAT = dwarf;
				ENABLE_STRICT_OBJC_MSGSEND = YES;
				ENABLE_TESTABILITY = YES;
				GCC_C_LANGUAGE_STANDARD = gnu11;
				GCC_DYNAMIC_NO_PIC = NO;
				GCC_NO_COMMON_BLOCKS = YES;
				GCC_OPTIMIZATION_LEVEL = 0;
				GCC_PREPROCESSOR_DEFINITIONS = TARGET_OS_IPHONE;
				GCC_WARN_64_TO_32_BIT_CONVERSION = YES;
				GCC_WARN_ABOUT_RETURN_TYPE = YES_ERROR;
				GCC_WARN_UNDECLARED_SELECTOR = YES;
				GCC_WARN_UNINITIALIZED_AUTOS = YES_AGGRESSIVE;
				GCC_WARN_UNUSED_FUNCTION = YES;
				GCC_WARN_UNUSED_VARIABLE = YES;
				IPHONEOS_DEPLOYMENT_TARGET = 11.0;
				MTL_ENABLE_DEBUG_INFO = INCLUDE_SOURCE;
				MTL_FAST_MATH = YES;
				ONLY_ACTIVE_ARCH = YES;
				SDKROOT = iphoneos;
			};
			name = Debug;
		};
		EADCCD7B22A7B380008F2EF5 /* Release */ = {
			isa = XCBuildConfiguration;
			buildSettings = {
				ALWAYS_SEARCH_USER_PATHS = NO;
				CLANG_ANALYZER_NONNULL = YES;
				CLANG_ANALYZER_NUMBER_OBJECT_CONVERSION = YES_AGGRESSIVE;
				CLANG_CXX_LANGUAGE_STANDARD = "gnu++0x";
				CLANG_CXX_LIBRARY = "libc++";
				CLANG_ENABLE_MODULES = YES;
				CLANG_ENABLE_OBJC_ARC = YES;
				CLANG_ENABLE_OBJC_WEAK = YES;
				CLANG_WARN_BLOCK_CAPTURE_AUTORELEASING = YES;
				CLANG_WARN_BOOL_CONVERSION = YES;
				CLANG_WARN_COMMA = YES;
				CLANG_WARN_CONSTANT_CONVERSION = YES;
				CLANG_WARN_DEPRECATED_OBJC_IMPLEMENTATIONS = YES;
				CLANG_WARN_DIRECT_OBJC_ISA_USAGE = YES_ERROR;
				CLANG_WARN_DOCUMENTATION_COMMENTS = YES;
				CLANG_WARN_EMPTY_BODY = YES;
				CLANG_WARN_ENUM_CONVERSION = YES;
				CLANG_WARN_INFINITE_RECURSION = YES;
				CLANG_WARN_INT_CONVERSION = YES;
				CLANG_WARN_NON_LITERAL_NULL_CONVERSION = YES;
				CLANG_WARN_OBJC_IMPLICIT_RETAIN_SELF = YES;
				CLANG_WARN_OBJC_LITERAL_CONVERSION = YES;
				CLANG_WARN_OBJC_ROOT_CLASS = YES_ERROR;
				CLANG_WARN_RANGE_LOOP_ANALYSIS = YES;
				CLANG_WARN_STRICT_PROTOTYPES = YES;
				CLANG_WARN_SUSPICIOUS_MOVE = YES;
				CLANG_WARN_UNGUARDED_AVAILABILITY = YES_AGGRESSIVE;
				CLANG_WARN_UNREACHABLE_CODE = YES;
				CLANG_WARN__DUPLICATE_METHOD_MATCH = YES;
				CODE_SIGN_IDENTITY = "iPhone Developer";
				COPY_PHASE_STRIP = NO;
				DEBUG_INFORMATION_FORMAT = "dwarf-with-dsym";
				ENABLE_NS_ASSERTIONS = NO;
				ENABLE_STRICT_OBJC_MSGSEND = YES;
				GCC_C_LANGUAGE_STANDARD = gnu11;
				GCC_NO_COMMON_BLOCKS = YES;
				GCC_PREPROCESSOR_DEFINITIONS = TARGET_OS_IPHONE;
				GCC_WARN_64_TO_32_BIT_CONVERSION = YES;
				GCC_WARN_ABOUT_RETURN_TYPE = YES_ERROR;
				GCC_WARN_UNDECLARED_SELECTOR = YES;
				GCC_WARN_UNINITIALIZED_AUTOS = YES_AGGRESSIVE;
				GCC_WARN_UNUSED_FUNCTION = YES;
				GCC_WARN_UNUSED_VARIABLE = YES;
				IPHONEOS_DEPLOYMENT_TARGET = 11.0;
				MTL_ENABLE_DEBUG_INFO = NO;
				MTL_FAST_MATH = YES;
				SDKROOT = iphoneos;
				VALIDATE_PRODUCT = YES;
			};
			name = Release;
		};
		EADCCD7D22A7B380008F2EF5 /* Debug */ = {
			isa = XCBuildConfiguration;
			buildSettings = {
				CLANG_CXX_LANGUAGE_STANDARD = "gnu++0x";
				CODE_SIGN_STYLE = Automatic;
				DEVELOPMENT_TEAM = MD27BY8JFU;
				GCC_PREPROCESSOR_DEFINITIONS = TARGET_OS_IPHONE;
				HEADER_SEARCH_PATHS = (
					../../include,
					../../deps/bitcoin,
					../../deps/bleTransmit,
					../../deps/bleTransmit/ios,
					../../deps/libbitcoin,
					../../deps/,
				);
				LIBRARY_SEARCH_PATHS = "";
				OTHER_LDFLAGS = "-ObjC";
				PRODUCT_NAME = "$(TARGET_NAME)";
				SDKROOT = iphoneos;
				SKIP_INSTALL = YES;
				TARGETED_DEVICE_FAMILY = "1,2";
			};
			name = Debug;
		};
		EADCCD7E22A7B380008F2EF5 /* Release */ = {
			isa = XCBuildConfiguration;
			buildSettings = {
				CLANG_CXX_LANGUAGE_STANDARD = "gnu++0x";
				CODE_SIGN_STYLE = Automatic;
				DEVELOPMENT_TEAM = MD27BY8JFU;
				GCC_PREPROCESSOR_DEFINITIONS = TARGET_OS_IPHONE;
				HEADER_SEARCH_PATHS = (
					../../include,
					../../deps/bitcoin,
					../../deps/bleTransmit,
					../../deps/bleTransmit/ios,
					../../deps/libbitcoin,
					../../deps/,
				);
				LIBRARY_SEARCH_PATHS = "";
				OTHER_LDFLAGS = "-ObjC";
				PRODUCT_NAME = "$(TARGET_NAME)";
				SDKROOT = iphoneos;
				SKIP_INSTALL = YES;
				TARGETED_DEVICE_FAMILY = "1,2";
			};
			name = Release;
		};
/* End XCBuildConfiguration section */

/* Begin XCConfigurationList section */
		EADCCD6E22A7B380008F2EF5 /* Build configuration list for PBXProject "JubSDK" */ = {
			isa = XCConfigurationList;
			buildConfigurations = (
				EADCCD7A22A7B380008F2EF5 /* Debug */,
				EADCCD7B22A7B380008F2EF5 /* Release */,
			);
			defaultConfigurationIsVisible = 0;
			defaultConfigurationName = Release;
		};
		EADCCD7C22A7B380008F2EF5 /* Build configuration list for PBXNativeTarget "JubSDK" */ = {
			isa = XCConfigurationList;
			buildConfigurations = (
				EADCCD7D22A7B380008F2EF5 /* Debug */,
				EADCCD7E22A7B380008F2EF5 /* Release */,
			);
			defaultConfigurationIsVisible = 0;
			defaultConfigurationName = Release;
		};
/* End XCConfigurationList section */
	};
	rootObject = EADCCD6B22A7B380008F2EF5 /* Project object */;
}
